// !$*UTF8*$!
{
	archiveVersion = 1;
	classes = {
	};
	objectVersion = 46;
	objects = {

/* Begin PBXBuildFile section */
		57BE627E684A45D69E5ECD76 /* libPods.a in Frameworks */ = {isa = PBXBuildFile; fileRef = 0B7DD70D1EB048628041DBA1 /* libPods.a */; };
		A811A23A19D407EC0079B7F8 /* MyViewController.swift in Sources */ = {isa = PBXBuildFile; fileRef = A811A23819D407EC0079B7F8 /* MyViewController.swift */; };
		A811A23E19D408000079B7F8 /* MapViewController.swift in Sources */ = {isa = PBXBuildFile; fileRef = A811A23C19D408000079B7F8 /* MapViewController.swift */; };
		A814C8D719CFECB600735E7B /* SigninViewController.swift in Sources */ = {isa = PBXBuildFile; fileRef = A814C8D619CFECB600735E7B /* SigninViewController.swift */; };
		A814C8E219CFF47A00735E7B /* avatarImageView.h in Headers */ = {isa = PBXBuildFile; fileRef = A814C8E119CFF47A00735E7B /* avatarImageView.h */; settings = {ATTRIBUTES = (Public, ); }; };
		A814C8F119CFF47A00735E7B /* avatarImageView.framework in Frameworks */ = {isa = PBXBuildFile; fileRef = A814C8DD19CFF47A00735E7B /* avatarImageView.framework */; };
		A814C8F219CFF47A00735E7B /* avatarImageView.framework in Embed Frameworks */ = {isa = PBXBuildFile; fileRef = A814C8DD19CFF47A00735E7B /* avatarImageView.framework */; settings = {ATTRIBUTES = (CodeSignOnCopy, RemoveHeadersOnCopy, ); }; };
		A814C90119CFFC5400735E7B /* avatarImageView.swift in Sources */ = {isa = PBXBuildFile; fileRef = A814C90019CFFC5400735E7B /* avatarImageView.swift */; };
		A88DB5AA19F6A7E200FF7807 /* QuartzCore.framework in Frameworks */ = {isa = PBXBuildFile; fileRef = A88DB5A919F6A7E200FF7807 /* QuartzCore.framework */; };
		A88DB5AC19F6A7EC00FF7807 /* CoreLocation.framework in Frameworks */ = {isa = PBXBuildFile; fileRef = A88DB5AB19F6A7EC00FF7807 /* CoreLocation.framework */; };
		A88DB5AE19F6A7F600FF7807 /* SystemConfiguration.framework in Frameworks */ = {isa = PBXBuildFile; fileRef = A88DB5AD19F6A7F600FF7807 /* SystemConfiguration.framework */; };
		A88DB5B019F6A7FF00FF7807 /* CoreTelephony.framework in Frameworks */ = {isa = PBXBuildFile; fileRef = A88DB5AF19F6A7FF00FF7807 /* CoreTelephony.framework */; };
		A88DB5B219F6A80B00FF7807 /* libz.dylib in Frameworks */ = {isa = PBXBuildFile; fileRef = A88DB5B119F6A80B00FF7807 /* libz.dylib */; };
		A88DB5B419F6A81400FF7807 /* OpenGLES.framework in Frameworks */ = {isa = PBXBuildFile; fileRef = A88DB5B319F6A81400FF7807 /* OpenGLES.framework */; };
		A88DB5B619F6A81E00FF7807 /* libstdc++.6.0.9.dylib in Frameworks */ = {isa = PBXBuildFile; fileRef = A88DB5B519F6A81E00FF7807 /* libstdc++.6.0.9.dylib */; };
		A88DB5B819F6A82800FF7807 /* Security.framework in Frameworks */ = {isa = PBXBuildFile; fileRef = A88DB5B719F6A82800FF7807 /* Security.framework */; };
		A88DB5C019F6A91800FF7807 /* AMap.bundle in Resources */ = {isa = PBXBuildFile; fileRef = A88DB5BF19F6A91800FF7807 /* AMap.bundle */; };
		A8968FF919F7D4300000F49A /* MAMapKit.framework in Frameworks */ = {isa = PBXBuildFile; fileRef = A8968FF619F7D3E90000F49A /* MAMapKit.framework */; };
		A8B8A12119FF0D310000FB6F /* EventTableViewCell.swift in Sources */ = {isa = PBXBuildFile; fileRef = A8B8A12019FF0D310000FB6F /* EventTableViewCell.swift */; };
		A8B8A1251A07C7520000FB6F /* ContactTableViewCell.swift in Sources */ = {isa = PBXBuildFile; fileRef = A8B8A1241A07C7520000FB6F /* ContactTableViewCell.swift */; };
		A8B8A1271A07C7890000FB6F /* ContactViewController.swift in Sources */ = {isa = PBXBuildFile; fileRef = A8B8A1261A07C7890000FB6F /* ContactViewController.swift */; };
		A8B8A1781A1073EB0000FB6F /* FacebookConnection.framework in Frameworks */ = {isa = PBXBuildFile; fileRef = A8B8A15B1A1073EB0000FB6F /* FacebookConnection.framework */; };
		A8B8A1791A1073EC0000FB6F /* QQConnection.framework in Frameworks */ = {isa = PBXBuildFile; fileRef = A8B8A15C1A1073EB0000FB6F /* QQConnection.framework */; };
		A8B8A17A1A1073EC0000FB6F /* SinaWeiboConnection.framework in Frameworks */ = {isa = PBXBuildFile; fileRef = A8B8A15D1A1073EB0000FB6F /* SinaWeiboConnection.framework */; };
		A8B8A17B1A1073EC0000FB6F /* TwitterConnection.framework in Frameworks */ = {isa = PBXBuildFile; fileRef = A8B8A15E1A1073EB0000FB6F /* TwitterConnection.framework */; };
		A8B8A17C1A1073EC0000FB6F /* WeChatConnection.framework in Frameworks */ = {isa = PBXBuildFile; fileRef = A8B8A15F1A1073EB0000FB6F /* WeChatConnection.framework */; };
		A8B8A17D1A1073EC0000FB6F /* AGCommon.framework in Frameworks */ = {isa = PBXBuildFile; fileRef = A8B8A1611A1073EB0000FB6F /* AGCommon.framework */; };
		A8B8A17E1A1073EC0000FB6F /* ShareSDKLocalizable.strings in Resources */ = {isa = PBXBuildFile; fileRef = A8B8A1621A1073EB0000FB6F /* ShareSDKLocalizable.strings */; };
		A8B8A17F1A1073EC0000FB6F /* Resource.bundle in Resources */ = {isa = PBXBuildFile; fileRef = A8B8A1641A1073EB0000FB6F /* Resource.bundle */; };
		A8B8A1801A1073EC0000FB6F /* ShareSDKCoreService.framework in Frameworks */ = {isa = PBXBuildFile; fileRef = A8B8A1651A1073EB0000FB6F /* ShareSDKCoreService.framework */; };
		A8B8A1811A1073EC0000FB6F /* TencentOpenAPI.framework in Frameworks */ = {isa = PBXBuildFile; fileRef = A8B8A1691A1073EB0000FB6F /* TencentOpenAPI.framework */; };
		A8B8A1821A1073EC0000FB6F /* TencentOpenApi_IOS_Bundle.bundle in Resources */ = {isa = PBXBuildFile; fileRef = A8B8A16A1A1073EB0000FB6F /* TencentOpenApi_IOS_Bundle.bundle */; };
		A8B8A1831A1073EC0000FB6F /* libSinaWeiboSDK.a in Frameworks */ = {isa = PBXBuildFile; fileRef = A8B8A16C1A1073EB0000FB6F /* libSinaWeiboSDK.a */; };
		A8B8A1841A1073EC0000FB6F /* WeiboSDK.bundle in Resources */ = {isa = PBXBuildFile; fileRef = A8B8A16D1A1073EB0000FB6F /* WeiboSDK.bundle */; };
		A8B8A1851A1073EC0000FB6F /* libWeChatSDK.a in Frameworks */ = {isa = PBXBuildFile; fileRef = A8B8A1701A1073EB0000FB6F /* libWeChatSDK.a */; };
		A8B8A1861A1073EC0000FB6F /* ShareSDK.framework in Frameworks */ = {isa = PBXBuildFile; fileRef = A8B8A1731A1073EB0000FB6F /* ShareSDK.framework */; };
		A8B8A1871A1073EC0000FB6F /* ShareSDKFlatShareViewUI.bundle in Resources */ = {isa = PBXBuildFile; fileRef = A8B8A1751A1073EB0000FB6F /* ShareSDKFlatShareViewUI.bundle */; };
		A8B8A1881A1073EC0000FB6F /* ShareSDKFlatShareViewUI.framework in Frameworks */ = {isa = PBXBuildFile; fileRef = A8B8A1761A1073EB0000FB6F /* ShareSDKFlatShareViewUI.framework */; };
		A8B8A1891A1073EC0000FB6F /* ShareSDKShareActionSheet.framework in Frameworks */ = {isa = PBXBuildFile; fileRef = A8B8A1771A1073EB0000FB6F /* ShareSDKShareActionSheet.framework */; };
		A8B8A18B1A10796E0000FB6F /* libicucore.dylib in Frameworks */ = {isa = PBXBuildFile; fileRef = A8B8A18A1A10796E0000FB6F /* libicucore.dylib */; };
		A8B8A18D1A10AD9B0000FB6F /* libsqlite3.dylib in Frameworks */ = {isa = PBXBuildFile; fileRef = A8B8A18C1A10AD9B0000FB6F /* libsqlite3.dylib */; };
		A8B8A1911A1250280000FB6F /* User.swift in Sources */ = {isa = PBXBuildFile; fileRef = A8B8A1901A1250280000FB6F /* User.swift */; };
		A8B8A1941A14F9F90000FB6F /* SwiftyJSON.swift in Sources */ = {isa = PBXBuildFile; fileRef = A8B8A1931A14F9F90000FB6F /* SwiftyJSON.swift */; };
		A8BA437C19FD446A004A8300 /* EventViewController.swift in Sources */ = {isa = PBXBuildFile; fileRef = A8BA437B19FD446A004A8300 /* EventViewController.swift */; };
		A8D58A5619C1EB0F00EEFC98 /* AppDelegate.swift in Sources */ = {isa = PBXBuildFile; fileRef = A8D58A5519C1EB0F00EEFC98 /* AppDelegate.swift */; };
		A8D58A5919C1EB0F00EEFC98 /* WhereRU.xcdatamodeld in Sources */ = {isa = PBXBuildFile; fileRef = A8D58A5719C1EB0F00EEFC98 /* WhereRU.xcdatamodeld */; };
		A8D58A5B19C1EB0F00EEFC98 /* LoginViewController.swift in Sources */ = {isa = PBXBuildFile; fileRef = A8D58A5A19C1EB0F00EEFC98 /* LoginViewController.swift */; };
		A8D58A5E19C1EB0F00EEFC98 /* Main.storyboard in Resources */ = {isa = PBXBuildFile; fileRef = A8D58A5C19C1EB0F00EEFC98 /* Main.storyboard */; };
		A8D58A6019C1EB0F00EEFC98 /* Images.xcassets in Resources */ = {isa = PBXBuildFile; fileRef = A8D58A5F19C1EB0F00EEFC98 /* Images.xcassets */; };
		A8D58A6319C1EB0F00EEFC98 /* LaunchScreen.xib in Resources */ = {isa = PBXBuildFile; fileRef = A8D58A6119C1EB0F00EEFC98 /* LaunchScreen.xib */; };
		A8D58A6F19C1EB0F00EEFC98 /* WhereRUTests.swift in Sources */ = {isa = PBXBuildFile; fileRef = A8D58A6E19C1EB0F00EEFC98 /* WhereRUTests.swift */; };
		A8E7A4EE1A1ECBA700C4DCA9 /* AddContactViewController.swift in Sources */ = {isa = PBXBuildFile; fileRef = A8E7A4ED1A1ECBA700C4DCA9 /* AddContactViewController.swift */; };
/* End PBXBuildFile section */

/* Begin PBXContainerItemProxy section */
		A814C8E819CFF47A00735E7B /* PBXContainerItemProxy */ = {
			isa = PBXContainerItemProxy;
			containerPortal = A8D58A4819C1EB0F00EEFC98 /* Project object */;
			proxyType = 1;
			remoteGlobalIDString = A8D58A4F19C1EB0F00EEFC98;
			remoteInfo = WhereRU;
		};
		A814C8EF19CFF47A00735E7B /* PBXContainerItemProxy */ = {
			isa = PBXContainerItemProxy;
			containerPortal = A8D58A4819C1EB0F00EEFC98 /* Project object */;
			proxyType = 1;
			remoteGlobalIDString = A814C8DC19CFF47A00735E7B;
			remoteInfo = avatarImageView;
		};
		A814C8F319CFF47A00735E7B /* PBXContainerItemProxy */ = {
			isa = PBXContainerItemProxy;
			containerPortal = A8D58A4819C1EB0F00EEFC98 /* Project object */;
			proxyType = 1;
			remoteGlobalIDString = A814C8DC19CFF47A00735E7B;
			remoteInfo = avatarImageView;
		};
		A8D58A6919C1EB0F00EEFC98 /* PBXContainerItemProxy */ = {
			isa = PBXContainerItemProxy;
			containerPortal = A8D58A4819C1EB0F00EEFC98 /* Project object */;
			proxyType = 1;
			remoteGlobalIDString = A8D58A4F19C1EB0F00EEFC98;
			remoteInfo = WhereRU;
		};
/* End PBXContainerItemProxy section */

/* Begin PBXCopyFilesBuildPhase section */
		A814C8F819CFF47A00735E7B /* Embed Frameworks */ = {
			isa = PBXCopyFilesBuildPhase;
			buildActionMask = 2147483647;
			dstPath = "";
			dstSubfolderSpec = 10;
			files = (
				A814C8F219CFF47A00735E7B /* avatarImageView.framework in Embed Frameworks */,
			);
			name = "Embed Frameworks";
			runOnlyForDeploymentPostprocessing = 0;
		};
/* End PBXCopyFilesBuildPhase section */

/* Begin PBXFileReference section */
		0B7DD70D1EB048628041DBA1 /* libPods.a */ = {isa = PBXFileReference; explicitFileType = archive.ar; includeInIndex = 0; path = libPods.a; sourceTree = BUILT_PRODUCTS_DIR; };
		A33BB9B7AA719B13BE841C77 /* Pods.debug.xcconfig */ = {isa = PBXFileReference; includeInIndex = 1; lastKnownFileType = text.xcconfig; name = Pods.debug.xcconfig; path = "Pods/Target Support Files/Pods/Pods.debug.xcconfig"; sourceTree = "<group>"; };
		A811A23819D407EC0079B7F8 /* MyViewController.swift */ = {isa = PBXFileReference; fileEncoding = 4; lastKnownFileType = sourcecode.swift; path = MyViewController.swift; sourceTree = "<group>"; };
		A811A23C19D408000079B7F8 /* MapViewController.swift */ = {isa = PBXFileReference; fileEncoding = 4; lastKnownFileType = sourcecode.swift; path = MapViewController.swift; sourceTree = "<group>"; };
		A811A24019D40E4A0079B7F8 /* WhereRU-Bridging-Header.h */ = {isa = PBXFileReference; lastKnownFileType = sourcecode.c.h; path = "WhereRU-Bridging-Header.h"; sourceTree = "<group>"; };
		A814C8D619CFECB600735E7B /* SigninViewController.swift */ = {isa = PBXFileReference; fileEncoding = 4; lastKnownFileType = sourcecode.swift; path = SigninViewController.swift; sourceTree = "<group>"; };
		A814C8DD19CFF47A00735E7B /* avatarImageView.framework */ = {isa = PBXFileReference; explicitFileType = wrapper.framework; includeInIndex = 0; path = avatarImageView.framework; sourceTree = BUILT_PRODUCTS_DIR; };
		A814C8E019CFF47A00735E7B /* Info.plist */ = {isa = PBXFileReference; lastKnownFileType = text.plist.xml; path = Info.plist; sourceTree = "<group>"; };
		A814C8E119CFF47A00735E7B /* avatarImageView.h */ = {isa = PBXFileReference; lastKnownFileType = sourcecode.c.h; path = avatarImageView.h; sourceTree = "<group>"; };
		A814C8E719CFF47A00735E7B /* avatarImageViewTests.xctest */ = {isa = PBXFileReference; explicitFileType = wrapper.cfbundle; includeInIndex = 0; path = avatarImageViewTests.xctest; sourceTree = BUILT_PRODUCTS_DIR; };
		A814C90019CFFC5400735E7B /* avatarImageView.swift */ = {isa = PBXFileReference; fileEncoding = 4; lastKnownFileType = sourcecode.swift; path = avatarImageView.swift; sourceTree = "<group>"; };
		A88DB5A919F6A7E200FF7807 /* QuartzCore.framework */ = {isa = PBXFileReference; lastKnownFileType = wrapper.framework; name = QuartzCore.framework; path = System/Library/Frameworks/QuartzCore.framework; sourceTree = SDKROOT; };
		A88DB5AB19F6A7EC00FF7807 /* CoreLocation.framework */ = {isa = PBXFileReference; lastKnownFileType = wrapper.framework; name = CoreLocation.framework; path = System/Library/Frameworks/CoreLocation.framework; sourceTree = SDKROOT; };
		A88DB5AD19F6A7F600FF7807 /* SystemConfiguration.framework */ = {isa = PBXFileReference; lastKnownFileType = wrapper.framework; name = SystemConfiguration.framework; path = System/Library/Frameworks/SystemConfiguration.framework; sourceTree = SDKROOT; };
		A88DB5AF19F6A7FF00FF7807 /* CoreTelephony.framework */ = {isa = PBXFileReference; lastKnownFileType = wrapper.framework; name = CoreTelephony.framework; path = System/Library/Frameworks/CoreTelephony.framework; sourceTree = SDKROOT; };
		A88DB5B119F6A80B00FF7807 /* libz.dylib */ = {isa = PBXFileReference; lastKnownFileType = "compiled.mach-o.dylib"; name = libz.dylib; path = usr/lib/libz.dylib; sourceTree = SDKROOT; };
		A88DB5B319F6A81400FF7807 /* OpenGLES.framework */ = {isa = PBXFileReference; lastKnownFileType = wrapper.framework; name = OpenGLES.framework; path = System/Library/Frameworks/OpenGLES.framework; sourceTree = SDKROOT; };
		A88DB5B519F6A81E00FF7807 /* libstdc++.6.0.9.dylib */ = {isa = PBXFileReference; lastKnownFileType = "compiled.mach-o.dylib"; name = "libstdc++.6.0.9.dylib"; path = "usr/lib/libstdc++.6.0.9.dylib"; sourceTree = SDKROOT; };
		A88DB5B719F6A82800FF7807 /* Security.framework */ = {isa = PBXFileReference; lastKnownFileType = wrapper.framework; name = Security.framework; path = System/Library/Frameworks/Security.framework; sourceTree = SDKROOT; };
		A88DB5BF19F6A91800FF7807 /* AMap.bundle */ = {isa = PBXFileReference; lastKnownFileType = "wrapper.plug-in"; path = AMap.bundle; sourceTree = "<group>"; };
		A8968FF619F7D3E90000F49A /* MAMapKit.framework */ = {isa = PBXFileReference; lastKnownFileType = wrapper.framework; path = MAMapKit.framework; sourceTree = "<group>"; };
		A8B8A12019FF0D310000FB6F /* EventTableViewCell.swift */ = {isa = PBXFileReference; fileEncoding = 4; lastKnownFileType = sourcecode.swift; path = EventTableViewCell.swift; sourceTree = "<group>"; };
		A8B8A1241A07C7520000FB6F /* ContactTableViewCell.swift */ = {isa = PBXFileReference; fileEncoding = 4; lastKnownFileType = sourcecode.swift; path = ContactTableViewCell.swift; sourceTree = "<group>"; };
		A8B8A1261A07C7890000FB6F /* ContactViewController.swift */ = {isa = PBXFileReference; fileEncoding = 4; lastKnownFileType = sourcecode.swift; path = ContactViewController.swift; sourceTree = "<group>"; };
		A8B8A15B1A1073EB0000FB6F /* FacebookConnection.framework */ = {isa = PBXFileReference; lastKnownFileType = wrapper.framework; path = FacebookConnection.framework; sourceTree = "<group>"; };
		A8B8A15C1A1073EB0000FB6F /* QQConnection.framework */ = {isa = PBXFileReference; lastKnownFileType = wrapper.framework; path = QQConnection.framework; sourceTree = "<group>"; };
		A8B8A15D1A1073EB0000FB6F /* SinaWeiboConnection.framework */ = {isa = PBXFileReference; lastKnownFileType = wrapper.framework; path = SinaWeiboConnection.framework; sourceTree = "<group>"; };
		A8B8A15E1A1073EB0000FB6F /* TwitterConnection.framework */ = {isa = PBXFileReference; lastKnownFileType = wrapper.framework; path = TwitterConnection.framework; sourceTree = "<group>"; };
		A8B8A15F1A1073EB0000FB6F /* WeChatConnection.framework */ = {isa = PBXFileReference; lastKnownFileType = wrapper.framework; path = WeChatConnection.framework; sourceTree = "<group>"; };
		A8B8A1611A1073EB0000FB6F /* AGCommon.framework */ = {isa = PBXFileReference; lastKnownFileType = wrapper.framework; path = AGCommon.framework; sourceTree = "<group>"; };
		A8B8A1631A1073EB0000FB6F /* en */ = {isa = PBXFileReference; lastKnownFileType = text.plist.strings; name = en; path = en.lproj/ShareSDKLocalizable.strings; sourceTree = "<group>"; };
		A8B8A1641A1073EB0000FB6F /* Resource.bundle */ = {isa = PBXFileReference; lastKnownFileType = "wrapper.plug-in"; path = Resource.bundle; sourceTree = "<group>"; };
		A8B8A1651A1073EB0000FB6F /* ShareSDKCoreService.framework */ = {isa = PBXFileReference; lastKnownFileType = wrapper.framework; path = ShareSDKCoreService.framework; sourceTree = "<group>"; };
		A8B8A1661A1073EB0000FB6F /* zh-Hans */ = {isa = PBXFileReference; lastKnownFileType = text.plist.strings; name = "zh-Hans"; path = "zh-Hans.lproj/ShareSDKLocalizable.strings"; sourceTree = "<group>"; };
		A8B8A1691A1073EB0000FB6F /* TencentOpenAPI.framework */ = {isa = PBXFileReference; lastKnownFileType = wrapper.framework; path = TencentOpenAPI.framework; sourceTree = "<group>"; };
		A8B8A16A1A1073EB0000FB6F /* TencentOpenApi_IOS_Bundle.bundle */ = {isa = PBXFileReference; lastKnownFileType = "wrapper.plug-in"; path = TencentOpenApi_IOS_Bundle.bundle; sourceTree = "<group>"; };
		A8B8A16C1A1073EB0000FB6F /* libSinaWeiboSDK.a */ = {isa = PBXFileReference; lastKnownFileType = archive.ar; path = libSinaWeiboSDK.a; sourceTree = "<group>"; };
		A8B8A16D1A1073EB0000FB6F /* WeiboSDK.bundle */ = {isa = PBXFileReference; lastKnownFileType = "wrapper.plug-in"; path = WeiboSDK.bundle; sourceTree = "<group>"; };
		A8B8A16E1A1073EB0000FB6F /* WeiboSDK.h */ = {isa = PBXFileReference; fileEncoding = 4; lastKnownFileType = sourcecode.c.h; path = WeiboSDK.h; sourceTree = "<group>"; };
		A8B8A1701A1073EB0000FB6F /* libWeChatSDK.a */ = {isa = PBXFileReference; lastKnownFileType = archive.ar; path = libWeChatSDK.a; sourceTree = "<group>"; };
		A8B8A1711A1073EB0000FB6F /* WXApi.h */ = {isa = PBXFileReference; fileEncoding = 4; lastKnownFileType = sourcecode.c.h; path = WXApi.h; sourceTree = "<group>"; };
		A8B8A1721A1073EB0000FB6F /* WXApiObject.h */ = {isa = PBXFileReference; fileEncoding = 4; lastKnownFileType = sourcecode.c.h; path = WXApiObject.h; sourceTree = "<group>"; };
		A8B8A1731A1073EB0000FB6F /* ShareSDK.framework */ = {isa = PBXFileReference; lastKnownFileType = wrapper.framework; path = ShareSDK.framework; sourceTree = "<group>"; };
		A8B8A1751A1073EB0000FB6F /* ShareSDKFlatShareViewUI.bundle */ = {isa = PBXFileReference; lastKnownFileType = "wrapper.plug-in"; path = ShareSDKFlatShareViewUI.bundle; sourceTree = "<group>"; };
		A8B8A1761A1073EB0000FB6F /* ShareSDKFlatShareViewUI.framework */ = {isa = PBXFileReference; lastKnownFileType = wrapper.framework; path = ShareSDKFlatShareViewUI.framework; sourceTree = "<group>"; };
		A8B8A1771A1073EB0000FB6F /* ShareSDKShareActionSheet.framework */ = {isa = PBXFileReference; lastKnownFileType = wrapper.framework; path = ShareSDKShareActionSheet.framework; sourceTree = "<group>"; };
		A8B8A18A1A10796E0000FB6F /* libicucore.dylib */ = {isa = PBXFileReference; lastKnownFileType = "compiled.mach-o.dylib"; name = libicucore.dylib; path = usr/lib/libicucore.dylib; sourceTree = SDKROOT; };
		A8B8A18C1A10AD9B0000FB6F /* libsqlite3.dylib */ = {isa = PBXFileReference; lastKnownFileType = "compiled.mach-o.dylib"; name = libsqlite3.dylib; path = usr/lib/libsqlite3.dylib; sourceTree = SDKROOT; };
		A8B8A1901A1250280000FB6F /* User.swift */ = {isa = PBXFileReference; fileEncoding = 4; lastKnownFileType = sourcecode.swift; path = User.swift; sourceTree = "<group>"; };
		A8B8A1931A14F9F90000FB6F /* SwiftyJSON.swift */ = {isa = PBXFileReference; fileEncoding = 4; lastKnownFileType = sourcecode.swift; path = SwiftyJSON.swift; sourceTree = "<group>"; };
		A8BA437B19FD446A004A8300 /* EventViewController.swift */ = {isa = PBXFileReference; fileEncoding = 4; lastKnownFileType = sourcecode.swift; path = EventViewController.swift; sourceTree = "<group>"; };
		A8D58A5019C1EB0F00EEFC98 /* WhereRU.app */ = {isa = PBXFileReference; explicitFileType = wrapper.application; includeInIndex = 0; path = WhereRU.app; sourceTree = BUILT_PRODUCTS_DIR; };
		A8D58A5419C1EB0F00EEFC98 /* Info.plist */ = {isa = PBXFileReference; lastKnownFileType = text.plist.xml; path = Info.plist; sourceTree = "<group>"; };
		A8D58A5519C1EB0F00EEFC98 /* AppDelegate.swift */ = {isa = PBXFileReference; lastKnownFileType = sourcecode.swift; path = AppDelegate.swift; sourceTree = "<group>"; };
		A8D58A5819C1EB0F00EEFC98 /* WhereRU.xcdatamodel */ = {isa = PBXFileReference; lastKnownFileType = wrapper.xcdatamodel; path = WhereRU.xcdatamodel; sourceTree = "<group>"; };
		A8D58A5A19C1EB0F00EEFC98 /* LoginViewController.swift */ = {isa = PBXFileReference; lastKnownFileType = sourcecode.swift; path = LoginViewController.swift; sourceTree = "<group>"; };
		A8D58A5D19C1EB0F00EEFC98 /* Base */ = {isa = PBXFileReference; lastKnownFileType = file.storyboard; name = Base; path = Base.lproj/Main.storyboard; sourceTree = "<group>"; };
		A8D58A5F19C1EB0F00EEFC98 /* Images.xcassets */ = {isa = PBXFileReference; lastKnownFileType = folder.assetcatalog; path = Images.xcassets; sourceTree = "<group>"; };
		A8D58A6219C1EB0F00EEFC98 /* Base */ = {isa = PBXFileReference; lastKnownFileType = file.xib; name = Base; path = Base.lproj/LaunchScreen.xib; sourceTree = "<group>"; };
		A8D58A6819C1EB0F00EEFC98 /* WhereRUTests.xctest */ = {isa = PBXFileReference; explicitFileType = wrapper.cfbundle; includeInIndex = 0; path = WhereRUTests.xctest; sourceTree = BUILT_PRODUCTS_DIR; };
		A8D58A6D19C1EB0F00EEFC98 /* Info.plist */ = {isa = PBXFileReference; lastKnownFileType = text.plist.xml; path = Info.plist; sourceTree = "<group>"; };
		A8D58A6E19C1EB0F00EEFC98 /* WhereRUTests.swift */ = {isa = PBXFileReference; lastKnownFileType = sourcecode.swift; path = WhereRUTests.swift; sourceTree = "<group>"; };
		A8E7A4ED1A1ECBA700C4DCA9 /* AddContactViewController.swift */ = {isa = PBXFileReference; fileEncoding = 4; lastKnownFileType = sourcecode.swift; path = AddContactViewController.swift; sourceTree = "<group>"; };
		AD89DB976DA14163BD3289AD /* Pods.release.xcconfig */ = {isa = PBXFileReference; includeInIndex = 1; lastKnownFileType = text.xcconfig; name = Pods.release.xcconfig; path = "Pods/Target Support Files/Pods/Pods.release.xcconfig"; sourceTree = "<group>"; };
/* End PBXFileReference section */

/* Begin PBXFrameworksBuildPhase section */
		A814C8D919CFF47A00735E7B /* Frameworks */ = {
			isa = PBXFrameworksBuildPhase;
			buildActionMask = 2147483647;
			files = (
			);
			runOnlyForDeploymentPostprocessing = 0;
		};
		A814C8E419CFF47A00735E7B /* Frameworks */ = {
			isa = PBXFrameworksBuildPhase;
			buildActionMask = 2147483647;
			files = (
			);
			runOnlyForDeploymentPostprocessing = 0;
		};
		A8D58A4D19C1EB0F00EEFC98 /* Frameworks */ = {
			isa = PBXFrameworksBuildPhase;
			buildActionMask = 2147483647;
			files = (
				A8B8A18D1A10AD9B0000FB6F /* libsqlite3.dylib in Frameworks */,
				A8B8A18B1A10796E0000FB6F /* libicucore.dylib in Frameworks */,
				A8B8A1881A1073EC0000FB6F /* ShareSDKFlatShareViewUI.framework in Frameworks */,
				A8968FF919F7D4300000F49A /* MAMapKit.framework in Frameworks */,
				A88DB5B819F6A82800FF7807 /* Security.framework in Frameworks */,
				A8B8A1831A1073EC0000FB6F /* libSinaWeiboSDK.a in Frameworks */,
				A8B8A17C1A1073EC0000FB6F /* WeChatConnection.framework in Frameworks */,
				A88DB5B619F6A81E00FF7807 /* libstdc++.6.0.9.dylib in Frameworks */,
				A8B8A1861A1073EC0000FB6F /* ShareSDK.framework in Frameworks */,
				A88DB5B419F6A81400FF7807 /* OpenGLES.framework in Frameworks */,
				A88DB5B219F6A80B00FF7807 /* libz.dylib in Frameworks */,
				A8B8A1891A1073EC0000FB6F /* ShareSDKShareActionSheet.framework in Frameworks */,
				A88DB5B019F6A7FF00FF7807 /* CoreTelephony.framework in Frameworks */,
				A8B8A1791A1073EC0000FB6F /* QQConnection.framework in Frameworks */,
				A8B8A1811A1073EC0000FB6F /* TencentOpenAPI.framework in Frameworks */,
				A88DB5AE19F6A7F600FF7807 /* SystemConfiguration.framework in Frameworks */,
				A8B8A17D1A1073EC0000FB6F /* AGCommon.framework in Frameworks */,
				A88DB5AC19F6A7EC00FF7807 /* CoreLocation.framework in Frameworks */,
				A88DB5AA19F6A7E200FF7807 /* QuartzCore.framework in Frameworks */,
				A8B8A1851A1073EC0000FB6F /* libWeChatSDK.a in Frameworks */,
				A814C8F119CFF47A00735E7B /* avatarImageView.framework in Frameworks */,
				A8B8A17B1A1073EC0000FB6F /* TwitterConnection.framework in Frameworks */,
				A8B8A1781A1073EB0000FB6F /* FacebookConnection.framework in Frameworks */,
				A8B8A17A1A1073EC0000FB6F /* SinaWeiboConnection.framework in Frameworks */,
				A8B8A1801A1073EC0000FB6F /* ShareSDKCoreService.framework in Frameworks */,
				57BE627E684A45D69E5ECD76 /* libPods.a in Frameworks */,
			);
			runOnlyForDeploymentPostprocessing = 0;
		};
		A8D58A6519C1EB0F00EEFC98 /* Frameworks */ = {
			isa = PBXFrameworksBuildPhase;
			buildActionMask = 2147483647;
			files = (
			);
			runOnlyForDeploymentPostprocessing = 0;
		};
/* End PBXFrameworksBuildPhase section */

/* Begin PBXGroup section */
		8633DF66E65DC72914821CCD /* Pods */ = {
			isa = PBXGroup;
			children = (
				A33BB9B7AA719B13BE841C77 /* Pods.debug.xcconfig */,
				AD89DB976DA14163BD3289AD /* Pods.release.xcconfig */,
			);
			name = Pods;
			sourceTree = "<group>";
		};
		A814C8DE19CFF47A00735E7B /* avatarImageView */ = {
			isa = PBXGroup;
			children = (
				A814C8E119CFF47A00735E7B /* avatarImageView.h */,
				A814C90019CFFC5400735E7B /* avatarImageView.swift */,
				A814C8DF19CFF47A00735E7B /* Supporting Files */,
			);
			path = avatarImageView;
			sourceTree = "<group>";
		};
		A814C8DF19CFF47A00735E7B /* Supporting Files */ = {
			isa = PBXGroup;
			children = (
				A814C8E019CFF47A00735E7B /* Info.plist */,
			);
			name = "Supporting Files";
			sourceTree = "<group>";
		};
		A814C90419D01BF100735E7B /* IBDesignableViews */ = {
			isa = PBXGroup;
			children = (
				A814C8DE19CFF47A00735E7B /* avatarImageView */,
			);
			name = IBDesignableViews;
			sourceTree = "<group>";
		};
		A8B8A12219FF0D470000FB6F /* Controller */ = {
			isa = PBXGroup;
			children = (
				A814C8D619CFECB600735E7B /* SigninViewController.swift */,
				A8D58A5A19C1EB0F00EEFC98 /* LoginViewController.swift */,
				A8BA437B19FD446A004A8300 /* EventViewController.swift */,
				A8B8A1261A07C7890000FB6F /* ContactViewController.swift */,
				A811A23819D407EC0079B7F8 /* MyViewController.swift */,
				A8E7A4ED1A1ECBA700C4DCA9 /* AddContactViewController.swift */,
				A811A23C19D408000079B7F8 /* MapViewController.swift */,
			);
			name = Controller;
			sourceTree = "<group>";
		};
		A8B8A12319FF0D520000FB6F /* View */ = {
			isa = PBXGroup;
			children = (
				A8B8A1241A07C7520000FB6F /* ContactTableViewCell.swift */,
				A8B8A12019FF0D310000FB6F /* EventTableViewCell.swift */,
			);
			name = View;
			sourceTree = "<group>";
		};
		A8B8A1591A1073EB0000FB6F /* ShareSDK */ = {
			isa = PBXGroup;
			children = (
				A8B8A15A1A1073EB0000FB6F /* Connection */,
				A8B8A1601A1073EB0000FB6F /* Core */,
				A8B8A1671A1073EB0000FB6F /* Extend */,
				A8B8A1731A1073EB0000FB6F /* ShareSDK.framework */,
				A8B8A1741A1073EB0000FB6F /* UI */,
			);
			path = ShareSDK;
			sourceTree = "<group>";
		};
		A8B8A15A1A1073EB0000FB6F /* Connection */ = {
			isa = PBXGroup;
			children = (
				A8B8A15B1A1073EB0000FB6F /* FacebookConnection.framework */,
				A8B8A15C1A1073EB0000FB6F /* QQConnection.framework */,
				A8B8A15D1A1073EB0000FB6F /* SinaWeiboConnection.framework */,
				A8B8A15E1A1073EB0000FB6F /* TwitterConnection.framework */,
				A8B8A15F1A1073EB0000FB6F /* WeChatConnection.framework */,
			);
			path = Connection;
			sourceTree = "<group>";
		};
		A8B8A1601A1073EB0000FB6F /* Core */ = {
			isa = PBXGroup;
			children = (
				A8B8A1611A1073EB0000FB6F /* AGCommon.framework */,
				A8B8A1621A1073EB0000FB6F /* ShareSDKLocalizable.strings */,
				A8B8A1641A1073EB0000FB6F /* Resource.bundle */,
				A8B8A1651A1073EB0000FB6F /* ShareSDKCoreService.framework */,
			);
			path = Core;
			sourceTree = "<group>";
		};
		A8B8A1671A1073EB0000FB6F /* Extend */ = {
			isa = PBXGroup;
			children = (
				A8B8A1681A1073EB0000FB6F /* QQConnectSDK */,
				A8B8A16B1A1073EB0000FB6F /* SinaWeiboSDK */,
				A8B8A16F1A1073EB0000FB6F /* WeChatSDK */,
			);
			path = Extend;
			sourceTree = "<group>";
		};
		A8B8A1681A1073EB0000FB6F /* QQConnectSDK */ = {
			isa = PBXGroup;
			children = (
				A8B8A1691A1073EB0000FB6F /* TencentOpenAPI.framework */,
				A8B8A16A1A1073EB0000FB6F /* TencentOpenApi_IOS_Bundle.bundle */,
			);
			path = QQConnectSDK;
			sourceTree = "<group>";
		};
		A8B8A16B1A1073EB0000FB6F /* SinaWeiboSDK */ = {
			isa = PBXGroup;
			children = (
				A8B8A16C1A1073EB0000FB6F /* libSinaWeiboSDK.a */,
				A8B8A16D1A1073EB0000FB6F /* WeiboSDK.bundle */,
				A8B8A16E1A1073EB0000FB6F /* WeiboSDK.h */,
			);
			path = SinaWeiboSDK;
			sourceTree = "<group>";
		};
		A8B8A16F1A1073EB0000FB6F /* WeChatSDK */ = {
			isa = PBXGroup;
			children = (
				A8B8A1701A1073EB0000FB6F /* libWeChatSDK.a */,
				A8B8A1711A1073EB0000FB6F /* WXApi.h */,
				A8B8A1721A1073EB0000FB6F /* WXApiObject.h */,
			);
			path = WeChatSDK;
			sourceTree = "<group>";
		};
		A8B8A1741A1073EB0000FB6F /* UI */ = {
			isa = PBXGroup;
			children = (
				A8B8A1751A1073EB0000FB6F /* ShareSDKFlatShareViewUI.bundle */,
				A8B8A1761A1073EB0000FB6F /* ShareSDKFlatShareViewUI.framework */,
				A8B8A1771A1073EB0000FB6F /* ShareSDKShareActionSheet.framework */,
			);
			path = UI;
			sourceTree = "<group>";
		};
		A8B8A18F1A124F0C0000FB6F /* Model */ = {
			isa = PBXGroup;
			children = (
				A8B8A1901A1250280000FB6F /* User.swift */,
			);
			name = Model;
			sourceTree = "<group>";
		};
		A8B8A1921A14F8F00000FB6F /* Utils */ = {
			isa = PBXGroup;
			children = (
				A8B8A1931A14F9F90000FB6F /* SwiftyJSON.swift */,
			);
			name = Utils;
			sourceTree = "<group>";
		};
		A8D58A4719C1EB0F00EEFC98 = {
			isa = PBXGroup;
			children = (
				A8D58A5219C1EB0F00EEFC98 /* WhereRU */,
				A8D58A6B19C1EB0F00EEFC98 /* WhereRUTests */,
				A814C90419D01BF100735E7B /* IBDesignableViews */,
				A8D58A5119C1EB0F00EEFC98 /* Products */,
				FEE12FCDBF1E43C69B3E5840 /* Frameworks */,
				8633DF66E65DC72914821CCD /* Pods */,
			);
			sourceTree = "<group>";
		};
		A8D58A5119C1EB0F00EEFC98 /* Products */ = {
			isa = PBXGroup;
			children = (
				A8D58A5019C1EB0F00EEFC98 /* WhereRU.app */,
				A8D58A6819C1EB0F00EEFC98 /* WhereRUTests.xctest */,
				A814C8DD19CFF47A00735E7B /* avatarImageView.framework */,
				A814C8E719CFF47A00735E7B /* avatarImageViewTests.xctest */,
			);
			name = Products;
			sourceTree = "<group>";
		};
		A8D58A5219C1EB0F00EEFC98 /* WhereRU */ = {
			isa = PBXGroup;
			children = (
				A8B8A1921A14F8F00000FB6F /* Utils */,
				A8B8A18F1A124F0C0000FB6F /* Model */,
				A8B8A12219FF0D470000FB6F /* Controller */,
				A8B8A12319FF0D520000FB6F /* View */,
				A8D58A5C19C1EB0F00EEFC98 /* Main.storyboard */,
				A8D58A5F19C1EB0F00EEFC98 /* Images.xcassets */,
				A8D58A6119C1EB0F00EEFC98 /* LaunchScreen.xib */,
				A8D58A5719C1EB0F00EEFC98 /* WhereRU.xcdatamodeld */,
				A8D58A5319C1EB0F00EEFC98 /* Supporting Files */,
				A811A24019D40E4A0079B7F8 /* WhereRU-Bridging-Header.h */,
			);
			path = WhereRU;
			sourceTree = "<group>";
		};
		A8D58A5319C1EB0F00EEFC98 /* Supporting Files */ = {
			isa = PBXGroup;
			children = (
				A8D58A5519C1EB0F00EEFC98 /* AppDelegate.swift */,
				A8D58A5419C1EB0F00EEFC98 /* Info.plist */,
			);
			name = "Supporting Files";
			sourceTree = "<group>";
		};
		A8D58A6B19C1EB0F00EEFC98 /* WhereRUTests */ = {
			isa = PBXGroup;
			children = (
				A8D58A6E19C1EB0F00EEFC98 /* WhereRUTests.swift */,
				A8D58A6C19C1EB0F00EEFC98 /* Supporting Files */,
			);
			path = WhereRUTests;
			sourceTree = "<group>";
		};
		A8D58A6C19C1EB0F00EEFC98 /* Supporting Files */ = {
			isa = PBXGroup;
			children = (
				A8D58A6D19C1EB0F00EEFC98 /* Info.plist */,
			);
			name = "Supporting Files";
			sourceTree = "<group>";
		};
		FEE12FCDBF1E43C69B3E5840 /* Frameworks */ = {
			isa = PBXGroup;
			children = (
				A8B8A18C1A10AD9B0000FB6F /* libsqlite3.dylib */,
				A8B8A18A1A10796E0000FB6F /* libicucore.dylib */,
				A8B8A1591A1073EB0000FB6F /* ShareSDK */,
				A8968FF619F7D3E90000F49A /* MAMapKit.framework */,
				A88DB5BF19F6A91800FF7807 /* AMap.bundle */,
				A88DB5B719F6A82800FF7807 /* Security.framework */,
				A88DB5B519F6A81E00FF7807 /* libstdc++.6.0.9.dylib */,
				A88DB5B319F6A81400FF7807 /* OpenGLES.framework */,
				A88DB5B119F6A80B00FF7807 /* libz.dylib */,
				A88DB5AF19F6A7FF00FF7807 /* CoreTelephony.framework */,
				A88DB5AD19F6A7F600FF7807 /* SystemConfiguration.framework */,
				A88DB5AB19F6A7EC00FF7807 /* CoreLocation.framework */,
				A88DB5A919F6A7E200FF7807 /* QuartzCore.framework */,
				0B7DD70D1EB048628041DBA1 /* libPods.a */,
			);
			name = Frameworks;
			sourceTree = "<group>";
		};
/* End PBXGroup section */

/* Begin PBXHeadersBuildPhase section */
		A814C8DA19CFF47A00735E7B /* Headers */ = {
			isa = PBXHeadersBuildPhase;
			buildActionMask = 2147483647;
			files = (
				A814C8E219CFF47A00735E7B /* avatarImageView.h in Headers */,
			);
			runOnlyForDeploymentPostprocessing = 0;
		};
/* End PBXHeadersBuildPhase section */

/* Begin PBXNativeTarget section */
		A814C8DC19CFF47A00735E7B /* avatarImageView */ = {
			isa = PBXNativeTarget;
			buildConfigurationList = A814C8F519CFF47A00735E7B /* Build configuration list for PBXNativeTarget "avatarImageView" */;
			buildPhases = (
				A814C8D819CFF47A00735E7B /* Sources */,
				A814C8D919CFF47A00735E7B /* Frameworks */,
				A814C8DA19CFF47A00735E7B /* Headers */,
				A814C8DB19CFF47A00735E7B /* Resources */,
			);
			buildRules = (
			);
			dependencies = (
			);
			name = avatarImageView;
			productName = avatarImageView;
			productReference = A814C8DD19CFF47A00735E7B /* avatarImageView.framework */;
			productType = "com.apple.product-type.framework";
		};
		A814C8E619CFF47A00735E7B /* avatarImageViewTests */ = {
			isa = PBXNativeTarget;
			buildConfigurationList = A814C8F919CFF47A00735E7B /* Build configuration list for PBXNativeTarget "avatarImageViewTests" */;
			buildPhases = (
				A814C8E319CFF47A00735E7B /* Sources */,
				A814C8E419CFF47A00735E7B /* Frameworks */,
				A814C8E519CFF47A00735E7B /* Resources */,
			);
			buildRules = (
			);
			dependencies = (
				A814C8E919CFF47A00735E7B /* PBXTargetDependency */,
			);
			name = avatarImageViewTests;
			productName = avatarImageViewTests;
			productReference = A814C8E719CFF47A00735E7B /* avatarImageViewTests.xctest */;
			productType = "com.apple.product-type.bundle.unit-test";
		};
		A8D58A4F19C1EB0F00EEFC98 /* WhereRU */ = {
			isa = PBXNativeTarget;
			buildConfigurationList = A8D58A7219C1EB0F00EEFC98 /* Build configuration list for PBXNativeTarget "WhereRU" */;
			buildPhases = (
				4E2E4656017E48CAB871BB89 /* Check Pods Manifest.lock */,
				A8D58A4C19C1EB0F00EEFC98 /* Sources */,
				A8D58A4D19C1EB0F00EEFC98 /* Frameworks */,
				A8D58A4E19C1EB0F00EEFC98 /* Resources */,
				98502DFB95784ADD9B58BD81 /* Copy Pods Resources */,
				A814C8F819CFF47A00735E7B /* Embed Frameworks */,
			);
			buildRules = (
			);
			dependencies = (
				A814C8F019CFF47A00735E7B /* PBXTargetDependency */,
				A814C8F419CFF47A00735E7B /* PBXTargetDependency */,
			);
			name = WhereRU;
			productName = WhereRU;
			productReference = A8D58A5019C1EB0F00EEFC98 /* WhereRU.app */;
			productType = "com.apple.product-type.application";
		};
		A8D58A6719C1EB0F00EEFC98 /* WhereRUTests */ = {
			isa = PBXNativeTarget;
			buildConfigurationList = A8D58A7519C1EB0F00EEFC98 /* Build configuration list for PBXNativeTarget "WhereRUTests" */;
			buildPhases = (
				A8D58A6419C1EB0F00EEFC98 /* Sources */,
				A8D58A6519C1EB0F00EEFC98 /* Frameworks */,
				A8D58A6619C1EB0F00EEFC98 /* Resources */,
			);
			buildRules = (
			);
			dependencies = (
				A8D58A6A19C1EB0F00EEFC98 /* PBXTargetDependency */,
			);
			name = WhereRUTests;
			productName = WhereRUTests;
			productReference = A8D58A6819C1EB0F00EEFC98 /* WhereRUTests.xctest */;
			productType = "com.apple.product-type.bundle.unit-test";
		};
/* End PBXNativeTarget section */

/* Begin PBXProject section */
		A8D58A4819C1EB0F00EEFC98 /* Project object */ = {
			isa = PBXProject;
			attributes = {
				LastUpgradeCheck = 0600;
				ORGANIZATIONNAME = RInz;
				TargetAttributes = {
					A814C8DC19CFF47A00735E7B = {
						CreatedOnToolsVersion = 6.0.1;
					};
					A814C8E619CFF47A00735E7B = {
						CreatedOnToolsVersion = 6.0.1;
						TestTargetID = A8D58A4F19C1EB0F00EEFC98;
					};
					A8D58A4F19C1EB0F00EEFC98 = {
						CreatedOnToolsVersion = 6.0;
						DevelopmentTeam = SNC6RGUH57;
					};
					A8D58A6719C1EB0F00EEFC98 = {
						CreatedOnToolsVersion = 6.0;
						TestTargetID = A8D58A4F19C1EB0F00EEFC98;
					};
				};
			};
			buildConfigurationList = A8D58A4B19C1EB0F00EEFC98 /* Build configuration list for PBXProject "WhereRU" */;
			compatibilityVersion = "Xcode 3.2";
			developmentRegion = English;
			hasScannedForEncodings = 0;
			knownRegions = (
				en,
				Base,
				"zh-Hans",
			);
			mainGroup = A8D58A4719C1EB0F00EEFC98;
			productRefGroup = A8D58A5119C1EB0F00EEFC98 /* Products */;
			projectDirPath = "";
			projectRoot = "";
			targets = (
				A8D58A4F19C1EB0F00EEFC98 /* WhereRU */,
				A8D58A6719C1EB0F00EEFC98 /* WhereRUTests */,
				A814C8DC19CFF47A00735E7B /* avatarImageView */,
				A814C8E619CFF47A00735E7B /* avatarImageViewTests */,
			);
		};
/* End PBXProject section */

/* Begin PBXResourcesBuildPhase section */
		A814C8DB19CFF47A00735E7B /* Resources */ = {
			isa = PBXResourcesBuildPhase;
			buildActionMask = 2147483647;
			files = (
			);
			runOnlyForDeploymentPostprocessing = 0;
		};
		A814C8E519CFF47A00735E7B /* Resources */ = {
			isa = PBXResourcesBuildPhase;
			buildActionMask = 2147483647;
			files = (
			);
			runOnlyForDeploymentPostprocessing = 0;
		};
		A8D58A4E19C1EB0F00EEFC98 /* Resources */ = {
			isa = PBXResourcesBuildPhase;
			buildActionMask = 2147483647;
			files = (
				A8D58A5E19C1EB0F00EEFC98 /* Main.storyboard in Resources */,
				A8D58A6319C1EB0F00EEFC98 /* LaunchScreen.xib in Resources */,
				A8B8A17E1A1073EC0000FB6F /* ShareSDKLocalizable.strings in Resources */,
				A8B8A17F1A1073EC0000FB6F /* Resource.bundle in Resources */,
				A8B8A1871A1073EC0000FB6F /* ShareSDKFlatShareViewUI.bundle in Resources */,
				A8B8A1821A1073EC0000FB6F /* TencentOpenApi_IOS_Bundle.bundle in Resources */,
				A88DB5C019F6A91800FF7807 /* AMap.bundle in Resources */,
				A8D58A6019C1EB0F00EEFC98 /* Images.xcassets in Resources */,
				A8B8A1841A1073EC0000FB6F /* WeiboSDK.bundle in Resources */,
			);
			runOnlyForDeploymentPostprocessing = 0;
		};
		A8D58A6619C1EB0F00EEFC98 /* Resources */ = {
			isa = PBXResourcesBuildPhase;
			buildActionMask = 2147483647;
			files = (
			);
			runOnlyForDeploymentPostprocessing = 0;
		};
/* End PBXResourcesBuildPhase section */

/* Begin PBXShellScriptBuildPhase section */
		4E2E4656017E48CAB871BB89 /* Check Pods Manifest.lock */ = {
			isa = PBXShellScriptBuildPhase;
			buildActionMask = 2147483647;
			files = (
			);
			inputPaths = (
			);
			name = "Check Pods Manifest.lock";
			outputPaths = (
			);
			runOnlyForDeploymentPostprocessing = 0;
			shellPath = /bin/sh;
			shellScript = "diff \"${PODS_ROOT}/../Podfile.lock\" \"${PODS_ROOT}/Manifest.lock\" > /dev/null\nif [[ $? != 0 ]] ; then\n    cat << EOM\nerror: The sandbox is not in sync with the Podfile.lock. Run 'pod install' or update your CocoaPods installation.\nEOM\n    exit 1\nfi\n";
			showEnvVarsInLog = 0;
		};
		98502DFB95784ADD9B58BD81 /* Copy Pods Resources */ = {
			isa = PBXShellScriptBuildPhase;
			buildActionMask = 2147483647;
			files = (
			);
			inputPaths = (
			);
			name = "Copy Pods Resources";
			outputPaths = (
			);
			runOnlyForDeploymentPostprocessing = 0;
			shellPath = /bin/sh;
			shellScript = "\"${SRCROOT}/Pods/Target Support Files/Pods/Pods-resources.sh\"\n";
			showEnvVarsInLog = 0;
		};
/* End PBXShellScriptBuildPhase section */

/* Begin PBXSourcesBuildPhase section */
		A814C8D819CFF47A00735E7B /* Sources */ = {
			isa = PBXSourcesBuildPhase;
			buildActionMask = 2147483647;
			files = (
				A814C90119CFFC5400735E7B /* avatarImageView.swift in Sources */,
			);
			runOnlyForDeploymentPostprocessing = 0;
		};
		A814C8E319CFF47A00735E7B /* Sources */ = {
			isa = PBXSourcesBuildPhase;
			buildActionMask = 2147483647;
			files = (
			);
			runOnlyForDeploymentPostprocessing = 0;
		};
		A8D58A4C19C1EB0F00EEFC98 /* Sources */ = {
			isa = PBXSourcesBuildPhase;
			buildActionMask = 2147483647;
			files = (
				A8B8A12119FF0D310000FB6F /* EventTableViewCell.swift in Sources */,
				A814C8D719CFECB600735E7B /* SigninViewController.swift in Sources */,
				A8D58A5B19C1EB0F00EEFC98 /* LoginViewController.swift in Sources */,
				A8B8A1941A14F9F90000FB6F /* SwiftyJSON.swift in Sources */,
				A811A23A19D407EC0079B7F8 /* MyViewController.swift in Sources */,
				A8D58A5919C1EB0F00EEFC98 /* WhereRU.xcdatamodeld in Sources */,
				A8BA437C19FD446A004A8300 /* EventViewController.swift in Sources */,
				A8B8A1251A07C7520000FB6F /* ContactTableViewCell.swift in Sources */,
				A8D58A5619C1EB0F00EEFC98 /* AppDelegate.swift in Sources */,
				A811A23E19D408000079B7F8 /* MapViewController.swift in Sources */,
				A8E7A4EE1A1ECBA700C4DCA9 /* AddContactViewController.swift in Sources */,
				A8B8A1271A07C7890000FB6F /* ContactViewController.swift in Sources */,
				A8B8A1911A1250280000FB6F /* User.swift in Sources */,
			);
			runOnlyForDeploymentPostprocessing = 0;
		};
		A8D58A6419C1EB0F00EEFC98 /* Sources */ = {
			isa = PBXSourcesBuildPhase;
			buildActionMask = 2147483647;
			files = (
				A8D58A6F19C1EB0F00EEFC98 /* WhereRUTests.swift in Sources */,
			);
			runOnlyForDeploymentPostprocessing = 0;
		};
/* End PBXSourcesBuildPhase section */

/* Begin PBXTargetDependency section */
		A814C8E919CFF47A00735E7B /* PBXTargetDependency */ = {
			isa = PBXTargetDependency;
			target = A8D58A4F19C1EB0F00EEFC98 /* WhereRU */;
			targetProxy = A814C8E819CFF47A00735E7B /* PBXContainerItemProxy */;
		};
		A814C8F019CFF47A00735E7B /* PBXTargetDependency */ = {
			isa = PBXTargetDependency;
			target = A814C8DC19CFF47A00735E7B /* avatarImageView */;
			targetProxy = A814C8EF19CFF47A00735E7B /* PBXContainerItemProxy */;
		};
		A814C8F419CFF47A00735E7B /* PBXTargetDependency */ = {
			isa = PBXTargetDependency;
			target = A814C8DC19CFF47A00735E7B /* avatarImageView */;
			targetProxy = A814C8F319CFF47A00735E7B /* PBXContainerItemProxy */;
		};
		A8D58A6A19C1EB0F00EEFC98 /* PBXTargetDependency */ = {
			isa = PBXTargetDependency;
			target = A8D58A4F19C1EB0F00EEFC98 /* WhereRU */;
			targetProxy = A8D58A6919C1EB0F00EEFC98 /* PBXContainerItemProxy */;
		};
/* End PBXTargetDependency section */

/* Begin PBXVariantGroup section */
		A8B8A1621A1073EB0000FB6F /* ShareSDKLocalizable.strings */ = {
			isa = PBXVariantGroup;
			children = (
				A8B8A1631A1073EB0000FB6F /* en */,
				A8B8A1661A1073EB0000FB6F /* zh-Hans */,
			);
			name = ShareSDKLocalizable.strings;
			sourceTree = "<group>";
		};
		A8D58A5C19C1EB0F00EEFC98 /* Main.storyboard */ = {
			isa = PBXVariantGroup;
			children = (
				A8D58A5D19C1EB0F00EEFC98 /* Base */,
			);
			name = Main.storyboard;
			sourceTree = "<group>";
		};
		A8D58A6119C1EB0F00EEFC98 /* LaunchScreen.xib */ = {
			isa = PBXVariantGroup;
			children = (
				A8D58A6219C1EB0F00EEFC98 /* Base */,
			);
			name = LaunchScreen.xib;
			sourceTree = "<group>";
		};
/* End PBXVariantGroup section */

/* Begin XCBuildConfiguration section */
		A814C8F619CFF47A00735E7B /* Debug */ = {
			isa = XCBuildConfiguration;
			buildSettings = {
				CLANG_ENABLE_MODULES = YES;
				CURRENT_PROJECT_VERSION = 1;
				DEFINES_MODULE = YES;
				DYLIB_COMPATIBILITY_VERSION = 1;
				DYLIB_CURRENT_VERSION = 1;
				DYLIB_INSTALL_NAME_BASE = "@rpath";
				GCC_PREPROCESSOR_DEFINITIONS = (
					"DEBUG=1",
					"$(inherited)",
				);
				INFOPLIST_FILE = avatarImageView/Info.plist;
				INSTALL_PATH = "$(LOCAL_LIBRARY_DIR)/Frameworks";
				LD_RUNPATH_SEARCH_PATHS = "$(inherited) @executable_path/Frameworks @loader_path/Frameworks";
				PRODUCT_NAME = "$(TARGET_NAME)";
				SKIP_INSTALL = YES;
				SWIFT_OPTIMIZATION_LEVEL = "-Onone";
				VERSIONING_SYSTEM = "apple-generic";
				VERSION_INFO_PREFIX = "";
			};
			name = Debug;
		};
		A814C8F719CFF47A00735E7B /* Release */ = {
			isa = XCBuildConfiguration;
			buildSettings = {
				CLANG_ENABLE_MODULES = YES;
				CURRENT_PROJECT_VERSION = 1;
				DEFINES_MODULE = YES;
				DYLIB_COMPATIBILITY_VERSION = 1;
				DYLIB_CURRENT_VERSION = 1;
				DYLIB_INSTALL_NAME_BASE = "@rpath";
				INFOPLIST_FILE = avatarImageView/Info.plist;
				INSTALL_PATH = "$(LOCAL_LIBRARY_DIR)/Frameworks";
				LD_RUNPATH_SEARCH_PATHS = "$(inherited) @executable_path/Frameworks @loader_path/Frameworks";
				PRODUCT_NAME = "$(TARGET_NAME)";
				SKIP_INSTALL = YES;
				VERSIONING_SYSTEM = "apple-generic";
				VERSION_INFO_PREFIX = "";
			};
			name = Release;
		};
		A814C8FA19CFF47A00735E7B /* Debug */ = {
			isa = XCBuildConfiguration;
			buildSettings = {
				FRAMEWORK_SEARCH_PATHS = (
					"$(SDKROOT)/Developer/Library/Frameworks",
					"$(inherited)",
				);
				GCC_PREPROCESSOR_DEFINITIONS = (
					"DEBUG=1",
					"$(inherited)",
				);
				INFOPLIST_FILE = avatarImageViewTests/Info.plist;
				LD_RUNPATH_SEARCH_PATHS = "$(inherited) @executable_path/Frameworks @loader_path/Frameworks";
				PRODUCT_NAME = "$(TARGET_NAME)";
				TEST_HOST = "$(BUILT_PRODUCTS_DIR)/WhereRU.app/WhereRU";
			};
			name = Debug;
		};
		A814C8FB19CFF47A00735E7B /* Release */ = {
			isa = XCBuildConfiguration;
			buildSettings = {
				FRAMEWORK_SEARCH_PATHS = (
					"$(SDKROOT)/Developer/Library/Frameworks",
					"$(inherited)",
				);
				INFOPLIST_FILE = avatarImageViewTests/Info.plist;
				LD_RUNPATH_SEARCH_PATHS = "$(inherited) @executable_path/Frameworks @loader_path/Frameworks";
				PRODUCT_NAME = "$(TARGET_NAME)";
				TEST_HOST = "$(BUILT_PRODUCTS_DIR)/WhereRU.app/WhereRU";
			};
			name = Release;
		};
		A8D58A7019C1EB0F00EEFC98 /* Debug */ = {
			isa = XCBuildConfiguration;
			buildSettings = {
				ALWAYS_SEARCH_USER_PATHS = NO;
				CLANG_CXX_LANGUAGE_STANDARD = "gnu++0x";
				CLANG_CXX_LIBRARY = "libc++";
				CLANG_ENABLE_MODULES = YES;
				CLANG_ENABLE_OBJC_ARC = YES;
				CLANG_WARN_BOOL_CONVERSION = YES;
				CLANG_WARN_CONSTANT_CONVERSION = YES;
				CLANG_WARN_DIRECT_OBJC_ISA_USAGE = YES_ERROR;
				CLANG_WARN_EMPTY_BODY = YES;
				CLANG_WARN_ENUM_CONVERSION = YES;
				CLANG_WARN_INT_CONVERSION = YES;
				CLANG_WARN_OBJC_ROOT_CLASS = YES_ERROR;
				CLANG_WARN_UNREACHABLE_CODE = YES;
				CLANG_WARN__DUPLICATE_METHOD_MATCH = YES;
				"CODE_SIGN_IDENTITY[sdk=iphoneos*]" = "iPhone Developer";
				COPY_PHASE_STRIP = NO;
				ENABLE_STRICT_OBJC_MSGSEND = YES;
				GCC_C_LANGUAGE_STANDARD = gnu99;
				GCC_DYNAMIC_NO_PIC = NO;
				GCC_OPTIMIZATION_LEVEL = 0;
				GCC_PREPROCESSOR_DEFINITIONS = (
					"DEBUG=1",
					"$(inherited)",
				);
				GCC_SYMBOLS_PRIVATE_EXTERN = NO;
				GCC_WARN_64_TO_32_BIT_CONVERSION = YES;
				GCC_WARN_ABOUT_RETURN_TYPE = YES_ERROR;
				GCC_WARN_UNDECLARED_SELECTOR = YES;
				GCC_WARN_UNINITIALIZED_AUTOS = YES_AGGRESSIVE;
				GCC_WARN_UNUSED_FUNCTION = YES;
				GCC_WARN_UNUSED_VARIABLE = YES;
				IPHONEOS_DEPLOYMENT_TARGET = 8.0;
				MTL_ENABLE_DEBUG_INFO = YES;
				ONLY_ACTIVE_ARCH = YES;
				SDKROOT = iphoneos;
				SWIFT_OPTIMIZATION_LEVEL = "-Onone";
				TARGETED_DEVICE_FAMILY = "1,2";
			};
			name = Debug;
		};
		A8D58A7119C1EB0F00EEFC98 /* Release */ = {
			isa = XCBuildConfiguration;
			buildSettings = {
				ALWAYS_SEARCH_USER_PATHS = NO;
				CLANG_CXX_LANGUAGE_STANDARD = "gnu++0x";
				CLANG_CXX_LIBRARY = "libc++";
				CLANG_ENABLE_MODULES = YES;
				CLANG_ENABLE_OBJC_ARC = YES;
				CLANG_WARN_BOOL_CONVERSION = YES;
				CLANG_WARN_CONSTANT_CONVERSION = YES;
				CLANG_WARN_DIRECT_OBJC_ISA_USAGE = YES_ERROR;
				CLANG_WARN_EMPTY_BODY = YES;
				CLANG_WARN_ENUM_CONVERSION = YES;
				CLANG_WARN_INT_CONVERSION = YES;
				CLANG_WARN_OBJC_ROOT_CLASS = YES_ERROR;
				CLANG_WARN_UNREACHABLE_CODE = YES;
				CLANG_WARN__DUPLICATE_METHOD_MATCH = YES;
				"CODE_SIGN_IDENTITY[sdk=iphoneos*]" = "iPhone Developer";
				COPY_PHASE_STRIP = YES;
				ENABLE_NS_ASSERTIONS = NO;
				ENABLE_STRICT_OBJC_MSGSEND = YES;
				GCC_C_LANGUAGE_STANDARD = gnu99;
				GCC_WARN_64_TO_32_BIT_CONVERSION = YES;
				GCC_WARN_ABOUT_RETURN_TYPE = YES_ERROR;
				GCC_WARN_UNDECLARED_SELECTOR = YES;
				GCC_WARN_UNINITIALIZED_AUTOS = YES_AGGRESSIVE;
				GCC_WARN_UNUSED_FUNCTION = YES;
				GCC_WARN_UNUSED_VARIABLE = YES;
				IPHONEOS_DEPLOYMENT_TARGET = 8.0;
				MTL_ENABLE_DEBUG_INFO = NO;
				SDKROOT = iphoneos;
				TARGETED_DEVICE_FAMILY = "1,2";
				VALIDATE_PRODUCT = YES;
			};
			name = Release;
		};
		A8D58A7319C1EB0F00EEFC98 /* Debug */ = {
			isa = XCBuildConfiguration;
			baseConfigurationReference = A33BB9B7AA719B13BE841C77 /* Pods.debug.xcconfig */;
			buildSettings = {
				ASSETCATALOG_COMPILER_APPICON_NAME = AppIcon;
				CLANG_ENABLE_MODULES = YES;
				CODE_SIGN_IDENTITY = "iPhone Developer";
				"CODE_SIGN_IDENTITY[sdk=iphoneos*]" = "iPhone Developer";
				FRAMEWORK_SEARCH_PATHS = (
					"$(inherited)",
					"$(PROJECT_DIR)",
					"$(PROJECT_DIR)/Extern",
					/Users/RInz/Downloads,
					"$(PROJECT_DIR)/ShareSDK/Connection",
					"$(PROJECT_DIR)/ShareSDK/Core",
					"$(PROJECT_DIR)/ShareSDK/Extend/QQConnectSDK",
					"$(PROJECT_DIR)/ShareSDK",
					"$(PROJECT_DIR)/ShareSDK/UI",
				);
				INFOPLIST_FILE = WhereRU/Info.plist;
				LD_RUNPATH_SEARCH_PATHS = "$(inherited) @executable_path/Frameworks";
				LIBRARY_SEARCH_PATHS = (
					"$(inherited)",
					"$(PROJECT_DIR)/ShareSDK/Extend/SinaWeiboSDK",
					"$(PROJECT_DIR)/ShareSDK/Extend/WeChatSDK",
				);
				PRODUCT_NAME = "$(TARGET_NAME)";
				PROVISIONING_PROFILE = "";
				SWIFT_OBJC_BRIDGING_HEADER = "WhereRU/WhereRU-Bridging-Header.h";
				SWIFT_OPTIMIZATION_LEVEL = "-Onone";
			};
			name = Debug;
		};
		A8D58A7419C1EB0F00EEFC98 /* Release */ = {
			isa = XCBuildConfiguration;
			baseConfigurationReference = AD89DB976DA14163BD3289AD /* Pods.release.xcconfig */;
			buildSettings = {
				ASSETCATALOG_COMPILER_APPICON_NAME = AppIcon;
				CLANG_ENABLE_MODULES = YES;
				CODE_SIGN_IDENTITY = "iPhone Developer";
				"CODE_SIGN_IDENTITY[sdk=iphoneos*]" = "iPhone Developer";
				FRAMEWORK_SEARCH_PATHS = (
					"$(inherited)",
					"$(PROJECT_DIR)",
					"$(PROJECT_DIR)/Extern",
					/Users/RInz/Downloads,
					"$(PROJECT_DIR)/ShareSDK/Connection",
					"$(PROJECT_DIR)/ShareSDK/Core",
					"$(PROJECT_DIR)/ShareSDK/Extend/QQConnectSDK",
					"$(PROJECT_DIR)/ShareSDK",
					"$(PROJECT_DIR)/ShareSDK/UI",
				);
				INFOPLIST_FILE = WhereRU/Info.plist;
				LD_RUNPATH_SEARCH_PATHS = "$(inherited) @executable_path/Frameworks";
				LIBRARY_SEARCH_PATHS = (
					"$(inherited)",
					"$(PROJECT_DIR)/ShareSDK/Extend/SinaWeiboSDK",
					"$(PROJECT_DIR)/ShareSDK/Extend/WeChatSDK",
				);
				PRODUCT_NAME = "$(TARGET_NAME)";
				PROVISIONING_PROFILE = "";
				SWIFT_OBJC_BRIDGING_HEADER = "WhereRU/WhereRU-Bridging-Header.h";
			};
			name = Release;
		};
		A8D58A7619C1EB0F00EEFC98 /* Debug */ = {
			isa = XCBuildConfiguration;
			buildSettings = {
				BUNDLE_LOADER = "$(TEST_HOST)";
				FRAMEWORK_SEARCH_PATHS = (
					"$(SDKROOT)/Developer/Library/Frameworks",
					"$(inherited)",
				);
				GCC_PREPROCESSOR_DEFINITIONS = (
					"DEBUG=1",
					"$(inherited)",
				);
				INFOPLIST_FILE = WhereRUTests/Info.plist;
				LD_RUNPATH_SEARCH_PATHS = "$(inherited) @executable_path/Frameworks @loader_path/Frameworks";
				PRODUCT_NAME = "$(TARGET_NAME)";
				TEST_HOST = "$(BUILT_PRODUCTS_DIR)/WhereRU.app/WhereRU";
			};
			name = Debug;
		};
		A8D58A7719C1EB0F00EEFC98 /* Release */ = {
			isa = XCBuildConfiguration;
			buildSettings = {
				BUNDLE_LOADER = "$(TEST_HOST)";
				FRAMEWORK_SEARCH_PATHS = (
					"$(SDKROOT)/Developer/Library/Frameworks",
					"$(inherited)",
				);
				INFOPLIST_FILE = WhereRUTests/Info.plist;
				LD_RUNPATH_SEARCH_PATHS = "$(inherited) @executable_path/Frameworks @loader_path/Frameworks";
				PRODUCT_NAME = "$(TARGET_NAME)";
				TEST_HOST = "$(BUILT_PRODUCTS_DIR)/WhereRU.app/WhereRU";
			};
			name = Release;
		};
/* End XCBuildConfiguration section */

/* Begin XCConfigurationList section */
		A814C8F519CFF47A00735E7B /* Build configuration list for PBXNativeTarget "avatarImageView" */ = {
			isa = XCConfigurationList;
			buildConfigurations = (
				A814C8F619CFF47A00735E7B /* Debug */,
				A814C8F719CFF47A00735E7B /* Release */,
			);
			defaultConfigurationIsVisible = 0;
			defaultConfigurationName = Release;
		};
		A814C8F919CFF47A00735E7B /* Build configuration list for PBXNativeTarget "avatarImageViewTests" */ = {
			isa = XCConfigurationList;
			buildConfigurations = (
				A814C8FA19CFF47A00735E7B /* Debug */,
				A814C8FB19CFF47A00735E7B /* Release */,
			);
			defaultConfigurationIsVisible = 0;
			defaultConfigurationName = Release;
		};
		A8D58A4B19C1EB0F00EEFC98 /* Build configuration list for PBXProject "WhereRU" */ = {
			isa = XCConfigurationList;
			buildConfigurations = (
				A8D58A7019C1EB0F00EEFC98 /* Debug */,
				A8D58A7119C1EB0F00EEFC98 /* Release */,
			);
			defaultConfigurationIsVisible = 0;
			defaultConfigurationName = Release;
		};
		A8D58A7219C1EB0F00EEFC98 /* Build configuration list for PBXNativeTarget "WhereRU" */ = {
			isa = XCConfigurationList;
			buildConfigurations = (
				A8D58A7319C1EB0F00EEFC98 /* Debug */,
				A8D58A7419C1EB0F00EEFC98 /* Release */,
			);
			defaultConfigurationIsVisible = 0;
			defaultConfigurationName = Release;
		};
		A8D58A7519C1EB0F00EEFC98 /* Build configuration list for PBXNativeTarget "WhereRUTests" */ = {
			isa = XCConfigurationList;
			buildConfigurations = (
				A8D58A7619C1EB0F00EEFC98 /* Debug */,
				A8D58A7719C1EB0F00EEFC98 /* Release */,
			);
			defaultConfigurationIsVisible = 0;
			defaultConfigurationName = Release;
		};
/* End XCConfigurationList section */

/* Begin XCVersionGroup section */
		A8D58A5719C1EB0F00EEFC98 /* WhereRU.xcdatamodeld */ = {
			isa = XCVersionGroup;
			children = (
				A8D58A5819C1EB0F00EEFC98 /* WhereRU.xcdatamodel */,
			);
			currentVersion = A8D58A5819C1EB0F00EEFC98 /* WhereRU.xcdatamodel */;
			path = WhereRU.xcdatamodeld;
			sourceTree = "<group>";
			versionGroupType = wrapper.xcdatamodel;
		};
/* End XCVersionGroup section */
	};
	rootObject = A8D58A4819C1EB0F00EEFC98 /* Project object */;
}
