// !$*UTF8*$!
{
	archiveVersion = 1;
	classes = {
	};
	objectVersion = 46;
	objects = {

/* Begin PBXBuildFile section */
		A806B91E1A35A049004C8D9F /* ParticipatorCollectionViewCell.swift in Sources */ = {isa = PBXBuildFile; fileRef = A806B91D1A35A049004C8D9F /* ParticipatorCollectionViewCell.swift */; };
		A811A23A19D407EC0079B7F8 /* MyViewController.swift in Sources */ = {isa = PBXBuildFile; fileRef = A811A23819D407EC0079B7F8 /* MyViewController.swift */; };
		A8131B801B88041B00BFE3FD /* RootViewController.swift in Sources */ = {isa = PBXBuildFile; fileRef = A8131B7F1B88041B00BFE3FD /* RootViewController.swift */; };
		A814C8D719CFECB600735E7B /* SignUpViewControllerDelegate.swift in Sources */ = {isa = PBXBuildFile; fileRef = A814C8D619CFECB600735E7B /* SignUpViewControllerDelegate.swift */; };
		A814C8E219CFF47A00735E7B /* avatarImageView.h in Headers */ = {isa = PBXBuildFile; fileRef = A814C8E119CFF47A00735E7B /* avatarImageView.h */; settings = {ATTRIBUTES = (Public, ); }; };
		A814C8F119CFF47A00735E7B /* avatarImageView.framework in Frameworks */ = {isa = PBXBuildFile; fileRef = A814C8DD19CFF47A00735E7B /* avatarImageView.framework */; };
		A814C8F219CFF47A00735E7B /* avatarImageView.framework in Embed Frameworks */ = {isa = PBXBuildFile; fileRef = A814C8DD19CFF47A00735E7B /* avatarImageView.framework */; settings = {ATTRIBUTES = (CodeSignOnCopy, RemoveHeadersOnCopy, ); }; };
		A814C90119CFFC5400735E7B /* avatarImageView.swift in Sources */ = {isa = PBXBuildFile; fileRef = A814C90019CFFC5400735E7B /* avatarImageView.swift */; };
		A827BA951B88B6D200B54C03 /* MenuViewController.swift in Sources */ = {isa = PBXBuildFile; fileRef = A827BA941B88B6D200B54C03 /* MenuViewController.swift */; };
		A84CD40D1B634E750030214B /* CalendarViewController.swift in Sources */ = {isa = PBXBuildFile; fileRef = A84CD40C1B634E750030214B /* CalendarViewController.swift */; };
		A86221C51C09F1F50044D4A3 /* SubmitButton.swift in Sources */ = {isa = PBXBuildFile; fileRef = A86221C41C09F1F50044D4A3 /* SubmitButton.swift */; };
		A86221C91C09F6010044D4A3 /* NSTimerEx.swift in Sources */ = {isa = PBXBuildFile; fileRef = A86221C71C09F6010044D4A3 /* NSTimerEx.swift */; };
		A86221CA1C09F6010044D4A3 /* SpinerLayer.swift in Sources */ = {isa = PBXBuildFile; fileRef = A86221C81C09F6010044D4A3 /* SpinerLayer.swift */; };
		A86221CC1C09F7D20044D4A3 /* CGRectEx.swift in Sources */ = {isa = PBXBuildFile; fileRef = A86221CB1C09F7D20044D4A3 /* CGRectEx.swift */; };
		A87C80711B00F6A500A8B6B4 /* WelcomeBackViewController.swift in Sources */ = {isa = PBXBuildFile; fileRef = A87C80701B00F6A500A8B6B4 /* WelcomeBackViewController.swift */; };
		A87ED7971B1E00DA0059A1A3 /* Friend.swift in Sources */ = {isa = PBXBuildFile; fileRef = A87ED7961B1E00DA0059A1A3 /* Friend.swift */; };
		A88A55A71AFBB9BE00514B13 /* AddFriendTableViewCell.swift in Sources */ = {isa = PBXBuildFile; fileRef = A88A55A51AFBB9BE00514B13 /* AddFriendTableViewCell.swift */; };
		A88A55A81AFBB9BE00514B13 /* AddFriendTableViewCell.xib in Resources */ = {isa = PBXBuildFile; fileRef = A88A55A61AFBB9BE00514B13 /* AddFriendTableViewCell.xib */; };
		A8ABCCE01A58115800965031 /* Event.swift in Sources */ = {isa = PBXBuildFile; fileRef = A8ABCCDF1A58115800965031 /* Event.swift */; };
		A8B77A081B8B647E0012EE16 /* UserCell.swift in Sources */ = {isa = PBXBuildFile; fileRef = A8B77A061B8B647E0012EE16 /* UserCell.swift */; };
		A8B77A091B8B647E0012EE16 /* UserCell.xib in Resources */ = {isa = PBXBuildFile; fileRef = A8B77A071B8B647E0012EE16 /* UserCell.xib */; };
		A8B8A12119FF0D310000FB6F /* EventTableViewCell.swift in Sources */ = {isa = PBXBuildFile; fileRef = A8B8A12019FF0D310000FB6F /* EventTableViewCell.swift */; };
		A8B8A1251A07C7520000FB6F /* ContactTableViewCell.swift in Sources */ = {isa = PBXBuildFile; fileRef = A8B8A1241A07C7520000FB6F /* ContactTableViewCell.swift */; };
		A8B8A1271A07C7890000FB6F /* FollowingViewController.swift in Sources */ = {isa = PBXBuildFile; fileRef = A8B8A1261A07C7890000FB6F /* FollowingViewController.swift */; };
		A8B8A1911A1250280000FB6F /* User.swift in Sources */ = {isa = PBXBuildFile; fileRef = A8B8A1901A1250280000FB6F /* User.swift */; };
		A8B975291B82246900B2A288 /* CalendarTitleView.swift in Sources */ = {isa = PBXBuildFile; fileRef = A8B975281B82246900B2A288 /* CalendarTitleView.swift */; };
		A8BDD0CB1A53DAEC006DFD7B /* AddParticipantsViewController.swift in Sources */ = {isa = PBXBuildFile; fileRef = A8BDD0CA1A53DAEC006DFD7B /* AddParticipantsViewController.swift */; };
		A8BDD0CD1A553224006DFD7B /* AddParticipantTableViewCell.swift in Sources */ = {isa = PBXBuildFile; fileRef = A8BDD0CC1A553224006DFD7B /* AddParticipantTableViewCell.swift */; };
		A8C25CF31A7B456F001EFDE1 /* CommonConstant.swift in Sources */ = {isa = PBXBuildFile; fileRef = A8C25CF21A7B456F001EFDE1 /* CommonConstant.swift */; };
		A8C4BB261B5BE72A00ACDA01 /* CalendarDataSource.swift in Sources */ = {isa = PBXBuildFile; fileRef = A8C4BB251B5BE72A00ACDA01 /* CalendarDataSource.swift */; };
		A8D58A5619C1EB0F00EEFC98 /* AppDelegate.swift in Sources */ = {isa = PBXBuildFile; fileRef = A8D58A5519C1EB0F00EEFC98 /* AppDelegate.swift */; };
		A8D58A5919C1EB0F00EEFC98 /* WhereRU.xcdatamodeld in Sources */ = {isa = PBXBuildFile; fileRef = A8D58A5719C1EB0F00EEFC98 /* WhereRU.xcdatamodeld */; };
		A8D58A5B19C1EB0F00EEFC98 /* LoginViewController.swift in Sources */ = {isa = PBXBuildFile; fileRef = A8D58A5A19C1EB0F00EEFC98 /* LoginViewController.swift */; };
		A8D58A5E19C1EB0F00EEFC98 /* Main.storyboard in Resources */ = {isa = PBXBuildFile; fileRef = A8D58A5C19C1EB0F00EEFC98 /* Main.storyboard */; };
		A8D58A6019C1EB0F00EEFC98 /* Images.xcassets in Resources */ = {isa = PBXBuildFile; fileRef = A8D58A5F19C1EB0F00EEFC98 /* Images.xcassets */; };
		A8D58A6319C1EB0F00EEFC98 /* LaunchScreen.xib in Resources */ = {isa = PBXBuildFile; fileRef = A8D58A6119C1EB0F00EEFC98 /* LaunchScreen.xib */; };
		A8D58A6F19C1EB0F00EEFC98 /* WhereRUTests.swift in Sources */ = {isa = PBXBuildFile; fileRef = A8D58A6E19C1EB0F00EEFC98 /* WhereRUTests.swift */; };
		A8DBE1961B8ED93D00A32EEE /* ChineseNameIndex.swift in Sources */ = {isa = PBXBuildFile; fileRef = A8DBE1951B8ED93D00A32EEE /* ChineseNameIndex.swift */; };
		A8E0F7341B9A895300F8FA68 /* Token.swift in Sources */ = {isa = PBXBuildFile; fileRef = A8E0F7331B9A895300F8FA68 /* Token.swift */; };
		A8E0F7361B9A898500F8FA68 /* TokenView.swift in Sources */ = {isa = PBXBuildFile; fileRef = A8E0F7351B9A898500F8FA68 /* TokenView.swift */; };
		A8E0F7381B9A89A300F8FA68 /* TokenInputView.swift in Sources */ = {isa = PBXBuildFile; fileRef = A8E0F7371B9A89A300F8FA68 /* TokenInputView.swift */; };
		A8E0F73A1B9A89EA00F8FA68 /* BackspaceDetectingTextField.swift in Sources */ = {isa = PBXBuildFile; fileRef = A8E0F7391B9A89EA00F8FA68 /* BackspaceDetectingTextField.swift */; };
		A8E0FD5B1B27D3E5005102C1 /* Utility.swift in Sources */ = {isa = PBXBuildFile; fileRef = A8E0FD5A1B27D3E5005102C1 /* Utility.swift */; };
		A8E1E7621B4AC45100B7C6AF /* CalendarDataCache.swift in Sources */ = {isa = PBXBuildFile; fileRef = A8E1E7611B4AC45100B7C6AF /* CalendarDataCache.swift */; };
		A8E1E7641B4AC47E00B7C6AF /* CalendarDayView.swift in Sources */ = {isa = PBXBuildFile; fileRef = A8E1E7631B4AC47E00B7C6AF /* CalendarDayView.swift */; };
		A8E1E7681B4AC66500B7C6AF /* CalendarMonthView.swift in Sources */ = {isa = PBXBuildFile; fileRef = A8E1E7671B4AC66500B7C6AF /* CalendarMonthView.swift */; };
		A8E1E76A1B4AC67900B7C6AF /* CalendarMonthWeekDaysView.swift in Sources */ = {isa = PBXBuildFile; fileRef = A8E1E7691B4AC67900B7C6AF /* CalendarMonthWeekDaysView.swift */; };
		A8E1E76E1B4AC6AB00B7C6AF /* CalendarWeekView.swift in Sources */ = {isa = PBXBuildFile; fileRef = A8E1E76D1B4AC6AB00B7C6AF /* CalendarWeekView.swift */; };
		A8E1E7701B4AC71500B7C6AF /* CircleView.swift in Sources */ = {isa = PBXBuildFile; fileRef = A8E1E76F1B4AC71500B7C6AF /* CircleView.swift */; };
		A8E2FEEB1B4975A2009F3608 /* CalendarView.swift in Sources */ = {isa = PBXBuildFile; fileRef = A8E2FEEA1B4975A2009F3608 /* CalendarView.swift */; };
		A8E2FEEF1B497DA1009F3608 /* CalendarAppearance.swift in Sources */ = {isa = PBXBuildFile; fileRef = A8E2FEEE1B497DA1009F3608 /* CalendarAppearance.swift */; };
		A8E2FEF11B497F59009F3608 /* CalendarContentView.swift in Sources */ = {isa = PBXBuildFile; fileRef = A8E2FEF01B497F59009F3608 /* CalendarContentView.swift */; };
		A8E548101B837B98006763A2 /* CalendarDropDownMonthMenuView.swift in Sources */ = {isa = PBXBuildFile; fileRef = A8E5480F1B837B98006763A2 /* CalendarDropDownMonthMenuView.swift */; };
		A8E64E4D1B8E111700D7B75A /* pinyin.c in Sources */ = {isa = PBXBuildFile; fileRef = A8E64E4C1B8E111700D7B75A /* pinyin.c */; };
		A8E7A4EE1A1ECBA700C4DCA9 /* AddFollowingViewController.swift in Sources */ = {isa = PBXBuildFile; fileRef = A8E7A4ED1A1ECBA700C4DCA9 /* AddFollowingViewController.swift */; };
		A8F665701AA066B90077A927 /* InviteTableViewCell.swift in Sources */ = {isa = PBXBuildFile; fileRef = A8F6656F1AA066B90077A927 /* InviteTableViewCell.swift */; };
		A8F6D1A71B47AE0600C87556 /* HomeViewController.swift in Sources */ = {isa = PBXBuildFile; fileRef = A8F6D1A61B47AE0600C87556 /* HomeViewController.swift */; };
		A8F6D1AB1B47C48A00C87556 /* MenuTableViewCell.swift in Sources */ = {isa = PBXBuildFile; fileRef = A8F6D1AA1B47C48A00C87556 /* MenuTableViewCell.swift */; };
		A8F6D1AE1B48199900C87556 /* EventCell.swift in Sources */ = {isa = PBXBuildFile; fileRef = A8F6D1AC1B48199900C87556 /* EventCell.swift */; };
		A8F6D1AF1B48199900C87556 /* EventCell.xib in Resources */ = {isa = PBXBuildFile; fileRef = A8F6D1AD1B48199900C87556 /* EventCell.xib */; };
		C528311741F978231D3BEB18 /* libPods.a in Frameworks */ = {isa = PBXBuildFile; fileRef = F97B800D8B23C5C2FAD9440F /* libPods.a */; };
/* End PBXBuildFile section */

/* Begin PBXContainerItemProxy section */
		A814C8E819CFF47A00735E7B /* PBXContainerItemProxy */ = {
			isa = PBXContainerItemProxy;
			containerPortal = A8D58A4819C1EB0F00EEFC98 /* Project object */;
			proxyType = 1;
			remoteGlobalIDString = A8D58A4F19C1EB0F00EEFC98;
			remoteInfo = WhereRU;
		};
		A814C8EF19CFF47A00735E7B /* PBXContainerItemProxy */ = {
			isa = PBXContainerItemProxy;
			containerPortal = A8D58A4819C1EB0F00EEFC98 /* Project object */;
			proxyType = 1;
			remoteGlobalIDString = A814C8DC19CFF47A00735E7B;
			remoteInfo = avatarImageView;
		};
		A814C8F319CFF47A00735E7B /* PBXContainerItemProxy */ = {
			isa = PBXContainerItemProxy;
			containerPortal = A8D58A4819C1EB0F00EEFC98 /* Project object */;
			proxyType = 1;
			remoteGlobalIDString = A814C8DC19CFF47A00735E7B;
			remoteInfo = avatarImageView;
		};
		A8D58A6919C1EB0F00EEFC98 /* PBXContainerItemProxy */ = {
			isa = PBXContainerItemProxy;
			containerPortal = A8D58A4819C1EB0F00EEFC98 /* Project object */;
			proxyType = 1;
			remoteGlobalIDString = A8D58A4F19C1EB0F00EEFC98;
			remoteInfo = WhereRU;
		};
/* End PBXContainerItemProxy section */

/* Begin PBXCopyFilesBuildPhase section */
		A814C8F819CFF47A00735E7B /* Embed Frameworks */ = {
			isa = PBXCopyFilesBuildPhase;
			buildActionMask = 2147483647;
			dstPath = "";
			dstSubfolderSpec = 10;
			files = (
				A814C8F219CFF47A00735E7B /* avatarImageView.framework in Embed Frameworks */,
			);
			name = "Embed Frameworks";
			runOnlyForDeploymentPostprocessing = 0;
		};
/* End PBXCopyFilesBuildPhase section */

/* Begin PBXFileReference section */
		A33BB9B7AA719B13BE841C77 /* Pods.debug.xcconfig */ = {isa = PBXFileReference; includeInIndex = 1; lastKnownFileType = text.xcconfig; name = Pods.debug.xcconfig; path = "Pods/Target Support Files/Pods/Pods.debug.xcconfig"; sourceTree = "<group>"; };
		A806B91D1A35A049004C8D9F /* ParticipatorCollectionViewCell.swift */ = {isa = PBXFileReference; fileEncoding = 4; lastKnownFileType = sourcecode.swift; path = ParticipatorCollectionViewCell.swift; sourceTree = "<group>"; };
		A811A23819D407EC0079B7F8 /* MyViewController.swift */ = {isa = PBXFileReference; fileEncoding = 4; lastKnownFileType = sourcecode.swift; path = MyViewController.swift; sourceTree = "<group>"; };
		A811A24019D40E4A0079B7F8 /* WhereRU-Bridging-Header.h */ = {isa = PBXFileReference; lastKnownFileType = sourcecode.c.h; path = "WhereRU-Bridging-Header.h"; sourceTree = "<group>"; };
		A8131B7F1B88041B00BFE3FD /* RootViewController.swift */ = {isa = PBXFileReference; fileEncoding = 4; lastKnownFileType = sourcecode.swift; name = RootViewController.swift; path = WhereRU/RootViewController.swift; sourceTree = SOURCE_ROOT; };
		A814C8D619CFECB600735E7B /* SignUpViewControllerDelegate.swift */ = {isa = PBXFileReference; fileEncoding = 4; lastKnownFileType = sourcecode.swift; path = SignUpViewControllerDelegate.swift; sourceTree = "<group>"; };
		A814C8DD19CFF47A00735E7B /* avatarImageView.framework */ = {isa = PBXFileReference; explicitFileType = wrapper.framework; includeInIndex = 0; path = avatarImageView.framework; sourceTree = BUILT_PRODUCTS_DIR; };
		A814C8E019CFF47A00735E7B /* Info.plist */ = {isa = PBXFileReference; lastKnownFileType = text.plist.xml; path = Info.plist; sourceTree = "<group>"; };
		A814C8E119CFF47A00735E7B /* avatarImageView.h */ = {isa = PBXFileReference; lastKnownFileType = sourcecode.c.h; path = avatarImageView.h; sourceTree = "<group>"; };
		A814C8E719CFF47A00735E7B /* avatarImageViewTests.xctest */ = {isa = PBXFileReference; explicitFileType = wrapper.cfbundle; includeInIndex = 0; path = avatarImageViewTests.xctest; sourceTree = BUILT_PRODUCTS_DIR; };
		A814C90019CFFC5400735E7B /* avatarImageView.swift */ = {isa = PBXFileReference; fileEncoding = 4; lastKnownFileType = sourcecode.swift; path = avatarImageView.swift; sourceTree = "<group>"; };
		A827BA941B88B6D200B54C03 /* MenuViewController.swift */ = {isa = PBXFileReference; fileEncoding = 4; lastKnownFileType = sourcecode.swift; name = MenuViewController.swift; path = WhereRU/MenuViewController.swift; sourceTree = SOURCE_ROOT; };
		A84CD40C1B634E750030214B /* CalendarViewController.swift */ = {isa = PBXFileReference; fileEncoding = 4; lastKnownFileType = sourcecode.swift; path = CalendarViewController.swift; sourceTree = "<group>"; };
		A86221C41C09F1F50044D4A3 /* SubmitButton.swift */ = {isa = PBXFileReference; fileEncoding = 4; lastKnownFileType = sourcecode.swift; path = SubmitButton.swift; sourceTree = "<group>"; };
		A86221C71C09F6010044D4A3 /* NSTimerEx.swift */ = {isa = PBXFileReference; fileEncoding = 4; lastKnownFileType = sourcecode.swift; path = NSTimerEx.swift; sourceTree = "<group>"; };
		A86221C81C09F6010044D4A3 /* SpinerLayer.swift */ = {isa = PBXFileReference; fileEncoding = 4; lastKnownFileType = sourcecode.swift; path = SpinerLayer.swift; sourceTree = "<group>"; };
		A86221CB1C09F7D20044D4A3 /* CGRectEx.swift */ = {isa = PBXFileReference; fileEncoding = 4; lastKnownFileType = sourcecode.swift; path = CGRectEx.swift; sourceTree = "<group>"; };
		A87C80701B00F6A500A8B6B4 /* WelcomeBackViewController.swift */ = {isa = PBXFileReference; fileEncoding = 4; lastKnownFileType = sourcecode.swift; path = WelcomeBackViewController.swift; sourceTree = "<group>"; };
		A87ED7961B1E00DA0059A1A3 /* Friend.swift */ = {isa = PBXFileReference; fileEncoding = 4; lastKnownFileType = sourcecode.swift; path = Friend.swift; sourceTree = "<group>"; };
		A88A55A51AFBB9BE00514B13 /* AddFriendTableViewCell.swift */ = {isa = PBXFileReference; fileEncoding = 4; lastKnownFileType = sourcecode.swift; path = AddFriendTableViewCell.swift; sourceTree = "<group>"; };
		A88A55A61AFBB9BE00514B13 /* AddFriendTableViewCell.xib */ = {isa = PBXFileReference; fileEncoding = 4; lastKnownFileType = file.xib; path = AddFriendTableViewCell.xib; sourceTree = "<group>"; };
		A8ABCCDF1A58115800965031 /* Event.swift */ = {isa = PBXFileReference; fileEncoding = 4; lastKnownFileType = sourcecode.swift; path = Event.swift; sourceTree = "<group>"; };
		A8B77A061B8B647E0012EE16 /* UserCell.swift */ = {isa = PBXFileReference; fileEncoding = 4; lastKnownFileType = sourcecode.swift; path = UserCell.swift; sourceTree = "<group>"; };
		A8B77A071B8B647E0012EE16 /* UserCell.xib */ = {isa = PBXFileReference; fileEncoding = 4; lastKnownFileType = file.xib; path = UserCell.xib; sourceTree = "<group>"; };
		A8B8A12019FF0D310000FB6F /* EventTableViewCell.swift */ = {isa = PBXFileReference; fileEncoding = 4; lastKnownFileType = sourcecode.swift; path = EventTableViewCell.swift; sourceTree = "<group>"; };
		A8B8A1241A07C7520000FB6F /* ContactTableViewCell.swift */ = {isa = PBXFileReference; fileEncoding = 4; lastKnownFileType = sourcecode.swift; path = ContactTableViewCell.swift; sourceTree = "<group>"; };
		A8B8A1261A07C7890000FB6F /* FollowingViewController.swift */ = {isa = PBXFileReference; fileEncoding = 4; lastKnownFileType = sourcecode.swift; path = FollowingViewController.swift; sourceTree = "<group>"; };
		A8B8A1901A1250280000FB6F /* User.swift */ = {isa = PBXFileReference; fileEncoding = 4; lastKnownFileType = sourcecode.swift; path = User.swift; sourceTree = "<group>"; };
		A8B975281B82246900B2A288 /* CalendarTitleView.swift */ = {isa = PBXFileReference; fileEncoding = 4; lastKnownFileType = sourcecode.swift; path = CalendarTitleView.swift; sourceTree = "<group>"; };
		A8BDD0CA1A53DAEC006DFD7B /* AddParticipantsViewController.swift */ = {isa = PBXFileReference; fileEncoding = 4; lastKnownFileType = sourcecode.swift; path = AddParticipantsViewController.swift; sourceTree = "<group>"; };
		A8BDD0CC1A553224006DFD7B /* AddParticipantTableViewCell.swift */ = {isa = PBXFileReference; fileEncoding = 4; lastKnownFileType = sourcecode.swift; path = AddParticipantTableViewCell.swift; sourceTree = "<group>"; };
		A8C25CF21A7B456F001EFDE1 /* CommonConstant.swift */ = {isa = PBXFileReference; fileEncoding = 4; lastKnownFileType = sourcecode.swift; path = CommonConstant.swift; sourceTree = "<group>"; };
		A8C4BB251B5BE72A00ACDA01 /* CalendarDataSource.swift */ = {isa = PBXFileReference; fileEncoding = 4; lastKnownFileType = sourcecode.swift; path = CalendarDataSource.swift; sourceTree = "<group>"; };
		A8D58A5019C1EB0F00EEFC98 /* WhereRU.app */ = {isa = PBXFileReference; explicitFileType = wrapper.application; includeInIndex = 0; path = WhereRU.app; sourceTree = BUILT_PRODUCTS_DIR; };
		A8D58A5419C1EB0F00EEFC98 /* Info.plist */ = {isa = PBXFileReference; lastKnownFileType = text.plist.xml; path = Info.plist; sourceTree = "<group>"; };
		A8D58A5519C1EB0F00EEFC98 /* AppDelegate.swift */ = {isa = PBXFileReference; lastKnownFileType = sourcecode.swift; path = AppDelegate.swift; sourceTree = "<group>"; };
		A8D58A5819C1EB0F00EEFC98 /* WhereRU.xcdatamodel */ = {isa = PBXFileReference; lastKnownFileType = wrapper.xcdatamodel; path = WhereRU.xcdatamodel; sourceTree = "<group>"; };
		A8D58A5A19C1EB0F00EEFC98 /* LoginViewController.swift */ = {isa = PBXFileReference; lastKnownFileType = sourcecode.swift; path = LoginViewController.swift; sourceTree = "<group>"; };
		A8D58A5D19C1EB0F00EEFC98 /* Base */ = {isa = PBXFileReference; lastKnownFileType = file.storyboard; name = Base; path = Base.lproj/Main.storyboard; sourceTree = "<group>"; };
		A8D58A5F19C1EB0F00EEFC98 /* Images.xcassets */ = {isa = PBXFileReference; lastKnownFileType = folder.assetcatalog; path = Images.xcassets; sourceTree = "<group>"; };
		A8D58A6219C1EB0F00EEFC98 /* Base */ = {isa = PBXFileReference; lastKnownFileType = file.xib; name = Base; path = Base.lproj/LaunchScreen.xib; sourceTree = "<group>"; };
		A8D58A6819C1EB0F00EEFC98 /* WhereRUTests.xctest */ = {isa = PBXFileReference; explicitFileType = wrapper.cfbundle; includeInIndex = 0; path = WhereRUTests.xctest; sourceTree = BUILT_PRODUCTS_DIR; };
		A8D58A6D19C1EB0F00EEFC98 /* Info.plist */ = {isa = PBXFileReference; lastKnownFileType = text.plist.xml; path = Info.plist; sourceTree = "<group>"; };
		A8D58A6E19C1EB0F00EEFC98 /* WhereRUTests.swift */ = {isa = PBXFileReference; lastKnownFileType = sourcecode.swift; path = WhereRUTests.swift; sourceTree = "<group>"; };
		A8DBE1951B8ED93D00A32EEE /* ChineseNameIndex.swift */ = {isa = PBXFileReference; fileEncoding = 4; lastKnownFileType = sourcecode.swift; path = ChineseNameIndex.swift; sourceTree = "<group>"; };
		A8E0F7331B9A895300F8FA68 /* Token.swift */ = {isa = PBXFileReference; fileEncoding = 4; lastKnownFileType = sourcecode.swift; path = Token.swift; sourceTree = "<group>"; };
		A8E0F7351B9A898500F8FA68 /* TokenView.swift */ = {isa = PBXFileReference; fileEncoding = 4; lastKnownFileType = sourcecode.swift; path = TokenView.swift; sourceTree = "<group>"; };
		A8E0F7371B9A89A300F8FA68 /* TokenInputView.swift */ = {isa = PBXFileReference; fileEncoding = 4; lastKnownFileType = sourcecode.swift; path = TokenInputView.swift; sourceTree = "<group>"; };
		A8E0F7391B9A89EA00F8FA68 /* BackspaceDetectingTextField.swift */ = {isa = PBXFileReference; fileEncoding = 4; lastKnownFileType = sourcecode.swift; path = BackspaceDetectingTextField.swift; sourceTree = "<group>"; };
		A8E0FD5A1B27D3E5005102C1 /* Utility.swift */ = {isa = PBXFileReference; fileEncoding = 4; lastKnownFileType = sourcecode.swift; path = Utility.swift; sourceTree = "<group>"; };
		A8E1E7611B4AC45100B7C6AF /* CalendarDataCache.swift */ = {isa = PBXFileReference; fileEncoding = 4; lastKnownFileType = sourcecode.swift; path = CalendarDataCache.swift; sourceTree = "<group>"; };
		A8E1E7631B4AC47E00B7C6AF /* CalendarDayView.swift */ = {isa = PBXFileReference; fileEncoding = 4; lastKnownFileType = sourcecode.swift; path = CalendarDayView.swift; sourceTree = "<group>"; };
		A8E1E7671B4AC66500B7C6AF /* CalendarMonthView.swift */ = {isa = PBXFileReference; fileEncoding = 4; lastKnownFileType = sourcecode.swift; path = CalendarMonthView.swift; sourceTree = "<group>"; };
		A8E1E7691B4AC67900B7C6AF /* CalendarMonthWeekDaysView.swift */ = {isa = PBXFileReference; fileEncoding = 4; lastKnownFileType = sourcecode.swift; path = CalendarMonthWeekDaysView.swift; sourceTree = "<group>"; };
		A8E1E76D1B4AC6AB00B7C6AF /* CalendarWeekView.swift */ = {isa = PBXFileReference; fileEncoding = 4; lastKnownFileType = sourcecode.swift; path = CalendarWeekView.swift; sourceTree = "<group>"; };
		A8E1E76F1B4AC71500B7C6AF /* CircleView.swift */ = {isa = PBXFileReference; fileEncoding = 4; lastKnownFileType = sourcecode.swift; path = CircleView.swift; sourceTree = "<group>"; };
		A8E2FEEA1B4975A2009F3608 /* CalendarView.swift */ = {isa = PBXFileReference; fileEncoding = 4; lastKnownFileType = sourcecode.swift; path = CalendarView.swift; sourceTree = "<group>"; };
		A8E2FEEE1B497DA1009F3608 /* CalendarAppearance.swift */ = {isa = PBXFileReference; fileEncoding = 4; lastKnownFileType = sourcecode.swift; path = CalendarAppearance.swift; sourceTree = "<group>"; };
		A8E2FEF01B497F59009F3608 /* CalendarContentView.swift */ = {isa = PBXFileReference; fileEncoding = 4; lastKnownFileType = sourcecode.swift; path = CalendarContentView.swift; sourceTree = "<group>"; };
		A8E5480F1B837B98006763A2 /* CalendarDropDownMonthMenuView.swift */ = {isa = PBXFileReference; fileEncoding = 4; lastKnownFileType = sourcecode.swift; path = CalendarDropDownMonthMenuView.swift; sourceTree = "<group>"; };
		A8E64E4B1B8E111700D7B75A /* pinyin.h */ = {isa = PBXFileReference; fileEncoding = 4; lastKnownFileType = sourcecode.c.h; path = pinyin.h; sourceTree = "<group>"; };
		A8E64E4C1B8E111700D7B75A /* pinyin.c */ = {isa = PBXFileReference; fileEncoding = 4; lastKnownFileType = sourcecode.c.c; path = pinyin.c; sourceTree = "<group>"; };
		A8E7A4ED1A1ECBA700C4DCA9 /* AddFollowingViewController.swift */ = {isa = PBXFileReference; fileEncoding = 4; lastKnownFileType = sourcecode.swift; path = AddFollowingViewController.swift; sourceTree = "<group>"; };
		A8F6656F1AA066B90077A927 /* InviteTableViewCell.swift */ = {isa = PBXFileReference; fileEncoding = 4; lastKnownFileType = sourcecode.swift; path = InviteTableViewCell.swift; sourceTree = "<group>"; };
		A8F6D1A61B47AE0600C87556 /* HomeViewController.swift */ = {isa = PBXFileReference; fileEncoding = 4; lastKnownFileType = sourcecode.swift; name = HomeViewController.swift; path = ../HomeViewController.swift; sourceTree = "<group>"; };
		A8F6D1AA1B47C48A00C87556 /* MenuTableViewCell.swift */ = {isa = PBXFileReference; fileEncoding = 4; lastKnownFileType = sourcecode.swift; path = MenuTableViewCell.swift; sourceTree = "<group>"; };
		A8F6D1AC1B48199900C87556 /* EventCell.swift */ = {isa = PBXFileReference; fileEncoding = 4; lastKnownFileType = sourcecode.swift; path = EventCell.swift; sourceTree = "<group>"; };
		A8F6D1AD1B48199900C87556 /* EventCell.xib */ = {isa = PBXFileReference; fileEncoding = 4; lastKnownFileType = file.xib; path = EventCell.xib; sourceTree = "<group>"; };
		AD89DB976DA14163BD3289AD /* Pods.release.xcconfig */ = {isa = PBXFileReference; includeInIndex = 1; lastKnownFileType = text.xcconfig; name = Pods.release.xcconfig; path = "Pods/Target Support Files/Pods/Pods.release.xcconfig"; sourceTree = "<group>"; };
		F97B800D8B23C5C2FAD9440F /* libPods.a */ = {isa = PBXFileReference; explicitFileType = archive.ar; includeInIndex = 0; path = libPods.a; sourceTree = BUILT_PRODUCTS_DIR; };
/* End PBXFileReference section */

/* Begin PBXFrameworksBuildPhase section */
		A814C8D919CFF47A00735E7B /* Frameworks */ = {
			isa = PBXFrameworksBuildPhase;
			buildActionMask = 2147483647;
			files = (
			);
			runOnlyForDeploymentPostprocessing = 0;
		};
		A814C8E419CFF47A00735E7B /* Frameworks */ = {
			isa = PBXFrameworksBuildPhase;
			buildActionMask = 2147483647;
			files = (
			);
			runOnlyForDeploymentPostprocessing = 0;
		};
		A8D58A4D19C1EB0F00EEFC98 /* Frameworks */ = {
			isa = PBXFrameworksBuildPhase;
			buildActionMask = 2147483647;
			files = (
				A814C8F119CFF47A00735E7B /* avatarImageView.framework in Frameworks */,
				C528311741F978231D3BEB18 /* libPods.a in Frameworks */,
			);
			runOnlyForDeploymentPostprocessing = 0;
		};
		A8D58A6519C1EB0F00EEFC98 /* Frameworks */ = {
			isa = PBXFrameworksBuildPhase;
			buildActionMask = 2147483647;
			files = (
			);
			runOnlyForDeploymentPostprocessing = 0;
		};
/* End PBXFrameworksBuildPhase section */

/* Begin PBXGroup section */
		8633DF66E65DC72914821CCD /* Pods */ = {
			isa = PBXGroup;
			children = (
				A33BB9B7AA719B13BE841C77 /* Pods.debug.xcconfig */,
				AD89DB976DA14163BD3289AD /* Pods.release.xcconfig */,
			);
			name = Pods;
			sourceTree = "<group>";
		};
		A80D9DAC1B4A663800CAF88A /* Menu */ = {
			isa = PBXGroup;
			children = (
				A827BA941B88B6D200B54C03 /* MenuViewController.swift */,
				A8131B7F1B88041B00BFE3FD /* RootViewController.swift */,
			);
			name = Menu;
			path = GuillotineMenu;
			sourceTree = "<group>";
		};
		A814C8DE19CFF47A00735E7B /* avatarImageView */ = {
			isa = PBXGroup;
			children = (
				A814C8E119CFF47A00735E7B /* avatarImageView.h */,
				A814C90019CFFC5400735E7B /* avatarImageView.swift */,
				A814C8DF19CFF47A00735E7B /* Supporting Files */,
			);
			path = avatarImageView;
			sourceTree = "<group>";
		};
		A814C8DF19CFF47A00735E7B /* Supporting Files */ = {
			isa = PBXGroup;
			children = (
				A814C8E019CFF47A00735E7B /* Info.plist */,
			);
			name = "Supporting Files";
			sourceTree = "<group>";
		};
		A814C90419D01BF100735E7B /* IBDesignableViews */ = {
			isa = PBXGroup;
			children = (
				A814C8DE19CFF47A00735E7B /* avatarImageView */,
			);
			name = IBDesignableViews;
			sourceTree = "<group>";
		};
		A86221C61C09F5830044D4A3 /* SubmitButton */ = {
			isa = PBXGroup;
			children = (
				A86221CB1C09F7D20044D4A3 /* CGRectEx.swift */,
				A86221C71C09F6010044D4A3 /* NSTimerEx.swift */,
				A86221C81C09F6010044D4A3 /* SpinerLayer.swift */,
				A86221C41C09F1F50044D4A3 /* SubmitButton.swift */,
			);
			name = SubmitButton;
			sourceTree = "<group>";
		};
		A8760B201B1A079C007D39ED /* Setting */ = {
			isa = PBXGroup;
			children = (
				A811A23819D407EC0079B7F8 /* MyViewController.swift */,
			);
			name = Setting;
			sourceTree = "<group>";
		};
		A87C80721B00FDAB00A8B6B4 /* Login&Signin */ = {
			isa = PBXGroup;
			children = (
				A87C80701B00F6A500A8B6B4 /* WelcomeBackViewController.swift */,
				A814C8D619CFECB600735E7B /* SignUpViewControllerDelegate.swift */,
				A8D58A5A19C1EB0F00EEFC98 /* LoginViewController.swift */,
			);
			name = "Login&Signin";
			sourceTree = "<group>";
		};
		A8B8A12219FF0D470000FB6F /* Controller */ = {
			isa = PBXGroup;
			children = (
				A80D9DAC1B4A663800CAF88A /* Menu */,
				A8F6D1A61B47AE0600C87556 /* HomeViewController.swift */,
				A87C80721B00FDAB00A8B6B4 /* Login&Signin */,
				A8BB16921A6F794D00680CC6 /* Event */,
				A8BB16931A6F799700680CC6 /* Contact */,
				A8760B201B1A079C007D39ED /* Setting */,
			);
			name = Controller;
			sourceTree = "<group>";
		};
		A8B8A12319FF0D520000FB6F /* View */ = {
			isa = PBXGroup;
			children = (
				A8BDD0CC1A553224006DFD7B /* AddParticipantTableViewCell.swift */,
				A8B8A1241A07C7520000FB6F /* ContactTableViewCell.swift */,
				A806B91D1A35A049004C8D9F /* ParticipatorCollectionViewCell.swift */,
				A8B8A12019FF0D310000FB6F /* EventTableViewCell.swift */,
				A8F6656F1AA066B90077A927 /* InviteTableViewCell.swift */,
				A88A55A51AFBB9BE00514B13 /* AddFriendTableViewCell.swift */,
				A88A55A61AFBB9BE00514B13 /* AddFriendTableViewCell.xib */,
				A8E0F7321B9A461000F8FA68 /* Token */,
				A8E2FEED1B49777F009F3608 /* Cells */,
				A8E2FEEC1B497665009F3608 /* Calendar */,
				A86221C61C09F5830044D4A3 /* SubmitButton */,
			);
			name = View;
			sourceTree = "<group>";
		};
		A8B8A18F1A124F0C0000FB6F /* Model */ = {
			isa = PBXGroup;
			children = (
				A87ED7961B1E00DA0059A1A3 /* Friend.swift */,
				A8E0FD5A1B27D3E5005102C1 /* Utility.swift */,
				A8B8A1901A1250280000FB6F /* User.swift */,
				A8ABCCDF1A58115800965031 /* Event.swift */,
			);
			name = Model;
			sourceTree = "<group>";
		};
		A8B8A1921A14F8F00000FB6F /* Utils */ = {
			isa = PBXGroup;
			children = (
				A8DBE1921B8EB62D00A32EEE /* ChineseNameIndex */,
				A8C25CF21A7B456F001EFDE1 /* CommonConstant.swift */,
			);
			name = Utils;
			sourceTree = "<group>";
		};
		A8BB16921A6F794D00680CC6 /* Event */ = {
			isa = PBXGroup;
			children = (
				A8BDD0CA1A53DAEC006DFD7B /* AddParticipantsViewController.swift */,
				A84CD40C1B634E750030214B /* CalendarViewController.swift */,
			);
			name = Event;
			sourceTree = "<group>";
		};
		A8BB16931A6F799700680CC6 /* Contact */ = {
			isa = PBXGroup;
			children = (
				A8B8A1261A07C7890000FB6F /* FollowingViewController.swift */,
				A8E7A4ED1A1ECBA700C4DCA9 /* AddFollowingViewController.swift */,
			);
			name = Contact;
			sourceTree = "<group>";
		};
		A8D58A4719C1EB0F00EEFC98 = {
			isa = PBXGroup;
			children = (
				A8D58A5219C1EB0F00EEFC98 /* WhereRU */,
				A8D58A6B19C1EB0F00EEFC98 /* WhereRUTests */,
				A814C90419D01BF100735E7B /* IBDesignableViews */,
				A8D58A5119C1EB0F00EEFC98 /* Products */,
				FEE12FCDBF1E43C69B3E5840 /* Frameworks */,
				8633DF66E65DC72914821CCD /* Pods */,
			);
			sourceTree = "<group>";
		};
		A8D58A5119C1EB0F00EEFC98 /* Products */ = {
			isa = PBXGroup;
			children = (
				A8D58A5019C1EB0F00EEFC98 /* WhereRU.app */,
				A8D58A6819C1EB0F00EEFC98 /* WhereRUTests.xctest */,
				A814C8DD19CFF47A00735E7B /* avatarImageView.framework */,
				A814C8E719CFF47A00735E7B /* avatarImageViewTests.xctest */,
			);
			name = Products;
			sourceTree = "<group>";
		};
		A8D58A5219C1EB0F00EEFC98 /* WhereRU */ = {
			isa = PBXGroup;
			children = (
				A8B8A1921A14F8F00000FB6F /* Utils */,
				A8B8A18F1A124F0C0000FB6F /* Model */,
				A8B8A12219FF0D470000FB6F /* Controller */,
				A8B8A12319FF0D520000FB6F /* View */,
				A8D58A5C19C1EB0F00EEFC98 /* Main.storyboard */,
				A8D58A5F19C1EB0F00EEFC98 /* Images.xcassets */,
				A8D58A6119C1EB0F00EEFC98 /* LaunchScreen.xib */,
				A8D58A5719C1EB0F00EEFC98 /* WhereRU.xcdatamodeld */,
				A8D58A5519C1EB0F00EEFC98 /* AppDelegate.swift */,
				A8D58A5319C1EB0F00EEFC98 /* Supporting Files */,
				A811A24019D40E4A0079B7F8 /* WhereRU-Bridging-Header.h */,
			);
			path = WhereRU;
			sourceTree = "<group>";
		};
		A8D58A5319C1EB0F00EEFC98 /* Supporting Files */ = {
			isa = PBXGroup;
			children = (
				A8D58A5419C1EB0F00EEFC98 /* Info.plist */,
			);
			name = "Supporting Files";
			sourceTree = "<group>";
		};
		A8D58A6B19C1EB0F00EEFC98 /* WhereRUTests */ = {
			isa = PBXGroup;
			children = (
				A8D58A6E19C1EB0F00EEFC98 /* WhereRUTests.swift */,
				A8D58A6C19C1EB0F00EEFC98 /* Supporting Files */,
			);
			path = WhereRUTests;
			sourceTree = "<group>";
		};
		A8D58A6C19C1EB0F00EEFC98 /* Supporting Files */ = {
			isa = PBXGroup;
			children = (
				A8D58A6D19C1EB0F00EEFC98 /* Info.plist */,
			);
			name = "Supporting Files";
			sourceTree = "<group>";
		};
		A8DBE1921B8EB62D00A32EEE /* ChineseNameIndex */ = {
			isa = PBXGroup;
			children = (
				A8E64E4B1B8E111700D7B75A /* pinyin.h */,
				A8E64E4C1B8E111700D7B75A /* pinyin.c */,
				A8DBE1951B8ED93D00A32EEE /* ChineseNameIndex.swift */,
			);
			name = ChineseNameIndex;
			sourceTree = "<group>";
		};
		A8E0F7321B9A461000F8FA68 /* Token */ = {
			isa = PBXGroup;
			children = (
				A8E0F7331B9A895300F8FA68 /* Token.swift */,
				A8E0F7351B9A898500F8FA68 /* TokenView.swift */,
				A8E0F7371B9A89A300F8FA68 /* TokenInputView.swift */,
				A8E0F7391B9A89EA00F8FA68 /* BackspaceDetectingTextField.swift */,
			);
			name = Token;
			sourceTree = "<group>";
		};
		A8E2FEEC1B497665009F3608 /* Calendar */ = {
			isa = PBXGroup;
			children = (
				A8E2FEEA1B4975A2009F3608 /* CalendarView.swift */,
				A8E2FEEE1B497DA1009F3608 /* CalendarAppearance.swift */,
				A8E2FEF01B497F59009F3608 /* CalendarContentView.swift */,
				A8E1E7611B4AC45100B7C6AF /* CalendarDataCache.swift */,
				A8E1E7631B4AC47E00B7C6AF /* CalendarDayView.swift */,
				A8E1E7671B4AC66500B7C6AF /* CalendarMonthView.swift */,
				A8E1E7691B4AC67900B7C6AF /* CalendarMonthWeekDaysView.swift */,
				A8E1E76D1B4AC6AB00B7C6AF /* CalendarWeekView.swift */,
				A8E1E76F1B4AC71500B7C6AF /* CircleView.swift */,
				A8C4BB251B5BE72A00ACDA01 /* CalendarDataSource.swift */,
				A8B975281B82246900B2A288 /* CalendarTitleView.swift */,
				A8E5480F1B837B98006763A2 /* CalendarDropDownMonthMenuView.swift */,
			);
			name = Calendar;
			sourceTree = "<group>";
		};
		A8E2FEED1B49777F009F3608 /* Cells */ = {
			isa = PBXGroup;
			children = (
				A8F6D1AA1B47C48A00C87556 /* MenuTableViewCell.swift */,
				A8F6D1AC1B48199900C87556 /* EventCell.swift */,
				A8F6D1AD1B48199900C87556 /* EventCell.xib */,
				A8B77A061B8B647E0012EE16 /* UserCell.swift */,
				A8B77A071B8B647E0012EE16 /* UserCell.xib */,
			);
			name = Cells;
			sourceTree = "<group>";
		};
		FEE12FCDBF1E43C69B3E5840 /* Frameworks */ = {
			isa = PBXGroup;
			children = (
				F97B800D8B23C5C2FAD9440F /* libPods.a */,
			);
			name = Frameworks;
			sourceTree = "<group>";
		};
/* End PBXGroup section */

/* Begin PBXHeadersBuildPhase section */
		A814C8DA19CFF47A00735E7B /* Headers */ = {
			isa = PBXHeadersBuildPhase;
			buildActionMask = 2147483647;
			files = (
				A814C8E219CFF47A00735E7B /* avatarImageView.h in Headers */,
			);
			runOnlyForDeploymentPostprocessing = 0;
		};
/* End PBXHeadersBuildPhase section */

/* Begin PBXNativeTarget section */
		A814C8DC19CFF47A00735E7B /* avatarImageView */ = {
			isa = PBXNativeTarget;
			buildConfigurationList = A814C8F519CFF47A00735E7B /* Build configuration list for PBXNativeTarget "avatarImageView" */;
			buildPhases = (
				A814C8D819CFF47A00735E7B /* Sources */,
				A814C8D919CFF47A00735E7B /* Frameworks */,
				A814C8DA19CFF47A00735E7B /* Headers */,
				A814C8DB19CFF47A00735E7B /* Resources */,
			);
			buildRules = (
			);
			dependencies = (
			);
			name = avatarImageView;
			productName = avatarImageView;
			productReference = A814C8DD19CFF47A00735E7B /* avatarImageView.framework */;
			productType = "com.apple.product-type.framework";
		};
		A814C8E619CFF47A00735E7B /* avatarImageViewTests */ = {
			isa = PBXNativeTarget;
			buildConfigurationList = A814C8F919CFF47A00735E7B /* Build configuration list for PBXNativeTarget "avatarImageViewTests" */;
			buildPhases = (
				A814C8E319CFF47A00735E7B /* Sources */,
				A814C8E419CFF47A00735E7B /* Frameworks */,
				A814C8E519CFF47A00735E7B /* Resources */,
			);
			buildRules = (
			);
			dependencies = (
				A814C8E919CFF47A00735E7B /* PBXTargetDependency */,
			);
			name = avatarImageViewTests;
			productName = avatarImageViewTests;
			productReference = A814C8E719CFF47A00735E7B /* avatarImageViewTests.xctest */;
			productType = "com.apple.product-type.bundle.unit-test";
		};
		A8D58A4F19C1EB0F00EEFC98 /* WhereRU */ = {
			isa = PBXNativeTarget;
			buildConfigurationList = A8D58A7219C1EB0F00EEFC98 /* Build configuration list for PBXNativeTarget "WhereRU" */;
			buildPhases = (
				4E2E4656017E48CAB871BB89 /* Check Pods Manifest.lock */,
				A8D58A4C19C1EB0F00EEFC98 /* Sources */,
				A8D58A4D19C1EB0F00EEFC98 /* Frameworks */,
				A8D58A4E19C1EB0F00EEFC98 /* Resources */,
				98502DFB95784ADD9B58BD81 /* Copy Pods Resources */,
				A814C8F819CFF47A00735E7B /* Embed Frameworks */,
				3EBBBF3D704AA9F392851CBC /* Embed Pods Frameworks */,
			);
			buildRules = (
			);
			dependencies = (
				A814C8F019CFF47A00735E7B /* PBXTargetDependency */,
				A814C8F419CFF47A00735E7B /* PBXTargetDependency */,
			);
			name = WhereRU;
			productName = WhereRU;
			productReference = A8D58A5019C1EB0F00EEFC98 /* WhereRU.app */;
			productType = "com.apple.product-type.application";
		};
		A8D58A6719C1EB0F00EEFC98 /* WhereRUTests */ = {
			isa = PBXNativeTarget;
			buildConfigurationList = A8D58A7519C1EB0F00EEFC98 /* Build configuration list for PBXNativeTarget "WhereRUTests" */;
			buildPhases = (
				A8D58A6419C1EB0F00EEFC98 /* Sources */,
				A8D58A6519C1EB0F00EEFC98 /* Frameworks */,
				A8D58A6619C1EB0F00EEFC98 /* Resources */,
			);
			buildRules = (
			);
			dependencies = (
				A8D58A6A19C1EB0F00EEFC98 /* PBXTargetDependency */,
			);
			name = WhereRUTests;
			productName = WhereRUTests;
			productReference = A8D58A6819C1EB0F00EEFC98 /* WhereRUTests.xctest */;
			productType = "com.apple.product-type.bundle.unit-test";
		};
/* End PBXNativeTarget section */

/* Begin PBXProject section */
		A8D58A4819C1EB0F00EEFC98 /* Project object */ = {
			isa = PBXProject;
			attributes = {
				LastSwiftMigration = 0710;
				LastSwiftUpdateCheck = 0710;
				LastUpgradeCheck = 0710;
				ORGANIZATIONNAME = RInz;
				TargetAttributes = {
					A814C8DC19CFF47A00735E7B = {
						CreatedOnToolsVersion = 6.0.1;
						DevelopmentTeam = SNC6RGUH57;
					};
					A814C8E619CFF47A00735E7B = {
						CreatedOnToolsVersion = 6.0.1;
						TestTargetID = A8D58A4F19C1EB0F00EEFC98;
					};
					A8D58A4F19C1EB0F00EEFC98 = {
						CreatedOnToolsVersion = 6.0;
						DevelopmentTeam = SNC6RGUH57;
						SystemCapabilities = {
							com.apple.BackgroundModes = {
								enabled = 0;
							};
						};
					};
					A8D58A6719C1EB0F00EEFC98 = {
						CreatedOnToolsVersion = 6.0;
						TestTargetID = A8D58A4F19C1EB0F00EEFC98;
					};
				};
			};
			buildConfigurationList = A8D58A4B19C1EB0F00EEFC98 /* Build configuration list for PBXProject "WhereRU" */;
			compatibilityVersion = "Xcode 3.2";
			developmentRegion = English;
			hasScannedForEncodings = 0;
			knownRegions = (
				en,
				Base,
				"zh-Hans",
			);
			mainGroup = A8D58A4719C1EB0F00EEFC98;
			productRefGroup = A8D58A5119C1EB0F00EEFC98 /* Products */;
			projectDirPath = "";
			projectRoot = "";
			targets = (
				A8D58A4F19C1EB0F00EEFC98 /* WhereRU */,
				A8D58A6719C1EB0F00EEFC98 /* WhereRUTests */,
				A814C8DC19CFF47A00735E7B /* avatarImageView */,
				A814C8E619CFF47A00735E7B /* avatarImageViewTests */,
			);
		};
/* End PBXProject section */

/* Begin PBXResourcesBuildPhase section */
		A814C8DB19CFF47A00735E7B /* Resources */ = {
			isa = PBXResourcesBuildPhase;
			buildActionMask = 2147483647;
			files = (
			);
			runOnlyForDeploymentPostprocessing = 0;
		};
		A814C8E519CFF47A00735E7B /* Resources */ = {
			isa = PBXResourcesBuildPhase;
			buildActionMask = 2147483647;
			files = (
			);
			runOnlyForDeploymentPostprocessing = 0;
		};
		A8D58A4E19C1EB0F00EEFC98 /* Resources */ = {
			isa = PBXResourcesBuildPhase;
			buildActionMask = 2147483647;
			files = (
				A8D58A5E19C1EB0F00EEFC98 /* Main.storyboard in Resources */,
				A8D58A6319C1EB0F00EEFC98 /* LaunchScreen.xib in Resources */,
				A8B77A091B8B647E0012EE16 /* UserCell.xib in Resources */,
				A8D58A6019C1EB0F00EEFC98 /* Images.xcassets in Resources */,
				A8F6D1AF1B48199900C87556 /* EventCell.xib in Resources */,
				A88A55A81AFBB9BE00514B13 /* AddFriendTableViewCell.xib in Resources */,
			);
			runOnlyForDeploymentPostprocessing = 0;
		};
		A8D58A6619C1EB0F00EEFC98 /* Resources */ = {
			isa = PBXResourcesBuildPhase;
			buildActionMask = 2147483647;
			files = (
			);
			runOnlyForDeploymentPostprocessing = 0;
		};
/* End PBXResourcesBuildPhase section */

/* Begin PBXShellScriptBuildPhase section */
		3EBBBF3D704AA9F392851CBC /* Embed Pods Frameworks */ = {
			isa = PBXShellScriptBuildPhase;
			buildActionMask = 2147483647;
			files = (
			);
			inputPaths = (
			);
			name = "Embed Pods Frameworks";
			outputPaths = (
			);
			runOnlyForDeploymentPostprocessing = 0;
			shellPath = /bin/sh;
			shellScript = "\"${SRCROOT}/Pods/Target Support Files/Pods/Pods-frameworks.sh\"\n";
			showEnvVarsInLog = 0;
		};
		4E2E4656017E48CAB871BB89 /* Check Pods Manifest.lock */ = {
			isa = PBXShellScriptBuildPhase;
			buildActionMask = 2147483647;
			files = (
			);
			inputPaths = (
			);
			name = "Check Pods Manifest.lock";
			outputPaths = (
			);
			runOnlyForDeploymentPostprocessing = 0;
			shellPath = /bin/sh;
			shellScript = "diff \"${PODS_ROOT}/../Podfile.lock\" \"${PODS_ROOT}/Manifest.lock\" > /dev/null\nif [[ $? != 0 ]] ; then\n    cat << EOM\nerror: The sandbox is not in sync with the Podfile.lock. Run 'pod install' or update your CocoaPods installation.\nEOM\n    exit 1\nfi\n";
			showEnvVarsInLog = 0;
		};
		98502DFB95784ADD9B58BD81 /* Copy Pods Resources */ = {
			isa = PBXShellScriptBuildPhase;
			buildActionMask = 2147483647;
			files = (
			);
			inputPaths = (
			);
			name = "Copy Pods Resources";
			outputPaths = (
			);
			runOnlyForDeploymentPostprocessing = 0;
			shellPath = /bin/sh;
			shellScript = "\"${SRCROOT}/Pods/Target Support Files/Pods/Pods-resources.sh\"\n";
			showEnvVarsInLog = 0;
		};
/* End PBXShellScriptBuildPhase section */

/* Begin PBXSourcesBuildPhase section */
		A814C8D819CFF47A00735E7B /* Sources */ = {
			isa = PBXSourcesBuildPhase;
			buildActionMask = 2147483647;
			files = (
				A814C90119CFFC5400735E7B /* avatarImageView.swift in Sources */,
			);
			runOnlyForDeploymentPostprocessing = 0;
		};
		A814C8E319CFF47A00735E7B /* Sources */ = {
			isa = PBXSourcesBuildPhase;
			buildActionMask = 2147483647;
			files = (
			);
			runOnlyForDeploymentPostprocessing = 0;
		};
		A8D58A4C19C1EB0F00EEFC98 /* Sources */ = {
			isa = PBXSourcesBuildPhase;
			buildActionMask = 2147483647;
			files = (
				A8B8A12119FF0D310000FB6F /* EventTableViewCell.swift in Sources */,
				A8E1E7621B4AC45100B7C6AF /* CalendarDataCache.swift in Sources */,
				A814C8D719CFECB600735E7B /* SignUpViewControllerDelegate.swift in Sources */,
				A8D58A5B19C1EB0F00EEFC98 /* LoginViewController.swift in Sources */,
				A8F665701AA066B90077A927 /* InviteTableViewCell.swift in Sources */,
				A8E2FEF11B497F59009F3608 /* CalendarContentView.swift in Sources */,
				A8E0F7341B9A895300F8FA68 /* Token.swift in Sources */,
				A811A23A19D407EC0079B7F8 /* MyViewController.swift in Sources */,
				A8E1E7641B4AC47E00B7C6AF /* CalendarDayView.swift in Sources */,
				A8E0F7361B9A898500F8FA68 /* TokenView.swift in Sources */,
				A86221CA1C09F6010044D4A3 /* SpinerLayer.swift in Sources */,
				A8D58A5919C1EB0F00EEFC98 /* WhereRU.xcdatamodeld in Sources */,
				A8E2FEEB1B4975A2009F3608 /* CalendarView.swift in Sources */,
				A86221CC1C09F7D20044D4A3 /* CGRectEx.swift in Sources */,
				A8F6D1AB1B47C48A00C87556 /* MenuTableViewCell.swift in Sources */,
				A88A55A71AFBB9BE00514B13 /* AddFriendTableViewCell.swift in Sources */,
				A8E1E76E1B4AC6AB00B7C6AF /* CalendarWeekView.swift in Sources */,
				A8C25CF31A7B456F001EFDE1 /* CommonConstant.swift in Sources */,
				A8C4BB261B5BE72A00ACDA01 /* CalendarDataSource.swift in Sources */,
				A86221C51C09F1F50044D4A3 /* SubmitButton.swift in Sources */,
				A8B975291B82246900B2A288 /* CalendarTitleView.swift in Sources */,
				A8B8A1251A07C7520000FB6F /* ContactTableViewCell.swift in Sources */,
				A8DBE1961B8ED93D00A32EEE /* ChineseNameIndex.swift in Sources */,
				A8E0FD5B1B27D3E5005102C1 /* Utility.swift in Sources */,
				A8ABCCE01A58115800965031 /* Event.swift in Sources */,
				A87C80711B00F6A500A8B6B4 /* WelcomeBackViewController.swift in Sources */,
				A8E64E4D1B8E111700D7B75A /* pinyin.c in Sources */,
				A8D58A5619C1EB0F00EEFC98 /* AppDelegate.swift in Sources */,
				A827BA951B88B6D200B54C03 /* MenuViewController.swift in Sources */,
				A8E7A4EE1A1ECBA700C4DCA9 /* AddFollowingViewController.swift in Sources */,
				A8E1E76A1B4AC67900B7C6AF /* CalendarMonthWeekDaysView.swift in Sources */,
				A8E2FEEF1B497DA1009F3608 /* CalendarAppearance.swift in Sources */,
				A806B91E1A35A049004C8D9F /* ParticipatorCollectionViewCell.swift in Sources */,
				A8B8A1271A07C7890000FB6F /* FollowingViewController.swift in Sources */,
				A8E548101B837B98006763A2 /* CalendarDropDownMonthMenuView.swift in Sources */,
				A84CD40D1B634E750030214B /* CalendarViewController.swift in Sources */,
				A8B77A081B8B647E0012EE16 /* UserCell.swift in Sources */,
				A8E0F73A1B9A89EA00F8FA68 /* BackspaceDetectingTextField.swift in Sources */,
				A8E0F7381B9A89A300F8FA68 /* TokenInputView.swift in Sources */,
				A8B8A1911A1250280000FB6F /* User.swift in Sources */,
				A8E1E7681B4AC66500B7C6AF /* CalendarMonthView.swift in Sources */,
				A8131B801B88041B00BFE3FD /* RootViewController.swift in Sources */,
				A8F6D1AE1B48199900C87556 /* EventCell.swift in Sources */,
				A8BDD0CB1A53DAEC006DFD7B /* AddParticipantsViewController.swift in Sources */,
				A8BDD0CD1A553224006DFD7B /* AddParticipantTableViewCell.swift in Sources */,
				A8F6D1A71B47AE0600C87556 /* HomeViewController.swift in Sources */,
				A86221C91C09F6010044D4A3 /* NSTimerEx.swift in Sources */,
				A8E1E7701B4AC71500B7C6AF /* CircleView.swift in Sources */,
				A87ED7971B1E00DA0059A1A3 /* Friend.swift in Sources */,
			);
			runOnlyForDeploymentPostprocessing = 0;
		};
		A8D58A6419C1EB0F00EEFC98 /* Sources */ = {
			isa = PBXSourcesBuildPhase;
			buildActionMask = 2147483647;
			files = (
				A8D58A6F19C1EB0F00EEFC98 /* WhereRUTests.swift in Sources */,
			);
			runOnlyForDeploymentPostprocessing = 0;
		};
/* End PBXSourcesBuildPhase section */

/* Begin PBXTargetDependency section */
		A814C8E919CFF47A00735E7B /* PBXTargetDependency */ = {
			isa = PBXTargetDependency;
			target = A8D58A4F19C1EB0F00EEFC98 /* WhereRU */;
			targetProxy = A814C8E819CFF47A00735E7B /* PBXContainerItemProxy */;
		};
		A814C8F019CFF47A00735E7B /* PBXTargetDependency */ = {
			isa = PBXTargetDependency;
			target = A814C8DC19CFF47A00735E7B /* avatarImageView */;
			targetProxy = A814C8EF19CFF47A00735E7B /* PBXContainerItemProxy */;
		};
		A814C8F419CFF47A00735E7B /* PBXTargetDependency */ = {
			isa = PBXTargetDependency;
			target = A814C8DC19CFF47A00735E7B /* avatarImageView */;
			targetProxy = A814C8F319CFF47A00735E7B /* PBXContainerItemProxy */;
		};
		A8D58A6A19C1EB0F00EEFC98 /* PBXTargetDependency */ = {
			isa = PBXTargetDependency;
			target = A8D58A4F19C1EB0F00EEFC98 /* WhereRU */;
			targetProxy = A8D58A6919C1EB0F00EEFC98 /* PBXContainerItemProxy */;
		};
/* End PBXTargetDependency section */

/* Begin PBXVariantGroup section */
		A8D58A5C19C1EB0F00EEFC98 /* Main.storyboard */ = {
			isa = PBXVariantGroup;
			children = (
				A8D58A5D19C1EB0F00EEFC98 /* Base */,
			);
			name = Main.storyboard;
			sourceTree = "<group>";
		};
		A8D58A6119C1EB0F00EEFC98 /* LaunchScreen.xib */ = {
			isa = PBXVariantGroup;
			children = (
				A8D58A6219C1EB0F00EEFC98 /* Base */,
			);
			name = LaunchScreen.xib;
			sourceTree = "<group>";
		};
/* End PBXVariantGroup section */

/* Begin XCBuildConfiguration section */
		A814C8F619CFF47A00735E7B /* Debug */ = {
			isa = XCBuildConfiguration;
			buildSettings = {
				CLANG_ENABLE_MODULES = YES;
				CODE_SIGN_IDENTITY = "iPhone Developer";
				"CODE_SIGN_IDENTITY[sdk=iphoneos*]" = "iPhone Developer";
				CURRENT_PROJECT_VERSION = 1;
				DEFINES_MODULE = YES;
				DYLIB_COMPATIBILITY_VERSION = 1;
				DYLIB_CURRENT_VERSION = 1;
				DYLIB_INSTALL_NAME_BASE = "@rpath";
				GCC_PREPROCESSOR_DEFINITIONS = (
					"DEBUG=1",
					"$(inherited)",
				);
				INFOPLIST_FILE = avatarImageView/Info.plist;
				INSTALL_PATH = "$(LOCAL_LIBRARY_DIR)/Frameworks";
				LD_RUNPATH_SEARCH_PATHS = "$(inherited) @executable_path/Frameworks @loader_path/Frameworks";
				PRODUCT_BUNDLE_IDENTIFIER = "com.rinz.$(PRODUCT_NAME:rfc1034identifier)";
				PRODUCT_NAME = "$(TARGET_NAME)";
				PROVISIONING_PROFILE = "";
				SKIP_INSTALL = YES;
				SWIFT_OPTIMIZATION_LEVEL = "-Onone";
				VERSIONING_SYSTEM = "apple-generic";
				VERSION_INFO_PREFIX = "";
			};
			name = Debug;
		};
		A814C8F719CFF47A00735E7B /* Release */ = {
			isa = XCBuildConfiguration;
			buildSettings = {
				CLANG_ENABLE_MODULES = YES;
				CODE_SIGN_IDENTITY = "iPhone Developer";
				"CODE_SIGN_IDENTITY[sdk=iphoneos*]" = "iPhone Developer";
				CURRENT_PROJECT_VERSION = 1;
				DEFINES_MODULE = YES;
				DYLIB_COMPATIBILITY_VERSION = 1;
				DYLIB_CURRENT_VERSION = 1;
				DYLIB_INSTALL_NAME_BASE = "@rpath";
				INFOPLIST_FILE = avatarImageView/Info.plist;
				INSTALL_PATH = "$(LOCAL_LIBRARY_DIR)/Frameworks";
				LD_RUNPATH_SEARCH_PATHS = "$(inherited) @executable_path/Frameworks @loader_path/Frameworks";
				PRODUCT_BUNDLE_IDENTIFIER = "com.rinz.$(PRODUCT_NAME:rfc1034identifier)";
				PRODUCT_NAME = "$(TARGET_NAME)";
				PROVISIONING_PROFILE = "";
				SKIP_INSTALL = YES;
				VERSIONING_SYSTEM = "apple-generic";
				VERSION_INFO_PREFIX = "";
			};
			name = Release;
		};
		A814C8FA19CFF47A00735E7B /* Debug */ = {
			isa = XCBuildConfiguration;
			buildSettings = {
				FRAMEWORK_SEARCH_PATHS = (
					"$(SDKROOT)/Developer/Library/Frameworks",
					"$(inherited)",
				);
				GCC_PREPROCESSOR_DEFINITIONS = (
					"DEBUG=1",
					"$(inherited)",
				);
				INFOPLIST_FILE = avatarImageViewTests/Info.plist;
				LD_RUNPATH_SEARCH_PATHS = "$(inherited) @executable_path/Frameworks @loader_path/Frameworks";
				PRODUCT_BUNDLE_IDENTIFIER = "com.rinz.$(PRODUCT_NAME:rfc1034identifier)";
				PRODUCT_NAME = "$(TARGET_NAME)";
				TEST_HOST = "$(BUILT_PRODUCTS_DIR)/WhereRU.app/WhereRU";
			};
			name = Debug;
		};
		A814C8FB19CFF47A00735E7B /* Release */ = {
			isa = XCBuildConfiguration;
			buildSettings = {
				FRAMEWORK_SEARCH_PATHS = (
					"$(SDKROOT)/Developer/Library/Frameworks",
					"$(inherited)",
				);
				INFOPLIST_FILE = avatarImageViewTests/Info.plist;
				LD_RUNPATH_SEARCH_PATHS = "$(inherited) @executable_path/Frameworks @loader_path/Frameworks";
				PRODUCT_BUNDLE_IDENTIFIER = "com.rinz.$(PRODUCT_NAME:rfc1034identifier)";
				PRODUCT_NAME = "$(TARGET_NAME)";
				TEST_HOST = "$(BUILT_PRODUCTS_DIR)/WhereRU.app/WhereRU";
			};
			name = Release;
		};
		A8D58A7019C1EB0F00EEFC98 /* Debug */ = {
			isa = XCBuildConfiguration;
			buildSettings = {
				ALWAYS_SEARCH_USER_PATHS = NO;
				CLANG_CXX_LANGUAGE_STANDARD = "gnu++0x";
				CLANG_CXX_LIBRARY = "libc++";
				CLANG_ENABLE_MODULES = YES;
				CLANG_ENABLE_OBJC_ARC = YES;
				CLANG_WARN_BOOL_CONVERSION = YES;
				CLANG_WARN_CONSTANT_CONVERSION = YES;
				CLANG_WARN_DIRECT_OBJC_ISA_USAGE = YES_ERROR;
				CLANG_WARN_EMPTY_BODY = YES;
				CLANG_WARN_ENUM_CONVERSION = YES;
				CLANG_WARN_INT_CONVERSION = YES;
				CLANG_WARN_OBJC_ROOT_CLASS = YES_ERROR;
				CLANG_WARN_UNREACHABLE_CODE = YES;
				CLANG_WARN__DUPLICATE_METHOD_MATCH = YES;
				"CODE_SIGN_IDENTITY[sdk=iphoneos*]" = "iPhone Developer";
				COPY_PHASE_STRIP = NO;
				ENABLE_STRICT_OBJC_MSGSEND = YES;
				ENABLE_TESTABILITY = YES;
				GCC_C_LANGUAGE_STANDARD = gnu99;
				GCC_DYNAMIC_NO_PIC = NO;
				GCC_OPTIMIZATION_LEVEL = 0;
				GCC_PREPROCESSOR_DEFINITIONS = (
					"DEBUG=1",
					"$(inherited)",
				);
				GCC_SYMBOLS_PRIVATE_EXTERN = NO;
				GCC_WARN_64_TO_32_BIT_CONVERSION = YES;
				GCC_WARN_ABOUT_RETURN_TYPE = YES_ERROR;
				GCC_WARN_UNDECLARED_SELECTOR = YES;
				GCC_WARN_UNINITIALIZED_AUTOS = YES_AGGRESSIVE;
				GCC_WARN_UNUSED_FUNCTION = YES;
				GCC_WARN_UNUSED_VARIABLE = YES;
				IPHONEOS_DEPLOYMENT_TARGET = 8.0;
				MTL_ENABLE_DEBUG_INFO = YES;
				ONLY_ACTIVE_ARCH = YES;
				SDKROOT = iphoneos;
				SWIFT_OPTIMIZATION_LEVEL = "-Onone";
				TARGETED_DEVICE_FAMILY = "1,2";
			};
			name = Debug;
		};
		A8D58A7119C1EB0F00EEFC98 /* Release */ = {
			isa = XCBuildConfiguration;
			buildSettings = {
				ALWAYS_SEARCH_USER_PATHS = NO;
				CLANG_CXX_LANGUAGE_STANDARD = "gnu++0x";
				CLANG_CXX_LIBRARY = "libc++";
				CLANG_ENABLE_MODULES = YES;
				CLANG_ENABLE_OBJC_ARC = YES;
				CLANG_WARN_BOOL_CONVERSION = YES;
				CLANG_WARN_CONSTANT_CONVERSION = YES;
				CLANG_WARN_DIRECT_OBJC_ISA_USAGE = YES_ERROR;
				CLANG_WARN_EMPTY_BODY = YES;
				CLANG_WARN_ENUM_CONVERSION = YES;
				CLANG_WARN_INT_CONVERSION = YES;
				CLANG_WARN_OBJC_ROOT_CLASS = YES_ERROR;
				CLANG_WARN_UNREACHABLE_CODE = YES;
				CLANG_WARN__DUPLICATE_METHOD_MATCH = YES;
				"CODE_SIGN_IDENTITY[sdk=iphoneos*]" = "iPhone Developer";
				COPY_PHASE_STRIP = YES;
				ENABLE_NS_ASSERTIONS = NO;
				ENABLE_STRICT_OBJC_MSGSEND = YES;
				GCC_C_LANGUAGE_STANDARD = gnu99;
				GCC_WARN_64_TO_32_BIT_CONVERSION = YES;
				GCC_WARN_ABOUT_RETURN_TYPE = YES_ERROR;
				GCC_WARN_UNDECLARED_SELECTOR = YES;
				GCC_WARN_UNINITIALIZED_AUTOS = YES_AGGRESSIVE;
				GCC_WARN_UNUSED_FUNCTION = YES;
				GCC_WARN_UNUSED_VARIABLE = YES;
				IPHONEOS_DEPLOYMENT_TARGET = 8.0;
				MTL_ENABLE_DEBUG_INFO = NO;
				SDKROOT = iphoneos;
				TARGETED_DEVICE_FAMILY = "1,2";
				VALIDATE_PRODUCT = YES;
			};
			name = Release;
		};
		A8D58A7319C1EB0F00EEFC98 /* Debug */ = {
			isa = XCBuildConfiguration;
			baseConfigurationReference = A33BB9B7AA719B13BE841C77 /* Pods.debug.xcconfig */;
			buildSettings = {
				ASSETCATALOG_COMPILER_APPICON_NAME = AppIcon;
				CLANG_ENABLE_MODULES = YES;
				CODE_SIGN_IDENTITY = "iPhone Developer";
				"CODE_SIGN_IDENTITY[sdk=iphoneos*]" = "iPhone Developer";
				FRAMEWORK_SEARCH_PATHS = (
					"$(inherited)",
					"$(PROJECT_DIR)",
				);
				INFOPLIST_FILE = WhereRU/Info.plist;
				IPHONEOS_DEPLOYMENT_TARGET = 8.0;
				LD_RUNPATH_SEARCH_PATHS = "$(inherited) @executable_path/Frameworks";
				LIBRARY_SEARCH_PATHS = (
					"$(inherited)",
					"$(PROJECT_DIR)",
				);
				PRODUCT_BUNDLE_IDENTIFIER = "com.rinz.$(PRODUCT_NAME:rfc1034identifier)";
				PRODUCT_NAME = "$(TARGET_NAME)";
				PROVISIONING_PROFILE = "";
				SWIFT_OBJC_BRIDGING_HEADER = "WhereRU/WhereRU-Bridging-Header.h";
				SWIFT_OPTIMIZATION_LEVEL = "-Onone";
			};
			name = Debug;
		};
		A8D58A7419C1EB0F00EEFC98 /* Release */ = {
			isa = XCBuildConfiguration;
			baseConfigurationReference = AD89DB976DA14163BD3289AD /* Pods.release.xcconfig */;
			buildSettings = {
				ASSETCATALOG_COMPILER_APPICON_NAME = AppIcon;
				CLANG_ENABLE_MODULES = YES;
				CODE_SIGN_IDENTITY = "iPhone Developer";
				"CODE_SIGN_IDENTITY[sdk=iphoneos*]" = "iPhone Developer";
				FRAMEWORK_SEARCH_PATHS = (
					"$(inherited)",
					"$(PROJECT_DIR)",
				);
				INFOPLIST_FILE = WhereRU/Info.plist;
				IPHONEOS_DEPLOYMENT_TARGET = 8.0;
				LD_RUNPATH_SEARCH_PATHS = "$(inherited) @executable_path/Frameworks";
				LIBRARY_SEARCH_PATHS = (
					"$(inherited)",
					"$(PROJECT_DIR)",
				);
				PRODUCT_BUNDLE_IDENTIFIER = "com.rinz.$(PRODUCT_NAME:rfc1034identifier)";
				PRODUCT_NAME = "$(TARGET_NAME)";
				PROVISIONING_PROFILE = "";
				SWIFT_OBJC_BRIDGING_HEADER = "WhereRU/WhereRU-Bridging-Header.h";
			};
			name = Release;
		};
		A8D58A7619C1EB0F00EEFC98 /* Debug */ = {
			isa = XCBuildConfiguration;
			buildSettings = {
				BUNDLE_LOADER = "$(TEST_HOST)";
				FRAMEWORK_SEARCH_PATHS = (
					"$(SDKROOT)/Developer/Library/Frameworks",
					"$(inherited)",
				);
				GCC_PREPROCESSOR_DEFINITIONS = (
					"DEBUG=1",
					"$(inherited)",
				);
				INFOPLIST_FILE = WhereRUTests/Info.plist;
				LD_RUNPATH_SEARCH_PATHS = "$(inherited) @executable_path/Frameworks @loader_path/Frameworks";
				PRODUCT_BUNDLE_IDENTIFIER = "com.rinz.$(PRODUCT_NAME:rfc1034identifier)";
				PRODUCT_NAME = "$(TARGET_NAME)";
				TEST_HOST = "$(BUILT_PRODUCTS_DIR)/WhereRU.app/WhereRU";
			};
			name = Debug;
		};
		A8D58A7719C1EB0F00EEFC98 /* Release */ = {
			isa = XCBuildConfiguration;
			buildSettings = {
				BUNDLE_LOADER = "$(TEST_HOST)";
				FRAMEWORK_SEARCH_PATHS = (
					"$(SDKROOT)/Developer/Library/Frameworks",
					"$(inherited)",
				);
				INFOPLIST_FILE = WhereRUTests/Info.plist;
				LD_RUNPATH_SEARCH_PATHS = "$(inherited) @executable_path/Frameworks @loader_path/Frameworks";
				PRODUCT_BUNDLE_IDENTIFIER = "com.rinz.$(PRODUCT_NAME:rfc1034identifier)";
				PRODUCT_NAME = "$(TARGET_NAME)";
				TEST_HOST = "$(BUILT_PRODUCTS_DIR)/WhereRU.app/WhereRU";
			};
			name = Release;
		};
/* End XCBuildConfiguration section */

/* Begin XCConfigurationList section */
		A814C8F519CFF47A00735E7B /* Build configuration list for PBXNativeTarget "avatarImageView" */ = {
			isa = XCConfigurationList;
			buildConfigurations = (
				A814C8F619CFF47A00735E7B /* Debug */,
				A814C8F719CFF47A00735E7B /* Release */,
			);
			defaultConfigurationIsVisible = 0;
			defaultConfigurationName = Release;
		};
		A814C8F919CFF47A00735E7B /* Build configuration list for PBXNativeTarget "avatarImageViewTests" */ = {
			isa = XCConfigurationList;
			buildConfigurations = (
				A814C8FA19CFF47A00735E7B /* Debug */,
				A814C8FB19CFF47A00735E7B /* Release */,
			);
			defaultConfigurationIsVisible = 0;
			defaultConfigurationName = Release;
		};
		A8D58A4B19C1EB0F00EEFC98 /* Build configuration list for PBXProject "WhereRU" */ = {
			isa = XCConfigurationList;
			buildConfigurations = (
				A8D58A7019C1EB0F00EEFC98 /* Debug */,
				A8D58A7119C1EB0F00EEFC98 /* Release */,
			);
			defaultConfigurationIsVisible = 0;
			defaultConfigurationName = Release;
		};
		A8D58A7219C1EB0F00EEFC98 /* Build configuration list for PBXNativeTarget "WhereRU" */ = {
			isa = XCConfigurationList;
			buildConfigurations = (
				A8D58A7319C1EB0F00EEFC98 /* Debug */,
				A8D58A7419C1EB0F00EEFC98 /* Release */,
			);
			defaultConfigurationIsVisible = 0;
			defaultConfigurationName = Release;
		};
		A8D58A7519C1EB0F00EEFC98 /* Build configuration list for PBXNativeTarget "WhereRUTests" */ = {
			isa = XCConfigurationList;
			buildConfigurations = (
				A8D58A7619C1EB0F00EEFC98 /* Debug */,
				A8D58A7719C1EB0F00EEFC98 /* Release */,
			);
			defaultConfigurationIsVisible = 0;
			defaultConfigurationName = Release;
		};
/* End XCConfigurationList section */

/* Begin XCVersionGroup section */
		A8D58A5719C1EB0F00EEFC98 /* WhereRU.xcdatamodeld */ = {
			isa = XCVersionGroup;
			children = (
				A8D58A5819C1EB0F00EEFC98 /* WhereRU.xcdatamodel */,
			);
			currentVersion = A8D58A5819C1EB0F00EEFC98 /* WhereRU.xcdatamodel */;
			path = WhereRU.xcdatamodeld;
			sourceTree = "<group>";
			versionGroupType = wrapper.xcdatamodel;
		};
/* End XCVersionGroup section */
	};
	rootObject = A8D58A4819C1EB0F00EEFC98 /* Project object */;
}
