<?xml version="1.0" encoding="UTF-8"?>
<!DOCTYPE plist PUBLIC "-//Apple//DTD PLIST 1.0//EN" "http://www.apple.com/DTDs/PropertyList-1.0.dtd">
<plist version="1.0">
<dict>
	<key>archiveVersion</key>
	<string>1</string>
	<key>classes</key>
	<dict/>
	<key>objectVersion</key>
	<string>46</string>
	<key>objects</key>
	<dict>
		<key>0B7DD70D1EB048628041DBA1</key>
		<dict>
			<key>explicitFileType</key>
			<string>archive.ar</string>
			<key>includeInIndex</key>
			<string>0</string>
			<key>isa</key>
			<string>PBXFileReference</string>
			<key>path</key>
			<string>libPods.a</string>
			<key>sourceTree</key>
			<string>BUILT_PRODUCTS_DIR</string>
		</dict>
		<key>4E2E4656017E48CAB871BB89</key>
		<dict>
			<key>buildActionMask</key>
			<string>2147483647</string>
			<key>files</key>
			<array/>
			<key>inputPaths</key>
			<array/>
			<key>isa</key>
			<string>PBXShellScriptBuildPhase</string>
			<key>name</key>
			<string>Check Pods Manifest.lock</string>
			<key>outputPaths</key>
			<array/>
			<key>runOnlyForDeploymentPostprocessing</key>
			<string>0</string>
			<key>shellPath</key>
			<string>/bin/sh</string>
			<key>shellScript</key>
			<string>diff "${PODS_ROOT}/../Podfile.lock" "${PODS_ROOT}/Manifest.lock" &gt; /dev/null
if [[ $? != 0 ]] ; then
    cat &lt;&lt; EOM
error: The sandbox is not in sync with the Podfile.lock. Run 'pod install' or update your CocoaPods installation.
EOM
    exit 1
fi
</string>
			<key>showEnvVarsInLog</key>
			<string>0</string>
		</dict>
		<key>57BE627E684A45D69E5ECD76</key>
		<dict>
			<key>fileRef</key>
			<string>0B7DD70D1EB048628041DBA1</string>
			<key>isa</key>
			<string>PBXBuildFile</string>
		</dict>
		<key>8633DF66E65DC72914821CCD</key>
		<dict>
			<key>children</key>
			<array>
				<string>A33BB9B7AA719B13BE841C77</string>
				<string>AD89DB976DA14163BD3289AD</string>
			</array>
			<key>isa</key>
			<string>PBXGroup</string>
			<key>name</key>
			<string>Pods</string>
			<key>sourceTree</key>
			<string>&lt;group&gt;</string>
		</dict>
		<key>98502DFB95784ADD9B58BD81</key>
		<dict>
			<key>buildActionMask</key>
			<string>2147483647</string>
			<key>files</key>
			<array/>
			<key>inputPaths</key>
			<array/>
			<key>isa</key>
			<string>PBXShellScriptBuildPhase</string>
			<key>name</key>
			<string>Copy Pods Resources</string>
			<key>outputPaths</key>
			<array/>
			<key>runOnlyForDeploymentPostprocessing</key>
			<string>0</string>
			<key>shellPath</key>
			<string>/bin/sh</string>
			<key>shellScript</key>
			<string>"${SRCROOT}/Pods/Target Support Files/Pods/Pods-resources.sh"
</string>
			<key>showEnvVarsInLog</key>
			<string>0</string>
		</dict>
		<key>A33BB9B7AA719B13BE841C77</key>
		<dict>
			<key>includeInIndex</key>
			<string>1</string>
			<key>isa</key>
			<string>PBXFileReference</string>
			<key>lastKnownFileType</key>
			<string>text.xcconfig</string>
			<key>name</key>
			<string>Pods.debug.xcconfig</string>
			<key>path</key>
			<string>Pods/Target Support Files/Pods/Pods.debug.xcconfig</string>
			<key>sourceTree</key>
			<string>&lt;group&gt;</string>
		</dict>
		<key>A806B91B1A341F11004C8D9F</key>
		<dict>
			<key>fileEncoding</key>
			<string>4</string>
			<key>isa</key>
			<string>PBXFileReference</string>
			<key>lastKnownFileType</key>
			<string>sourcecode.swift</string>
			<key>path</key>
			<string>CreateEventViewController.swift</string>
			<key>sourceTree</key>
			<string>&lt;group&gt;</string>
		</dict>
		<key>A806B91C1A341F11004C8D9F</key>
		<dict>
			<key>fileRef</key>
			<string>A806B91B1A341F11004C8D9F</string>
			<key>isa</key>
			<string>PBXBuildFile</string>
		</dict>
		<key>A806B91D1A35A049004C8D9F</key>
		<dict>
			<key>fileEncoding</key>
			<string>4</string>
			<key>isa</key>
			<string>PBXFileReference</string>
			<key>lastKnownFileType</key>
			<string>sourcecode.swift</string>
			<key>path</key>
			<string>ParticipatorCollectionViewCell.swift</string>
			<key>sourceTree</key>
			<string>&lt;group&gt;</string>
		</dict>
		<key>A806B91E1A35A049004C8D9F</key>
		<dict>
			<key>fileRef</key>
			<string>A806B91D1A35A049004C8D9F</string>
			<key>isa</key>
			<string>PBXBuildFile</string>
		</dict>
		<key>A80CDDEC1A2FEF070007C345</key>
		<dict>
			<key>children</key>
			<array>
				<string>A80CDDED1A2FEF070007C345</string>
				<string>A80CDDF81A2FEF070007C345</string>
				<string>A80CDDF91A2FEF070007C345</string>
			</array>
			<key>isa</key>
			<string>PBXGroup</string>
			<key>path</key>
			<string>RAMAnimatedTabBarController</string>
			<key>sourceTree</key>
			<string>&lt;group&gt;</string>
		</dict>
		<key>A80CDDED1A2FEF070007C345</key>
		<dict>
			<key>children</key>
			<array>
				<string>A80CDDF61A2FEF070007C345</string>
			</array>
			<key>isa</key>
			<string>PBXGroup</string>
			<key>path</key>
			<string>Animations</string>
			<key>sourceTree</key>
			<string>&lt;group&gt;</string>
		</dict>
		<key>A80CDDF61A2FEF070007C345</key>
		<dict>
			<key>children</key>
			<array>
				<string>A80CDDF71A2FEF070007C345</string>
			</array>
			<key>isa</key>
			<string>PBXGroup</string>
			<key>path</key>
			<string>TransitionAniamtions</string>
			<key>sourceTree</key>
			<string>&lt;group&gt;</string>
		</dict>
		<key>A80CDDF71A2FEF070007C345</key>
		<dict>
			<key>fileEncoding</key>
			<string>4</string>
			<key>isa</key>
			<string>PBXFileReference</string>
			<key>lastKnownFileType</key>
			<string>sourcecode.swift</string>
			<key>path</key>
			<string>RAMTransitionItemAnimation.swift</string>
			<key>sourceTree</key>
			<string>&lt;group&gt;</string>
		</dict>
		<key>A80CDDF81A2FEF070007C345</key>
		<dict>
			<key>fileEncoding</key>
			<string>4</string>
			<key>isa</key>
			<string>PBXFileReference</string>
			<key>lastKnownFileType</key>
			<string>sourcecode.swift</string>
			<key>path</key>
			<string>RAMAnimatedTabBarController.swift</string>
			<key>sourceTree</key>
			<string>&lt;group&gt;</string>
		</dict>
		<key>A80CDDF91A2FEF070007C345</key>
		<dict>
			<key>fileEncoding</key>
			<string>4</string>
			<key>isa</key>
			<string>PBXFileReference</string>
			<key>lastKnownFileType</key>
			<string>sourcecode.swift</string>
			<key>path</key>
			<string>RAMItemAnimationProtocol.swift</string>
			<key>sourceTree</key>
			<string>&lt;group&gt;</string>
		</dict>
		<key>A80CDDFE1A2FEF070007C345</key>
		<dict>
			<key>fileRef</key>
			<string>A80CDDF71A2FEF070007C345</string>
			<key>isa</key>
			<string>PBXBuildFile</string>
		</dict>
		<key>A80CDDFF1A2FEF070007C345</key>
		<dict>
			<key>fileRef</key>
			<string>A80CDDF81A2FEF070007C345</string>
			<key>isa</key>
			<string>PBXBuildFile</string>
		</dict>
		<key>A80CDE001A2FEF070007C345</key>
		<dict>
			<key>fileRef</key>
			<string>A80CDDF91A2FEF070007C345</string>
			<key>isa</key>
			<string>PBXBuildFile</string>
		</dict>
		<key>A811A23819D407EC0079B7F8</key>
		<dict>
			<key>fileEncoding</key>
			<string>4</string>
			<key>isa</key>
			<string>PBXFileReference</string>
			<key>lastKnownFileType</key>
			<string>sourcecode.swift</string>
			<key>path</key>
			<string>MyViewController.swift</string>
			<key>sourceTree</key>
			<string>&lt;group&gt;</string>
		</dict>
		<key>A811A23A19D407EC0079B7F8</key>
		<dict>
			<key>fileRef</key>
			<string>A811A23819D407EC0079B7F8</string>
			<key>isa</key>
			<string>PBXBuildFile</string>
		</dict>
		<key>A811A24019D40E4A0079B7F8</key>
		<dict>
			<key>isa</key>
			<string>PBXFileReference</string>
			<key>lastKnownFileType</key>
			<string>sourcecode.c.h</string>
			<key>path</key>
			<string>WhereRU-Bridging-Header.h</string>
			<key>sourceTree</key>
			<string>&lt;group&gt;</string>
		</dict>
		<key>A814C8D619CFECB600735E7B</key>
		<dict>
			<key>fileEncoding</key>
			<string>4</string>
			<key>isa</key>
			<string>PBXFileReference</string>
			<key>lastKnownFileType</key>
			<string>sourcecode.swift</string>
			<key>path</key>
			<string>SigninViewController.swift</string>
			<key>sourceTree</key>
			<string>&lt;group&gt;</string>
		</dict>
		<key>A814C8D719CFECB600735E7B</key>
		<dict>
			<key>fileRef</key>
			<string>A814C8D619CFECB600735E7B</string>
			<key>isa</key>
			<string>PBXBuildFile</string>
		</dict>
		<key>A814C8D819CFF47A00735E7B</key>
		<dict>
			<key>buildActionMask</key>
			<string>2147483647</string>
			<key>files</key>
			<array>
				<string>A814C90119CFFC5400735E7B</string>
			</array>
			<key>isa</key>
			<string>PBXSourcesBuildPhase</string>
			<key>runOnlyForDeploymentPostprocessing</key>
			<string>0</string>
		</dict>
		<key>A814C8D919CFF47A00735E7B</key>
		<dict>
			<key>buildActionMask</key>
			<string>2147483647</string>
			<key>files</key>
			<array/>
			<key>isa</key>
			<string>PBXFrameworksBuildPhase</string>
			<key>runOnlyForDeploymentPostprocessing</key>
			<string>0</string>
		</dict>
		<key>A814C8DA19CFF47A00735E7B</key>
		<dict>
			<key>buildActionMask</key>
			<string>2147483647</string>
			<key>files</key>
			<array>
				<string>A814C8E219CFF47A00735E7B</string>
			</array>
			<key>isa</key>
			<string>PBXHeadersBuildPhase</string>
			<key>runOnlyForDeploymentPostprocessing</key>
			<string>0</string>
		</dict>
		<key>A814C8DB19CFF47A00735E7B</key>
		<dict>
			<key>buildActionMask</key>
			<string>2147483647</string>
			<key>files</key>
			<array/>
			<key>isa</key>
			<string>PBXResourcesBuildPhase</string>
			<key>runOnlyForDeploymentPostprocessing</key>
			<string>0</string>
		</dict>
		<key>A814C8DC19CFF47A00735E7B</key>
		<dict>
			<key>buildConfigurationList</key>
			<string>A814C8F519CFF47A00735E7B</string>
			<key>buildPhases</key>
			<array>
				<string>A814C8D819CFF47A00735E7B</string>
				<string>A814C8D919CFF47A00735E7B</string>
				<string>A814C8DA19CFF47A00735E7B</string>
				<string>A814C8DB19CFF47A00735E7B</string>
			</array>
			<key>buildRules</key>
			<array/>
			<key>dependencies</key>
			<array/>
			<key>isa</key>
			<string>PBXNativeTarget</string>
			<key>name</key>
			<string>avatarImageView</string>
			<key>productName</key>
			<string>avatarImageView</string>
			<key>productReference</key>
			<string>A814C8DD19CFF47A00735E7B</string>
			<key>productType</key>
			<string>com.apple.product-type.framework</string>
		</dict>
		<key>A814C8DD19CFF47A00735E7B</key>
		<dict>
			<key>explicitFileType</key>
			<string>wrapper.framework</string>
			<key>includeInIndex</key>
			<string>0</string>
			<key>isa</key>
			<string>PBXFileReference</string>
			<key>path</key>
			<string>avatarImageView.framework</string>
			<key>sourceTree</key>
			<string>BUILT_PRODUCTS_DIR</string>
		</dict>
		<key>A814C8DE19CFF47A00735E7B</key>
		<dict>
			<key>children</key>
			<array>
				<string>A814C8E119CFF47A00735E7B</string>
				<string>A814C90019CFFC5400735E7B</string>
				<string>A814C8DF19CFF47A00735E7B</string>
			</array>
			<key>isa</key>
			<string>PBXGroup</string>
			<key>path</key>
			<string>avatarImageView</string>
			<key>sourceTree</key>
			<string>&lt;group&gt;</string>
		</dict>
		<key>A814C8DF19CFF47A00735E7B</key>
		<dict>
			<key>children</key>
			<array>
				<string>A814C8E019CFF47A00735E7B</string>
			</array>
			<key>isa</key>
			<string>PBXGroup</string>
			<key>name</key>
			<string>Supporting Files</string>
			<key>sourceTree</key>
			<string>&lt;group&gt;</string>
		</dict>
		<key>A814C8E019CFF47A00735E7B</key>
		<dict>
			<key>isa</key>
			<string>PBXFileReference</string>
			<key>lastKnownFileType</key>
			<string>text.plist.xml</string>
			<key>path</key>
			<string>Info.plist</string>
			<key>sourceTree</key>
			<string>&lt;group&gt;</string>
		</dict>
		<key>A814C8E119CFF47A00735E7B</key>
		<dict>
			<key>isa</key>
			<string>PBXFileReference</string>
			<key>lastKnownFileType</key>
			<string>sourcecode.c.h</string>
			<key>path</key>
			<string>avatarImageView.h</string>
			<key>sourceTree</key>
			<string>&lt;group&gt;</string>
		</dict>
		<key>A814C8E219CFF47A00735E7B</key>
		<dict>
			<key>fileRef</key>
			<string>A814C8E119CFF47A00735E7B</string>
			<key>isa</key>
			<string>PBXBuildFile</string>
			<key>settings</key>
			<dict>
				<key>ATTRIBUTES</key>
				<array>
					<string>Public</string>
				</array>
			</dict>
		</dict>
		<key>A814C8E319CFF47A00735E7B</key>
		<dict>
			<key>buildActionMask</key>
			<string>2147483647</string>
			<key>files</key>
			<array/>
			<key>isa</key>
			<string>PBXSourcesBuildPhase</string>
			<key>runOnlyForDeploymentPostprocessing</key>
			<string>0</string>
		</dict>
		<key>A814C8E419CFF47A00735E7B</key>
		<dict>
			<key>buildActionMask</key>
			<string>2147483647</string>
			<key>files</key>
			<array/>
			<key>isa</key>
			<string>PBXFrameworksBuildPhase</string>
			<key>runOnlyForDeploymentPostprocessing</key>
			<string>0</string>
		</dict>
		<key>A814C8E519CFF47A00735E7B</key>
		<dict>
			<key>buildActionMask</key>
			<string>2147483647</string>
			<key>files</key>
			<array/>
			<key>isa</key>
			<string>PBXResourcesBuildPhase</string>
			<key>runOnlyForDeploymentPostprocessing</key>
			<string>0</string>
		</dict>
		<key>A814C8E619CFF47A00735E7B</key>
		<dict>
			<key>buildConfigurationList</key>
			<string>A814C8F919CFF47A00735E7B</string>
			<key>buildPhases</key>
			<array>
				<string>A814C8E319CFF47A00735E7B</string>
				<string>A814C8E419CFF47A00735E7B</string>
				<string>A814C8E519CFF47A00735E7B</string>
			</array>
			<key>buildRules</key>
			<array/>
			<key>dependencies</key>
			<array>
				<string>A814C8E919CFF47A00735E7B</string>
			</array>
			<key>isa</key>
			<string>PBXNativeTarget</string>
			<key>name</key>
			<string>avatarImageViewTests</string>
			<key>productName</key>
			<string>avatarImageViewTests</string>
			<key>productReference</key>
			<string>A814C8E719CFF47A00735E7B</string>
			<key>productType</key>
			<string>com.apple.product-type.bundle.unit-test</string>
		</dict>
		<key>A814C8E719CFF47A00735E7B</key>
		<dict>
			<key>explicitFileType</key>
			<string>wrapper.cfbundle</string>
			<key>includeInIndex</key>
			<string>0</string>
			<key>isa</key>
			<string>PBXFileReference</string>
			<key>path</key>
			<string>avatarImageViewTests.xctest</string>
			<key>sourceTree</key>
			<string>BUILT_PRODUCTS_DIR</string>
		</dict>
		<key>A814C8E819CFF47A00735E7B</key>
		<dict>
			<key>containerPortal</key>
			<string>A8D58A4819C1EB0F00EEFC98</string>
			<key>isa</key>
			<string>PBXContainerItemProxy</string>
			<key>proxyType</key>
			<string>1</string>
			<key>remoteGlobalIDString</key>
			<string>A8D58A4F19C1EB0F00EEFC98</string>
			<key>remoteInfo</key>
			<string>WhereRU</string>
		</dict>
		<key>A814C8E919CFF47A00735E7B</key>
		<dict>
			<key>isa</key>
			<string>PBXTargetDependency</string>
			<key>target</key>
			<string>A8D58A4F19C1EB0F00EEFC98</string>
			<key>targetProxy</key>
			<string>A814C8E819CFF47A00735E7B</string>
		</dict>
		<key>A814C8EF19CFF47A00735E7B</key>
		<dict>
			<key>containerPortal</key>
			<string>A8D58A4819C1EB0F00EEFC98</string>
			<key>isa</key>
			<string>PBXContainerItemProxy</string>
			<key>proxyType</key>
			<string>1</string>
			<key>remoteGlobalIDString</key>
			<string>A814C8DC19CFF47A00735E7B</string>
			<key>remoteInfo</key>
			<string>avatarImageView</string>
		</dict>
		<key>A814C8F019CFF47A00735E7B</key>
		<dict>
			<key>isa</key>
			<string>PBXTargetDependency</string>
			<key>target</key>
			<string>A814C8DC19CFF47A00735E7B</string>
			<key>targetProxy</key>
			<string>A814C8EF19CFF47A00735E7B</string>
		</dict>
		<key>A814C8F119CFF47A00735E7B</key>
		<dict>
			<key>fileRef</key>
			<string>A814C8DD19CFF47A00735E7B</string>
			<key>isa</key>
			<string>PBXBuildFile</string>
		</dict>
		<key>A814C8F219CFF47A00735E7B</key>
		<dict>
			<key>fileRef</key>
			<string>A814C8DD19CFF47A00735E7B</string>
			<key>isa</key>
			<string>PBXBuildFile</string>
			<key>settings</key>
			<dict>
				<key>ATTRIBUTES</key>
				<array>
					<string>CodeSignOnCopy</string>
					<string>RemoveHeadersOnCopy</string>
				</array>
			</dict>
		</dict>
		<key>A814C8F319CFF47A00735E7B</key>
		<dict>
			<key>containerPortal</key>
			<string>A8D58A4819C1EB0F00EEFC98</string>
			<key>isa</key>
			<string>PBXContainerItemProxy</string>
			<key>proxyType</key>
			<string>1</string>
			<key>remoteGlobalIDString</key>
			<string>A814C8DC19CFF47A00735E7B</string>
			<key>remoteInfo</key>
			<string>avatarImageView</string>
		</dict>
		<key>A814C8F419CFF47A00735E7B</key>
		<dict>
			<key>isa</key>
			<string>PBXTargetDependency</string>
			<key>target</key>
			<string>A814C8DC19CFF47A00735E7B</string>
			<key>targetProxy</key>
			<string>A814C8F319CFF47A00735E7B</string>
		</dict>
		<key>A814C8F519CFF47A00735E7B</key>
		<dict>
			<key>buildConfigurations</key>
			<array>
				<string>A814C8F619CFF47A00735E7B</string>
				<string>A814C8F719CFF47A00735E7B</string>
			</array>
			<key>defaultConfigurationIsVisible</key>
			<string>0</string>
			<key>defaultConfigurationName</key>
			<string>Release</string>
			<key>isa</key>
			<string>XCConfigurationList</string>
		</dict>
		<key>A814C8F619CFF47A00735E7B</key>
		<dict>
			<key>buildSettings</key>
			<dict>
				<key>CLANG_ENABLE_MODULES</key>
				<string>YES</string>
				<key>CODE_SIGN_IDENTITY</key>
				<string>iPhone Developer</string>
				<key>CURRENT_PROJECT_VERSION</key>
				<string>1</string>
				<key>DEFINES_MODULE</key>
				<string>YES</string>
				<key>DYLIB_COMPATIBILITY_VERSION</key>
				<string>1</string>
				<key>DYLIB_CURRENT_VERSION</key>
				<string>1</string>
				<key>DYLIB_INSTALL_NAME_BASE</key>
				<string>@rpath</string>
				<key>GCC_PREPROCESSOR_DEFINITIONS</key>
				<array>
					<string>DEBUG=1</string>
					<string>$(inherited)</string>
				</array>
				<key>INFOPLIST_FILE</key>
				<string>avatarImageView/Info.plist</string>
				<key>INSTALL_PATH</key>
				<string>$(LOCAL_LIBRARY_DIR)/Frameworks</string>
				<key>LD_RUNPATH_SEARCH_PATHS</key>
				<string>$(inherited) @executable_path/Frameworks @loader_path/Frameworks</string>
				<key>PRODUCT_NAME</key>
				<string>$(TARGET_NAME)</string>
				<key>SKIP_INSTALL</key>
				<string>YES</string>
				<key>SWIFT_OPTIMIZATION_LEVEL</key>
				<string>-Onone</string>
				<key>VERSIONING_SYSTEM</key>
				<string>apple-generic</string>
				<key>VERSION_INFO_PREFIX</key>
				<string></string>
			</dict>
			<key>isa</key>
			<string>XCBuildConfiguration</string>
			<key>name</key>
			<string>Debug</string>
		</dict>
		<key>A814C8F719CFF47A00735E7B</key>
		<dict>
			<key>buildSettings</key>
			<dict>
				<key>CLANG_ENABLE_MODULES</key>
				<string>YES</string>
				<key>CODE_SIGN_IDENTITY</key>
				<string>iPhone Developer</string>
				<key>CURRENT_PROJECT_VERSION</key>
				<string>1</string>
				<key>DEFINES_MODULE</key>
				<string>YES</string>
				<key>DYLIB_COMPATIBILITY_VERSION</key>
				<string>1</string>
				<key>DYLIB_CURRENT_VERSION</key>
				<string>1</string>
				<key>DYLIB_INSTALL_NAME_BASE</key>
				<string>@rpath</string>
				<key>INFOPLIST_FILE</key>
				<string>avatarImageView/Info.plist</string>
				<key>INSTALL_PATH</key>
				<string>$(LOCAL_LIBRARY_DIR)/Frameworks</string>
				<key>LD_RUNPATH_SEARCH_PATHS</key>
				<string>$(inherited) @executable_path/Frameworks @loader_path/Frameworks</string>
				<key>PRODUCT_NAME</key>
				<string>$(TARGET_NAME)</string>
				<key>SKIP_INSTALL</key>
				<string>YES</string>
				<key>VERSIONING_SYSTEM</key>
				<string>apple-generic</string>
				<key>VERSION_INFO_PREFIX</key>
				<string></string>
			</dict>
			<key>isa</key>
			<string>XCBuildConfiguration</string>
			<key>name</key>
			<string>Release</string>
		</dict>
		<key>A814C8F819CFF47A00735E7B</key>
		<dict>
			<key>buildActionMask</key>
			<string>2147483647</string>
			<key>dstPath</key>
			<string></string>
			<key>dstSubfolderSpec</key>
			<string>10</string>
			<key>files</key>
			<array>
				<string>A814C8F219CFF47A00735E7B</string>
			</array>
			<key>isa</key>
			<string>PBXCopyFilesBuildPhase</string>
			<key>name</key>
			<string>Embed Frameworks</string>
			<key>runOnlyForDeploymentPostprocessing</key>
			<string>0</string>
		</dict>
		<key>A814C8F919CFF47A00735E7B</key>
		<dict>
			<key>buildConfigurations</key>
			<array>
				<string>A814C8FA19CFF47A00735E7B</string>
				<string>A814C8FB19CFF47A00735E7B</string>
			</array>
			<key>defaultConfigurationIsVisible</key>
			<string>0</string>
			<key>defaultConfigurationName</key>
			<string>Release</string>
			<key>isa</key>
			<string>XCConfigurationList</string>
		</dict>
		<key>A814C8FA19CFF47A00735E7B</key>
		<dict>
			<key>buildSettings</key>
			<dict>
				<key>FRAMEWORK_SEARCH_PATHS</key>
				<array>
					<string>$(SDKROOT)/Developer/Library/Frameworks</string>
					<string>$(inherited)</string>
				</array>
				<key>GCC_PREPROCESSOR_DEFINITIONS</key>
				<array>
					<string>DEBUG=1</string>
					<string>$(inherited)</string>
				</array>
				<key>INFOPLIST_FILE</key>
				<string>avatarImageViewTests/Info.plist</string>
				<key>LD_RUNPATH_SEARCH_PATHS</key>
				<string>$(inherited) @executable_path/Frameworks @loader_path/Frameworks</string>
				<key>PRODUCT_NAME</key>
				<string>$(TARGET_NAME)</string>
				<key>TEST_HOST</key>
				<string>$(BUILT_PRODUCTS_DIR)/WhereRU.app/WhereRU</string>
			</dict>
			<key>isa</key>
			<string>XCBuildConfiguration</string>
			<key>name</key>
			<string>Debug</string>
		</dict>
		<key>A814C8FB19CFF47A00735E7B</key>
		<dict>
			<key>buildSettings</key>
			<dict>
				<key>FRAMEWORK_SEARCH_PATHS</key>
				<array>
					<string>$(SDKROOT)/Developer/Library/Frameworks</string>
					<string>$(inherited)</string>
				</array>
				<key>INFOPLIST_FILE</key>
				<string>avatarImageViewTests/Info.plist</string>
				<key>LD_RUNPATH_SEARCH_PATHS</key>
				<string>$(inherited) @executable_path/Frameworks @loader_path/Frameworks</string>
				<key>PRODUCT_NAME</key>
				<string>$(TARGET_NAME)</string>
				<key>TEST_HOST</key>
				<string>$(BUILT_PRODUCTS_DIR)/WhereRU.app/WhereRU</string>
			</dict>
			<key>isa</key>
			<string>XCBuildConfiguration</string>
			<key>name</key>
			<string>Release</string>
		</dict>
		<key>A814C90019CFFC5400735E7B</key>
		<dict>
			<key>fileEncoding</key>
			<string>4</string>
			<key>isa</key>
			<string>PBXFileReference</string>
			<key>lastKnownFileType</key>
			<string>sourcecode.swift</string>
			<key>path</key>
			<string>avatarImageView.swift</string>
			<key>sourceTree</key>
			<string>&lt;group&gt;</string>
		</dict>
		<key>A814C90119CFFC5400735E7B</key>
		<dict>
			<key>fileRef</key>
			<string>A814C90019CFFC5400735E7B</string>
			<key>isa</key>
			<string>PBXBuildFile</string>
		</dict>
		<key>A814C90419D01BF100735E7B</key>
		<dict>
			<key>children</key>
			<array>
				<string>A814C8DE19CFF47A00735E7B</string>
			</array>
			<key>isa</key>
			<string>PBXGroup</string>
			<key>name</key>
			<string>IBDesignableViews</string>
			<key>sourceTree</key>
			<string>&lt;group&gt;</string>
		</dict>
		<key>A8A0C0361A921371007160D6</key>
		<dict>
			<key>fileEncoding</key>
			<string>4</string>
			<key>isa</key>
			<string>PBXFileReference</string>
			<key>lastKnownFileType</key>
			<string>sourcecode.swift</string>
			<key>path</key>
			<string>LineDashPolyline.swift</string>
			<key>sourceTree</key>
			<string>&lt;group&gt;</string>
		</dict>
		<key>A8A0C0371A921371007160D6</key>
		<dict>
			<key>fileRef</key>
			<string>A8A0C0361A921371007160D6</string>
			<key>isa</key>
			<string>PBXBuildFile</string>
		</dict>
		<key>A8A81C191A3FBCCF005EA36C</key>
		<dict>
			<key>children</key>
			<array>
				<string>A8A81C1A1A3FBD0B005EA36C</string>
				<string>A8B991011A432A2700AB75DB</string>
				<string>A8A0C0361A921371007160D6</string>
			</array>
			<key>isa</key>
			<string>PBXGroup</string>
			<key>name</key>
			<string>AMapModel</string>
			<key>sourceTree</key>
			<string>&lt;group&gt;</string>
		</dict>
		<key>A8A81C1A1A3FBD0B005EA36C</key>
		<dict>
			<key>fileEncoding</key>
			<string>4</string>
			<key>isa</key>
			<string>PBXFileReference</string>
			<key>lastKnownFileType</key>
			<string>sourcecode.swift</string>
			<key>path</key>
			<string>GeocodeAnnotation.swift</string>
			<key>sourceTree</key>
			<string>&lt;group&gt;</string>
		</dict>
		<key>A8A81C1B1A3FBD0B005EA36C</key>
		<dict>
			<key>fileRef</key>
			<string>A8A81C1A1A3FBD0B005EA36C</string>
			<key>isa</key>
			<string>PBXBuildFile</string>
		</dict>
		<key>A8A81C1C1A407DD9005EA36C</key>
		<dict>
			<key>children</key>
			<array>
				<string>A8A81C1D1A407DF5005EA36C</string>
			</array>
			<key>isa</key>
			<string>PBXGroup</string>
			<key>name</key>
			<string>AmapUtility</string>
			<key>sourceTree</key>
			<string>&lt;group&gt;</string>
		</dict>
		<key>A8A81C1D1A407DF5005EA36C</key>
		<dict>
			<key>fileEncoding</key>
			<string>4</string>
			<key>isa</key>
			<string>PBXFileReference</string>
			<key>lastKnownFileType</key>
			<string>sourcecode.swift</string>
			<key>path</key>
			<string>CommonUtility.swift</string>
			<key>sourceTree</key>
			<string>&lt;group&gt;</string>
		</dict>
		<key>A8A81C1E1A407DF5005EA36C</key>
		<dict>
			<key>fileRef</key>
			<string>A8A81C1D1A407DF5005EA36C</string>
			<key>isa</key>
			<string>PBXBuildFile</string>
		</dict>
		<key>A8ABCCDF1A58115800965031</key>
		<dict>
			<key>fileEncoding</key>
			<string>4</string>
			<key>isa</key>
			<string>PBXFileReference</string>
			<key>lastKnownFileType</key>
			<string>sourcecode.swift</string>
			<key>path</key>
			<string>Event.swift</string>
			<key>sourceTree</key>
			<string>&lt;group&gt;</string>
		</dict>
		<key>A8ABCCE01A58115800965031</key>
		<dict>
			<key>fileRef</key>
			<string>A8ABCCDF1A58115800965031</string>
			<key>isa</key>
			<string>PBXBuildFile</string>
		</dict>
		<key>A8B8A12019FF0D310000FB6F</key>
		<dict>
			<key>fileEncoding</key>
			<string>4</string>
			<key>isa</key>
			<string>PBXFileReference</string>
			<key>lastKnownFileType</key>
			<string>sourcecode.swift</string>
			<key>path</key>
			<string>EventTableViewCell.swift</string>
			<key>sourceTree</key>
			<string>&lt;group&gt;</string>
		</dict>
		<key>A8B8A12119FF0D310000FB6F</key>
		<dict>
			<key>fileRef</key>
			<string>A8B8A12019FF0D310000FB6F</string>
			<key>isa</key>
			<string>PBXBuildFile</string>
		</dict>
		<key>A8B8A12219FF0D470000FB6F</key>
		<dict>
			<key>children</key>
			<array>
				<string>A814C8D619CFECB600735E7B</string>
				<string>A8D58A5A19C1EB0F00EEFC98</string>
				<string>A8BB16921A6F794D00680CC6</string>
				<string>A8BB16931A6F799700680CC6</string>
				<string>A811A23819D407EC0079B7F8</string>
			</array>
			<key>isa</key>
			<string>PBXGroup</string>
			<key>name</key>
			<string>Controller</string>
			<key>sourceTree</key>
			<string>&lt;group&gt;</string>
		</dict>
		<key>A8B8A12319FF0D520000FB6F</key>
		<dict>
			<key>children</key>
			<array>
				<string>A8BDD0CC1A553224006DFD7B</string>
				<string>A8B8A1241A07C7520000FB6F</string>
				<string>A806B91D1A35A049004C8D9F</string>
				<string>A8B8A12019FF0D310000FB6F</string>
			</array>
			<key>isa</key>
			<string>PBXGroup</string>
			<key>name</key>
			<string>View</string>
			<key>sourceTree</key>
			<string>&lt;group&gt;</string>
		</dict>
		<key>A8B8A1241A07C7520000FB6F</key>
		<dict>
			<key>fileEncoding</key>
			<string>4</string>
			<key>isa</key>
			<string>PBXFileReference</string>
			<key>lastKnownFileType</key>
			<string>sourcecode.swift</string>
			<key>path</key>
			<string>ContactTableViewCell.swift</string>
			<key>sourceTree</key>
			<string>&lt;group&gt;</string>
		</dict>
		<key>A8B8A1251A07C7520000FB6F</key>
		<dict>
			<key>fileRef</key>
			<string>A8B8A1241A07C7520000FB6F</string>
			<key>isa</key>
			<string>PBXBuildFile</string>
		</dict>
		<key>A8B8A1261A07C7890000FB6F</key>
		<dict>
			<key>fileEncoding</key>
			<string>4</string>
			<key>isa</key>
			<string>PBXFileReference</string>
			<key>lastKnownFileType</key>
			<string>sourcecode.swift</string>
			<key>path</key>
			<string>ContactViewController.swift</string>
			<key>sourceTree</key>
			<string>&lt;group&gt;</string>
		</dict>
		<key>A8B8A1271A07C7890000FB6F</key>
		<dict>
			<key>fileRef</key>
			<string>A8B8A1261A07C7890000FB6F</string>
			<key>isa</key>
			<string>PBXBuildFile</string>
		</dict>
		<key>A8B8A1591A1073EB0000FB6F</key>
		<dict>
			<key>children</key>
			<array>
				<string>A8B8A15A1A1073EB0000FB6F</string>
				<string>A8B8A1601A1073EB0000FB6F</string>
				<string>A8B8A1671A1073EB0000FB6F</string>
				<string>A8B8A1731A1073EB0000FB6F</string>
				<string>A8B8A1741A1073EB0000FB6F</string>
			</array>
			<key>isa</key>
			<string>PBXGroup</string>
			<key>path</key>
			<string>ShareSDK</string>
			<key>sourceTree</key>
			<string>&lt;group&gt;</string>
		</dict>
		<key>A8B8A15A1A1073EB0000FB6F</key>
		<dict>
			<key>children</key>
			<array>
				<string>A8B8A15B1A1073EB0000FB6F</string>
				<string>A8B8A15C1A1073EB0000FB6F</string>
				<string>A8B8A15D1A1073EB0000FB6F</string>
				<string>A8B8A15E1A1073EB0000FB6F</string>
				<string>A8B8A15F1A1073EB0000FB6F</string>
			</array>
			<key>isa</key>
			<string>PBXGroup</string>
			<key>path</key>
			<string>Connection</string>
			<key>sourceTree</key>
			<string>&lt;group&gt;</string>
		</dict>
		<key>A8B8A15B1A1073EB0000FB6F</key>
		<dict>
			<key>isa</key>
			<string>PBXFileReference</string>
			<key>lastKnownFileType</key>
			<string>wrapper.framework</string>
			<key>path</key>
			<string>FacebookConnection.framework</string>
			<key>sourceTree</key>
			<string>&lt;group&gt;</string>
		</dict>
		<key>A8B8A15C1A1073EB0000FB6F</key>
		<dict>
			<key>isa</key>
			<string>PBXFileReference</string>
			<key>lastKnownFileType</key>
			<string>wrapper.framework</string>
			<key>path</key>
			<string>QQConnection.framework</string>
			<key>sourceTree</key>
			<string>&lt;group&gt;</string>
		</dict>
		<key>A8B8A15D1A1073EB0000FB6F</key>
		<dict>
			<key>isa</key>
			<string>PBXFileReference</string>
			<key>lastKnownFileType</key>
			<string>wrapper.framework</string>
			<key>path</key>
			<string>SinaWeiboConnection.framework</string>
			<key>sourceTree</key>
			<string>&lt;group&gt;</string>
		</dict>
		<key>A8B8A15E1A1073EB0000FB6F</key>
		<dict>
			<key>isa</key>
			<string>PBXFileReference</string>
			<key>lastKnownFileType</key>
			<string>wrapper.framework</string>
			<key>path</key>
			<string>TwitterConnection.framework</string>
			<key>sourceTree</key>
			<string>&lt;group&gt;</string>
		</dict>
		<key>A8B8A15F1A1073EB0000FB6F</key>
		<dict>
			<key>isa</key>
			<string>PBXFileReference</string>
			<key>lastKnownFileType</key>
			<string>wrapper.framework</string>
			<key>path</key>
			<string>WeChatConnection.framework</string>
			<key>sourceTree</key>
			<string>&lt;group&gt;</string>
		</dict>
		<key>A8B8A1601A1073EB0000FB6F</key>
		<dict>
			<key>children</key>
			<array>
				<string>A8B8A1611A1073EB0000FB6F</string>
				<string>A8B8A1621A1073EB0000FB6F</string>
				<string>A8B8A1641A1073EB0000FB6F</string>
				<string>A8B8A1651A1073EB0000FB6F</string>
			</array>
			<key>isa</key>
			<string>PBXGroup</string>
			<key>path</key>
			<string>Core</string>
			<key>sourceTree</key>
			<string>&lt;group&gt;</string>
		</dict>
		<key>A8B8A1611A1073EB0000FB6F</key>
		<dict>
			<key>isa</key>
			<string>PBXFileReference</string>
			<key>lastKnownFileType</key>
			<string>wrapper.framework</string>
			<key>path</key>
			<string>AGCommon.framework</string>
			<key>sourceTree</key>
			<string>&lt;group&gt;</string>
		</dict>
		<key>A8B8A1621A1073EB0000FB6F</key>
		<dict>
			<key>children</key>
			<array>
				<string>A8B8A1631A1073EB0000FB6F</string>
				<string>A8B8A1661A1073EB0000FB6F</string>
			</array>
			<key>isa</key>
			<string>PBXVariantGroup</string>
			<key>name</key>
			<string>ShareSDKLocalizable.strings</string>
			<key>sourceTree</key>
			<string>&lt;group&gt;</string>
		</dict>
		<key>A8B8A1631A1073EB0000FB6F</key>
		<dict>
			<key>isa</key>
			<string>PBXFileReference</string>
			<key>lastKnownFileType</key>
			<string>text.plist.strings</string>
			<key>name</key>
			<string>en</string>
			<key>path</key>
			<string>en.lproj/ShareSDKLocalizable.strings</string>
			<key>sourceTree</key>
			<string>&lt;group&gt;</string>
		</dict>
		<key>A8B8A1641A1073EB0000FB6F</key>
		<dict>
			<key>isa</key>
			<string>PBXFileReference</string>
			<key>lastKnownFileType</key>
			<string>wrapper.plug-in</string>
			<key>path</key>
			<string>Resource.bundle</string>
			<key>sourceTree</key>
			<string>&lt;group&gt;</string>
		</dict>
		<key>A8B8A1651A1073EB0000FB6F</key>
		<dict>
			<key>isa</key>
			<string>PBXFileReference</string>
			<key>lastKnownFileType</key>
			<string>wrapper.framework</string>
			<key>path</key>
			<string>ShareSDKCoreService.framework</string>
			<key>sourceTree</key>
			<string>&lt;group&gt;</string>
		</dict>
		<key>A8B8A1661A1073EB0000FB6F</key>
		<dict>
			<key>isa</key>
			<string>PBXFileReference</string>
			<key>lastKnownFileType</key>
			<string>text.plist.strings</string>
			<key>name</key>
			<string>zh-Hans</string>
			<key>path</key>
			<string>zh-Hans.lproj/ShareSDKLocalizable.strings</string>
			<key>sourceTree</key>
			<string>&lt;group&gt;</string>
		</dict>
		<key>A8B8A1671A1073EB0000FB6F</key>
		<dict>
			<key>children</key>
			<array>
				<string>A8B8A1681A1073EB0000FB6F</string>
				<string>A8B8A16B1A1073EB0000FB6F</string>
				<string>A8B8A16F1A1073EB0000FB6F</string>
			</array>
			<key>isa</key>
			<string>PBXGroup</string>
			<key>path</key>
			<string>Extend</string>
			<key>sourceTree</key>
			<string>&lt;group&gt;</string>
		</dict>
		<key>A8B8A1681A1073EB0000FB6F</key>
		<dict>
			<key>children</key>
			<array>
				<string>A8B8A1691A1073EB0000FB6F</string>
				<string>A8B8A16A1A1073EB0000FB6F</string>
			</array>
			<key>isa</key>
			<string>PBXGroup</string>
			<key>path</key>
			<string>QQConnectSDK</string>
			<key>sourceTree</key>
			<string>&lt;group&gt;</string>
		</dict>
		<key>A8B8A1691A1073EB0000FB6F</key>
		<dict>
			<key>isa</key>
			<string>PBXFileReference</string>
			<key>lastKnownFileType</key>
			<string>wrapper.framework</string>
			<key>path</key>
			<string>TencentOpenAPI.framework</string>
			<key>sourceTree</key>
			<string>&lt;group&gt;</string>
		</dict>
		<key>A8B8A16A1A1073EB0000FB6F</key>
		<dict>
			<key>isa</key>
			<string>PBXFileReference</string>
			<key>lastKnownFileType</key>
			<string>wrapper.plug-in</string>
			<key>path</key>
			<string>TencentOpenApi_IOS_Bundle.bundle</string>
			<key>sourceTree</key>
			<string>&lt;group&gt;</string>
		</dict>
		<key>A8B8A16B1A1073EB0000FB6F</key>
		<dict>
			<key>children</key>
			<array>
				<string>A8B8A16C1A1073EB0000FB6F</string>
				<string>A8B8A16D1A1073EB0000FB6F</string>
				<string>A8B8A16E1A1073EB0000FB6F</string>
			</array>
			<key>isa</key>
			<string>PBXGroup</string>
			<key>path</key>
			<string>SinaWeiboSDK</string>
			<key>sourceTree</key>
			<string>&lt;group&gt;</string>
		</dict>
		<key>A8B8A16C1A1073EB0000FB6F</key>
		<dict>
			<key>isa</key>
			<string>PBXFileReference</string>
			<key>lastKnownFileType</key>
			<string>archive.ar</string>
			<key>path</key>
			<string>libSinaWeiboSDK.a</string>
			<key>sourceTree</key>
			<string>&lt;group&gt;</string>
		</dict>
		<key>A8B8A16D1A1073EB0000FB6F</key>
		<dict>
			<key>isa</key>
			<string>PBXFileReference</string>
			<key>lastKnownFileType</key>
			<string>wrapper.plug-in</string>
			<key>path</key>
			<string>WeiboSDK.bundle</string>
			<key>sourceTree</key>
			<string>&lt;group&gt;</string>
		</dict>
		<key>A8B8A16E1A1073EB0000FB6F</key>
		<dict>
			<key>fileEncoding</key>
			<string>4</string>
			<key>isa</key>
			<string>PBXFileReference</string>
			<key>lastKnownFileType</key>
			<string>sourcecode.c.h</string>
			<key>path</key>
			<string>WeiboSDK.h</string>
			<key>sourceTree</key>
			<string>&lt;group&gt;</string>
		</dict>
		<key>A8B8A16F1A1073EB0000FB6F</key>
		<dict>
			<key>children</key>
			<array>
				<string>A8B8A1701A1073EB0000FB6F</string>
				<string>A8B8A1711A1073EB0000FB6F</string>
				<string>A8B8A1721A1073EB0000FB6F</string>
			</array>
			<key>isa</key>
			<string>PBXGroup</string>
			<key>path</key>
			<string>WeChatSDK</string>
			<key>sourceTree</key>
			<string>&lt;group&gt;</string>
		</dict>
		<key>A8B8A1701A1073EB0000FB6F</key>
		<dict>
			<key>isa</key>
			<string>PBXFileReference</string>
			<key>lastKnownFileType</key>
			<string>archive.ar</string>
			<key>path</key>
			<string>libWeChatSDK.a</string>
			<key>sourceTree</key>
			<string>&lt;group&gt;</string>
		</dict>
		<key>A8B8A1711A1073EB0000FB6F</key>
		<dict>
			<key>fileEncoding</key>
			<string>4</string>
			<key>isa</key>
			<string>PBXFileReference</string>
			<key>lastKnownFileType</key>
			<string>sourcecode.c.h</string>
			<key>path</key>
			<string>WXApi.h</string>
			<key>sourceTree</key>
			<string>&lt;group&gt;</string>
		</dict>
		<key>A8B8A1721A1073EB0000FB6F</key>
		<dict>
			<key>fileEncoding</key>
			<string>4</string>
			<key>isa</key>
			<string>PBXFileReference</string>
			<key>lastKnownFileType</key>
			<string>sourcecode.c.h</string>
			<key>path</key>
			<string>WXApiObject.h</string>
			<key>sourceTree</key>
			<string>&lt;group&gt;</string>
		</dict>
		<key>A8B8A1731A1073EB0000FB6F</key>
		<dict>
			<key>isa</key>
			<string>PBXFileReference</string>
			<key>lastKnownFileType</key>
			<string>wrapper.framework</string>
			<key>path</key>
			<string>ShareSDK.framework</string>
			<key>sourceTree</key>
			<string>&lt;group&gt;</string>
		</dict>
		<key>A8B8A1741A1073EB0000FB6F</key>
		<dict>
			<key>children</key>
			<array>
				<string>A8B8A1751A1073EB0000FB6F</string>
				<string>A8B8A1761A1073EB0000FB6F</string>
				<string>A8B8A1771A1073EB0000FB6F</string>
			</array>
			<key>isa</key>
			<string>PBXGroup</string>
			<key>path</key>
			<string>UI</string>
			<key>sourceTree</key>
			<string>&lt;group&gt;</string>
		</dict>
		<key>A8B8A1751A1073EB0000FB6F</key>
		<dict>
			<key>isa</key>
			<string>PBXFileReference</string>
			<key>lastKnownFileType</key>
			<string>wrapper.plug-in</string>
			<key>path</key>
			<string>ShareSDKFlatShareViewUI.bundle</string>
			<key>sourceTree</key>
			<string>&lt;group&gt;</string>
		</dict>
		<key>A8B8A1761A1073EB0000FB6F</key>
		<dict>
			<key>isa</key>
			<string>PBXFileReference</string>
			<key>lastKnownFileType</key>
			<string>wrapper.framework</string>
			<key>path</key>
			<string>ShareSDKFlatShareViewUI.framework</string>
			<key>sourceTree</key>
			<string>&lt;group&gt;</string>
		</dict>
		<key>A8B8A1771A1073EB0000FB6F</key>
		<dict>
			<key>isa</key>
			<string>PBXFileReference</string>
			<key>lastKnownFileType</key>
			<string>wrapper.framework</string>
			<key>path</key>
			<string>ShareSDKShareActionSheet.framework</string>
			<key>sourceTree</key>
			<string>&lt;group&gt;</string>
		</dict>
		<key>A8B8A1781A1073EB0000FB6F</key>
		<dict>
			<key>fileRef</key>
			<string>A8B8A15B1A1073EB0000FB6F</string>
			<key>isa</key>
			<string>PBXBuildFile</string>
		</dict>
		<key>A8B8A1791A1073EC0000FB6F</key>
		<dict>
			<key>fileRef</key>
			<string>A8B8A15C1A1073EB0000FB6F</string>
			<key>isa</key>
			<string>PBXBuildFile</string>
		</dict>
		<key>A8B8A17A1A1073EC0000FB6F</key>
		<dict>
			<key>fileRef</key>
			<string>A8B8A15D1A1073EB0000FB6F</string>
			<key>isa</key>
			<string>PBXBuildFile</string>
		</dict>
		<key>A8B8A17B1A1073EC0000FB6F</key>
		<dict>
			<key>fileRef</key>
			<string>A8B8A15E1A1073EB0000FB6F</string>
			<key>isa</key>
			<string>PBXBuildFile</string>
		</dict>
		<key>A8B8A17C1A1073EC0000FB6F</key>
		<dict>
			<key>fileRef</key>
			<string>A8B8A15F1A1073EB0000FB6F</string>
			<key>isa</key>
			<string>PBXBuildFile</string>
		</dict>
		<key>A8B8A17D1A1073EC0000FB6F</key>
		<dict>
			<key>fileRef</key>
			<string>A8B8A1611A1073EB0000FB6F</string>
			<key>isa</key>
			<string>PBXBuildFile</string>
		</dict>
		<key>A8B8A17E1A1073EC0000FB6F</key>
		<dict>
			<key>fileRef</key>
			<string>A8B8A1621A1073EB0000FB6F</string>
			<key>isa</key>
			<string>PBXBuildFile</string>
		</dict>
		<key>A8B8A17F1A1073EC0000FB6F</key>
		<dict>
			<key>fileRef</key>
			<string>A8B8A1641A1073EB0000FB6F</string>
			<key>isa</key>
			<string>PBXBuildFile</string>
		</dict>
		<key>A8B8A1801A1073EC0000FB6F</key>
		<dict>
			<key>fileRef</key>
			<string>A8B8A1651A1073EB0000FB6F</string>
			<key>isa</key>
			<string>PBXBuildFile</string>
		</dict>
		<key>A8B8A1811A1073EC0000FB6F</key>
		<dict>
			<key>fileRef</key>
			<string>A8B8A1691A1073EB0000FB6F</string>
			<key>isa</key>
			<string>PBXBuildFile</string>
		</dict>
		<key>A8B8A1821A1073EC0000FB6F</key>
		<dict>
			<key>fileRef</key>
			<string>A8B8A16A1A1073EB0000FB6F</string>
			<key>isa</key>
			<string>PBXBuildFile</string>
		</dict>
		<key>A8B8A1831A1073EC0000FB6F</key>
		<dict>
			<key>fileRef</key>
			<string>A8B8A16C1A1073EB0000FB6F</string>
			<key>isa</key>
			<string>PBXBuildFile</string>
		</dict>
		<key>A8B8A1841A1073EC0000FB6F</key>
		<dict>
			<key>fileRef</key>
			<string>A8B8A16D1A1073EB0000FB6F</string>
			<key>isa</key>
			<string>PBXBuildFile</string>
		</dict>
		<key>A8B8A1851A1073EC0000FB6F</key>
		<dict>
			<key>fileRef</key>
			<string>A8B8A1701A1073EB0000FB6F</string>
			<key>isa</key>
			<string>PBXBuildFile</string>
		</dict>
		<key>A8B8A1861A1073EC0000FB6F</key>
		<dict>
			<key>fileRef</key>
			<string>A8B8A1731A1073EB0000FB6F</string>
			<key>isa</key>
			<string>PBXBuildFile</string>
		</dict>
		<key>A8B8A1871A1073EC0000FB6F</key>
		<dict>
			<key>fileRef</key>
			<string>A8B8A1751A1073EB0000FB6F</string>
			<key>isa</key>
			<string>PBXBuildFile</string>
		</dict>
		<key>A8B8A1881A1073EC0000FB6F</key>
		<dict>
			<key>fileRef</key>
			<string>A8B8A1761A1073EB0000FB6F</string>
			<key>isa</key>
			<string>PBXBuildFile</string>
		</dict>
		<key>A8B8A1891A1073EC0000FB6F</key>
		<dict>
			<key>fileRef</key>
			<string>A8B8A1771A1073EB0000FB6F</string>
			<key>isa</key>
			<string>PBXBuildFile</string>
		</dict>
		<key>A8B8A18A1A10796E0000FB6F</key>
		<dict>
			<key>isa</key>
			<string>PBXFileReference</string>
			<key>lastKnownFileType</key>
			<string>compiled.mach-o.dylib</string>
			<key>name</key>
			<string>libicucore.dylib</string>
			<key>path</key>
			<string>usr/lib/libicucore.dylib</string>
			<key>sourceTree</key>
			<string>SDKROOT</string>
		</dict>
		<key>A8B8A18B1A10796E0000FB6F</key>
		<dict>
			<key>fileRef</key>
			<string>A8B8A18A1A10796E0000FB6F</string>
			<key>isa</key>
			<string>PBXBuildFile</string>
		</dict>
		<key>A8B8A18C1A10AD9B0000FB6F</key>
		<dict>
			<key>isa</key>
			<string>PBXFileReference</string>
			<key>lastKnownFileType</key>
			<string>compiled.mach-o.dylib</string>
			<key>name</key>
			<string>libsqlite3.dylib</string>
			<key>path</key>
			<string>usr/lib/libsqlite3.dylib</string>
			<key>sourceTree</key>
			<string>SDKROOT</string>
		</dict>
		<key>A8B8A18D1A10AD9B0000FB6F</key>
		<dict>
			<key>fileRef</key>
			<string>A8B8A18C1A10AD9B0000FB6F</string>
			<key>isa</key>
			<string>PBXBuildFile</string>
		</dict>
		<key>A8B8A18F1A124F0C0000FB6F</key>
		<dict>
			<key>children</key>
			<array>
				<string>A8A81C191A3FBCCF005EA36C</string>
				<string>A8B8A1901A1250280000FB6F</string>
				<string>A8B991031A4670BA00AB75DB</string>
				<string>A8BA6CB81A2D8613004A72A4</string>
				<string>A8ABCCDF1A58115800965031</string>
			</array>
			<key>isa</key>
			<string>PBXGroup</string>
			<key>name</key>
			<string>Model</string>
			<key>sourceTree</key>
			<string>&lt;group&gt;</string>
		</dict>
		<key>A8B8A1901A1250280000FB6F</key>
		<dict>
			<key>fileEncoding</key>
			<string>4</string>
			<key>isa</key>
			<string>PBXFileReference</string>
			<key>lastKnownFileType</key>
			<string>sourcecode.swift</string>
			<key>path</key>
			<string>User.swift</string>
			<key>sourceTree</key>
			<string>&lt;group&gt;</string>
		</dict>
		<key>A8B8A1911A1250280000FB6F</key>
		<dict>
			<key>fileRef</key>
			<string>A8B8A1901A1250280000FB6F</string>
			<key>isa</key>
			<string>PBXBuildFile</string>
		</dict>
		<key>A8B8A1921A14F8F00000FB6F</key>
		<dict>
			<key>children</key>
			<array>
				<string>A8A81C1C1A407DD9005EA36C</string>
				<string>A80CDDEC1A2FEF070007C345</string>
				<string>A8B8A1931A14F9F90000FB6F</string>
				<string>A8C25CF21A7B456F001EFDE1</string>
			</array>
			<key>isa</key>
			<string>PBXGroup</string>
			<key>name</key>
			<string>Utils</string>
			<key>sourceTree</key>
			<string>&lt;group&gt;</string>
		</dict>
		<key>A8B8A1931A14F9F90000FB6F</key>
		<dict>
			<key>fileEncoding</key>
			<string>4</string>
			<key>isa</key>
			<string>PBXFileReference</string>
			<key>lastKnownFileType</key>
			<string>sourcecode.swift</string>
			<key>path</key>
			<string>SwiftyJSON.swift</string>
			<key>sourceTree</key>
			<string>&lt;group&gt;</string>
		</dict>
		<key>A8B8A1941A14F9F90000FB6F</key>
		<dict>
			<key>fileRef</key>
			<string>A8B8A1931A14F9F90000FB6F</string>
			<key>isa</key>
			<string>PBXBuildFile</string>
		</dict>
		<key>A8B991011A432A2700AB75DB</key>
		<dict>
			<key>fileEncoding</key>
			<string>4</string>
			<key>isa</key>
			<string>PBXFileReference</string>
			<key>lastKnownFileType</key>
			<string>sourcecode.swift</string>
			<key>path</key>
			<string>ReGeocodeAnnotation.swift</string>
			<key>sourceTree</key>
			<string>&lt;group&gt;</string>
		</dict>
		<key>A8B991021A432A2700AB75DB</key>
		<dict>
			<key>fileRef</key>
			<string>A8B991011A432A2700AB75DB</string>
			<key>isa</key>
			<string>PBXBuildFile</string>
		</dict>
		<key>A8B991031A4670BA00AB75DB</key>
		<dict>
			<key>fileEncoding</key>
			<string>4</string>
			<key>isa</key>
			<string>PBXFileReference</string>
			<key>lastKnownFileType</key>
			<string>sourcecode.swift</string>
			<key>path</key>
			<string>Participant.swift</string>
			<key>sourceTree</key>
			<string>&lt;group&gt;</string>
		</dict>
		<key>A8B991041A4670BA00AB75DB</key>
		<dict>
			<key>fileRef</key>
			<string>A8B991031A4670BA00AB75DB</string>
			<key>isa</key>
			<string>PBXBuildFile</string>
		</dict>
		<key>A8BA437B19FD446A004A8300</key>
		<dict>
			<key>fileEncoding</key>
			<string>4</string>
			<key>isa</key>
			<string>PBXFileReference</string>
			<key>lastKnownFileType</key>
			<string>sourcecode.swift</string>
			<key>path</key>
			<string>EventViewController.swift</string>
			<key>sourceTree</key>
			<string>&lt;group&gt;</string>
		</dict>
		<key>A8BA437C19FD446A004A8300</key>
		<dict>
			<key>fileRef</key>
			<string>A8BA437B19FD446A004A8300</string>
			<key>isa</key>
			<string>PBXBuildFile</string>
		</dict>
		<key>A8BA6CB81A2D8613004A72A4</key>
		<dict>
			<key>fileEncoding</key>
			<string>4</string>
			<key>isa</key>
			<string>PBXFileReference</string>
			<key>lastKnownFileType</key>
			<string>sourcecode.swift</string>
			<key>path</key>
			<string>Friend.swift</string>
			<key>sourceTree</key>
			<string>&lt;group&gt;</string>
		</dict>
		<key>A8BA6CB91A2D8613004A72A4</key>
		<dict>
			<key>fileRef</key>
			<string>A8BA6CB81A2D8613004A72A4</string>
			<key>isa</key>
			<string>PBXBuildFile</string>
		</dict>
		<key>A8BB168F1A6F6F1E00680CC6</key>
		<dict>
			<key>children</key>
			<array/>
			<key>isa</key>
			<string>PBXGroup</string>
			<key>name</key>
			<string>API</string>
			<key>sourceTree</key>
			<string>&lt;group&gt;</string>
		</dict>
		<key>A8BB16901A6F78E900680CC6</key>
		<dict>
			<key>fileEncoding</key>
			<string>4</string>
			<key>isa</key>
			<string>PBXFileReference</string>
			<key>lastKnownFileType</key>
			<string>sourcecode.swift</string>
			<key>path</key>
			<string>ViewEventViewController.swift</string>
			<key>sourceTree</key>
			<string>&lt;group&gt;</string>
		</dict>
		<key>A8BB16911A6F78E900680CC6</key>
		<dict>
			<key>fileRef</key>
			<string>A8BB16901A6F78E900680CC6</string>
			<key>isa</key>
			<string>PBXBuildFile</string>
		</dict>
		<key>A8BB16921A6F794D00680CC6</key>
		<dict>
			<key>children</key>
			<array>
				<string>A8BA437B19FD446A004A8300</string>
				<string>A8BB16901A6F78E900680CC6</string>
				<string>A8BDE73A1A74E33900EC5785</string>
				<string>A806B91B1A341F11004C8D9F</string>
				<string>A8C0E6681A5050020014D33A</string>
				<string>A8BDD0CA1A53DAEC006DFD7B</string>
			</array>
			<key>isa</key>
			<string>PBXGroup</string>
			<key>name</key>
			<string>Event</string>
			<key>sourceTree</key>
			<string>&lt;group&gt;</string>
		</dict>
		<key>A8BB16931A6F799700680CC6</key>
		<dict>
			<key>children</key>
			<array>
				<string>A8B8A1261A07C7890000FB6F</string>
				<string>A8E7A4ED1A1ECBA700C4DCA9</string>
			</array>
			<key>isa</key>
			<string>PBXGroup</string>
			<key>name</key>
			<string>Contact</string>
			<key>sourceTree</key>
			<string>&lt;group&gt;</string>
		</dict>
		<key>A8BDD0CA1A53DAEC006DFD7B</key>
		<dict>
			<key>fileEncoding</key>
			<string>4</string>
			<key>isa</key>
			<string>PBXFileReference</string>
			<key>lastKnownFileType</key>
			<string>sourcecode.swift</string>
			<key>path</key>
			<string>AddParticipantsTableViewController.swift</string>
			<key>sourceTree</key>
			<string>&lt;group&gt;</string>
		</dict>
		<key>A8BDD0CB1A53DAEC006DFD7B</key>
		<dict>
			<key>fileRef</key>
			<string>A8BDD0CA1A53DAEC006DFD7B</string>
			<key>isa</key>
			<string>PBXBuildFile</string>
		</dict>
		<key>A8BDD0CC1A553224006DFD7B</key>
		<dict>
			<key>fileEncoding</key>
			<string>4</string>
			<key>isa</key>
			<string>PBXFileReference</string>
			<key>lastKnownFileType</key>
			<string>sourcecode.swift</string>
			<key>path</key>
			<string>AddParticipantTableViewCell.swift</string>
			<key>sourceTree</key>
			<string>&lt;group&gt;</string>
		</dict>
		<key>A8BDD0CD1A553224006DFD7B</key>
		<dict>
			<key>fileRef</key>
			<string>A8BDD0CC1A553224006DFD7B</string>
			<key>isa</key>
			<string>PBXBuildFile</string>
		</dict>
		<key>A8BDE73A1A74E33900EC5785</key>
		<dict>
			<key>fileEncoding</key>
			<string>4</string>
			<key>isa</key>
			<string>PBXFileReference</string>
			<key>lastKnownFileType</key>
			<string>sourcecode.swift</string>
			<key>path</key>
			<string>MapDetailViewController.swift</string>
			<key>sourceTree</key>
			<string>&lt;group&gt;</string>
		</dict>
		<key>A8BDE73B1A74E33900EC5785</key>
		<dict>
			<key>fileRef</key>
			<string>A8BDE73A1A74E33900EC5785</string>
			<key>isa</key>
			<string>PBXBuildFile</string>
		</dict>
		<key>A8C0E6681A5050020014D33A</key>
		<dict>
			<key>fileEncoding</key>
			<string>4</string>
			<key>isa</key>
			<string>PBXFileReference</string>
			<key>lastKnownFileType</key>
			<string>sourcecode.swift</string>
			<key>path</key>
			<string>CreateEventDetailViewController.swift</string>
			<key>sourceTree</key>
			<string>&lt;group&gt;</string>
		</dict>
		<key>A8C0E6691A5050020014D33A</key>
		<dict>
			<key>fileRef</key>
			<string>A8C0E6681A5050020014D33A</string>
			<key>isa</key>
			<string>PBXBuildFile</string>
		</dict>
		<key>A8C25CF21A7B456F001EFDE1</key>
		<dict>
			<key>fileEncoding</key>
			<string>4</string>
			<key>isa</key>
			<string>PBXFileReference</string>
			<key>lastKnownFileType</key>
			<string>sourcecode.swift</string>
			<key>path</key>
			<string>CommonConstant.swift</string>
			<key>sourceTree</key>
			<string>&lt;group&gt;</string>
		</dict>
		<key>A8C25CF31A7B456F001EFDE1</key>
		<dict>
			<key>fileRef</key>
			<string>A8C25CF21A7B456F001EFDE1</string>
			<key>isa</key>
			<string>PBXBuildFile</string>
		</dict>
		<key>A8D58A4719C1EB0F00EEFC98</key>
		<dict>
			<key>children</key>
			<array>
				<string>A8D58A5219C1EB0F00EEFC98</string>
				<string>A8D58A6B19C1EB0F00EEFC98</string>
				<string>A814C90419D01BF100735E7B</string>
				<string>A8D58A5119C1EB0F00EEFC98</string>
				<string>FEE12FCDBF1E43C69B3E5840</string>
				<string>8633DF66E65DC72914821CCD</string>
			</array>
			<key>isa</key>
			<string>PBXGroup</string>
			<key>sourceTree</key>
			<string>&lt;group&gt;</string>
		</dict>
		<key>A8D58A4819C1EB0F00EEFC98</key>
		<dict>
			<key>attributes</key>
			<dict>
				<key>LastUpgradeCheck</key>
				<string>0600</string>
				<key>ORGANIZATIONNAME</key>
				<string>RInz</string>
				<key>TargetAttributes</key>
				<dict>
					<key>A814C8DC19CFF47A00735E7B</key>
					<dict>
						<key>CreatedOnToolsVersion</key>
						<string>6.0.1</string>
						<key>DevelopmentTeam</key>
						<string>SNC6RGUH57</string>
					</dict>
					<key>A814C8E619CFF47A00735E7B</key>
					<dict>
						<key>CreatedOnToolsVersion</key>
						<string>6.0.1</string>
						<key>TestTargetID</key>
						<string>A8D58A4F19C1EB0F00EEFC98</string>
					</dict>
					<key>A8D58A4F19C1EB0F00EEFC98</key>
					<dict>
						<key>CreatedOnToolsVersion</key>
						<string>6.0</string>
						<key>DevelopmentTeam</key>
						<string>SNC6RGUH57</string>
						<key>SystemCapabilities</key>
						<dict>
							<key>com.apple.BackgroundModes</key>
							<dict>
								<key>enabled</key>
								<string>1</string>
							</dict>
						</dict>
					</dict>
					<key>A8D58A6719C1EB0F00EEFC98</key>
					<dict>
						<key>CreatedOnToolsVersion</key>
						<string>6.0</string>
						<key>TestTargetID</key>
						<string>A8D58A4F19C1EB0F00EEFC98</string>
					</dict>
				</dict>
			</dict>
			<key>buildConfigurationList</key>
			<string>A8D58A4B19C1EB0F00EEFC98</string>
			<key>compatibilityVersion</key>
			<string>Xcode 3.2</string>
			<key>developmentRegion</key>
			<string>English</string>
			<key>hasScannedForEncodings</key>
			<string>0</string>
			<key>isa</key>
			<string>PBXProject</string>
			<key>knownRegions</key>
			<array>
				<string>en</string>
				<string>Base</string>
				<string>zh-Hans</string>
			</array>
			<key>mainGroup</key>
			<string>A8D58A4719C1EB0F00EEFC98</string>
			<key>productRefGroup</key>
			<string>A8D58A5119C1EB0F00EEFC98</string>
			<key>projectDirPath</key>
			<string></string>
			<key>projectReferences</key>
			<array/>
			<key>projectRoot</key>
			<string></string>
			<key>targets</key>
			<array>
				<string>A8D58A4F19C1EB0F00EEFC98</string>
				<string>A8D58A6719C1EB0F00EEFC98</string>
				<string>A814C8DC19CFF47A00735E7B</string>
				<string>A814C8E619CFF47A00735E7B</string>
			</array>
		</dict>
		<key>A8D58A4B19C1EB0F00EEFC98</key>
		<dict>
			<key>buildConfigurations</key>
			<array>
				<string>A8D58A7019C1EB0F00EEFC98</string>
				<string>A8D58A7119C1EB0F00EEFC98</string>
			</array>
			<key>defaultConfigurationIsVisible</key>
			<string>0</string>
			<key>defaultConfigurationName</key>
			<string>Release</string>
			<key>isa</key>
			<string>XCConfigurationList</string>
		</dict>
		<key>A8D58A4C19C1EB0F00EEFC98</key>
		<dict>
			<key>buildActionMask</key>
			<string>2147483647</string>
			<key>files</key>
			<array>
				<string>A80CDDFF1A2FEF070007C345</string>
				<string>A8B8A12119FF0D310000FB6F</string>
				<string>A8BA6CB91A2D8613004A72A4</string>
				<string>A814C8D719CFECB600735E7B</string>
				<string>A8BDE73B1A74E33900EC5785</string>
				<string>A8D58A5B19C1EB0F00EEFC98</string>
				<string>A8B8A1941A14F9F90000FB6F</string>
				<string>A80CDE001A2FEF070007C345</string>
				<string>A8B991041A4670BA00AB75DB</string>
				<string>A811A23A19D407EC0079B7F8</string>
				<string>A8D58A5919C1EB0F00EEFC98</string>
				<string>A8C25CF31A7B456F001EFDE1</string>
				<string>A8BA437C19FD446A004A8300</string>
				<string>A8B8A1251A07C7520000FB6F</string>
				<string>A8ABCCE01A58115800965031</string>
				<string>A8A81C1E1A407DF5005EA36C</string>
				<string>A8C0E6691A5050020014D33A</string>
				<string>A8A0C0371A921371007160D6</string>
				<string>A8D58A5619C1EB0F00EEFC98</string>
				<string>A8E7A4EE1A1ECBA700C4DCA9</string>
				<string>A80CDDFE1A2FEF070007C345</string>
				<string>A806B91E1A35A049004C8D9F</string>
				<string>A8B8A1271A07C7890000FB6F</string>
				<string>A8B8A1911A1250280000FB6F</string>
				<string>A8A81C1B1A3FBD0B005EA36C</string>
				<string>A8BDD0CB1A53DAEC006DFD7B</string>
				<string>A8B991021A432A2700AB75DB</string>
				<string>A8BDD0CD1A553224006DFD7B</string>
				<string>A8BB16911A6F78E900680CC6</string>
				<string>A806B91C1A341F11004C8D9F</string>
			</array>
			<key>isa</key>
			<string>PBXSourcesBuildPhase</string>
			<key>runOnlyForDeploymentPostprocessing</key>
			<string>0</string>
		</dict>
		<key>A8D58A4D19C1EB0F00EEFC98</key>
		<dict>
			<key>buildActionMask</key>
			<string>2147483647</string>
			<key>files</key>
			<array>
				<string>A8B8A18D1A10AD9B0000FB6F</string>
				<string>A8B8A18B1A10796E0000FB6F</string>
				<string>A8B8A1881A1073EC0000FB6F</string>
				<string>A8B8A1831A1073EC0000FB6F</string>
				<string>A8B8A17C1A1073EC0000FB6F</string>
				<string>A8B8A1861A1073EC0000FB6F</string>
				<string>A8B8A1891A1073EC0000FB6F</string>
				<string>A8B8A1791A1073EC0000FB6F</string>
				<string>A8B8A1811A1073EC0000FB6F</string>
				<string>A8B8A17D1A1073EC0000FB6F</string>
				<string>A8B8A1851A1073EC0000FB6F</string>
				<string>A814C8F119CFF47A00735E7B</string>
				<string>A8B8A17B1A1073EC0000FB6F</string>
				<string>A8B8A1781A1073EB0000FB6F</string>
				<string>A8B8A17A1A1073EC0000FB6F</string>
				<string>A8B8A1801A1073EC0000FB6F</string>
				<string>57BE627E684A45D69E5ECD76</string>
			</array>
			<key>isa</key>
			<string>PBXFrameworksBuildPhase</string>
			<key>runOnlyForDeploymentPostprocessing</key>
			<string>0</string>
		</dict>
		<key>A8D58A4E19C1EB0F00EEFC98</key>
		<dict>
			<key>buildActionMask</key>
			<string>2147483647</string>
			<key>files</key>
			<array>
				<string>A8D58A5E19C1EB0F00EEFC98</string>
				<string>A8D58A6319C1EB0F00EEFC98</string>
				<string>A8B8A17E1A1073EC0000FB6F</string>
				<string>A8B8A17F1A1073EC0000FB6F</string>
				<string>A8B8A1871A1073EC0000FB6F</string>
				<string>A8B8A1821A1073EC0000FB6F</string>
				<string>A8D58A6019C1EB0F00EEFC98</string>
				<string>A8B8A1841A1073EC0000FB6F</string>
			</array>
			<key>isa</key>
			<string>PBXResourcesBuildPhase</string>
			<key>runOnlyForDeploymentPostprocessing</key>
			<string>0</string>
		</dict>
		<key>A8D58A4F19C1EB0F00EEFC98</key>
		<dict>
			<key>buildConfigurationList</key>
			<string>A8D58A7219C1EB0F00EEFC98</string>
			<key>buildPhases</key>
			<array>
				<string>4E2E4656017E48CAB871BB89</string>
				<string>A8D58A4C19C1EB0F00EEFC98</string>
				<string>A8D58A4D19C1EB0F00EEFC98</string>
				<string>A8D58A4E19C1EB0F00EEFC98</string>
				<string>98502DFB95784ADD9B58BD81</string>
				<string>A814C8F819CFF47A00735E7B</string>
			</array>
			<key>buildRules</key>
			<array/>
			<key>dependencies</key>
			<array>
				<string>A814C8F019CFF47A00735E7B</string>
				<string>A814C8F419CFF47A00735E7B</string>
			</array>
			<key>isa</key>
			<string>PBXNativeTarget</string>
			<key>name</key>
			<string>WhereRU</string>
			<key>productName</key>
			<string>WhereRU</string>
			<key>productReference</key>
			<string>A8D58A5019C1EB0F00EEFC98</string>
			<key>productType</key>
			<string>com.apple.product-type.application</string>
		</dict>
		<key>A8D58A5019C1EB0F00EEFC98</key>
		<dict>
			<key>explicitFileType</key>
			<string>wrapper.application</string>
			<key>includeInIndex</key>
			<string>0</string>
			<key>isa</key>
			<string>PBXFileReference</string>
			<key>path</key>
			<string>WhereRU.app</string>
			<key>sourceTree</key>
			<string>BUILT_PRODUCTS_DIR</string>
		</dict>
		<key>A8D58A5119C1EB0F00EEFC98</key>
		<dict>
			<key>children</key>
			<array>
				<string>A8D58A5019C1EB0F00EEFC98</string>
				<string>A8D58A6819C1EB0F00EEFC98</string>
				<string>A814C8DD19CFF47A00735E7B</string>
				<string>A814C8E719CFF47A00735E7B</string>
			</array>
			<key>isa</key>
			<string>PBXGroup</string>
			<key>name</key>
			<string>Products</string>
			<key>sourceTree</key>
			<string>&lt;group&gt;</string>
		</dict>
		<key>A8D58A5219C1EB0F00EEFC98</key>
		<dict>
			<key>children</key>
			<array>
				<string>A8BB168F1A6F6F1E00680CC6</string>
				<string>A8B8A1921A14F8F00000FB6F</string>
				<string>A8B8A18F1A124F0C0000FB6F</string>
				<string>A8B8A12219FF0D470000FB6F</string>
				<string>A8B8A12319FF0D520000FB6F</string>
				<string>A8D58A5C19C1EB0F00EEFC98</string>
				<string>A8D58A5F19C1EB0F00EEFC98</string>
				<string>A8D58A6119C1EB0F00EEFC98</string>
				<string>A8D58A5719C1EB0F00EEFC98</string>
				<string>A8D58A5319C1EB0F00EEFC98</string>
				<string>A811A24019D40E4A0079B7F8</string>
			</array>
			<key>isa</key>
			<string>PBXGroup</string>
			<key>path</key>
			<string>WhereRU</string>
			<key>sourceTree</key>
			<string>&lt;group&gt;</string>
		</dict>
		<key>A8D58A5319C1EB0F00EEFC98</key>
		<dict>
			<key>children</key>
			<array>
				<string>A8D58A5519C1EB0F00EEFC98</string>
				<string>A8D58A5419C1EB0F00EEFC98</string>
			</array>
			<key>isa</key>
			<string>PBXGroup</string>
			<key>name</key>
			<string>Supporting Files</string>
			<key>sourceTree</key>
			<string>&lt;group&gt;</string>
		</dict>
		<key>A8D58A5419C1EB0F00EEFC98</key>
		<dict>
			<key>isa</key>
			<string>PBXFileReference</string>
			<key>lastKnownFileType</key>
			<string>text.plist.xml</string>
			<key>path</key>
			<string>Info.plist</string>
			<key>sourceTree</key>
			<string>&lt;group&gt;</string>
		</dict>
		<key>A8D58A5519C1EB0F00EEFC98</key>
		<dict>
			<key>isa</key>
			<string>PBXFileReference</string>
			<key>lastKnownFileType</key>
			<string>sourcecode.swift</string>
			<key>path</key>
			<string>AppDelegate.swift</string>
			<key>sourceTree</key>
			<string>&lt;group&gt;</string>
		</dict>
		<key>A8D58A5619C1EB0F00EEFC98</key>
		<dict>
			<key>fileRef</key>
			<string>A8D58A5519C1EB0F00EEFC98</string>
			<key>isa</key>
			<string>PBXBuildFile</string>
		</dict>
		<key>A8D58A5719C1EB0F00EEFC98</key>
		<dict>
			<key>children</key>
			<array>
				<string>A8D58A5819C1EB0F00EEFC98</string>
			</array>
			<key>currentVersion</key>
			<string>A8D58A5819C1EB0F00EEFC98</string>
			<key>isa</key>
			<string>XCVersionGroup</string>
			<key>path</key>
			<string>WhereRU.xcdatamodeld</string>
			<key>sourceTree</key>
			<string>&lt;group&gt;</string>
			<key>versionGroupType</key>
			<string>wrapper.xcdatamodel</string>
		</dict>
		<key>A8D58A5819C1EB0F00EEFC98</key>
		<dict>
			<key>isa</key>
			<string>PBXFileReference</string>
			<key>lastKnownFileType</key>
			<string>wrapper.xcdatamodel</string>
			<key>path</key>
			<string>WhereRU.xcdatamodel</string>
			<key>sourceTree</key>
			<string>&lt;group&gt;</string>
		</dict>
		<key>A8D58A5919C1EB0F00EEFC98</key>
		<dict>
			<key>fileRef</key>
			<string>A8D58A5719C1EB0F00EEFC98</string>
			<key>isa</key>
			<string>PBXBuildFile</string>
		</dict>
		<key>A8D58A5A19C1EB0F00EEFC98</key>
		<dict>
			<key>isa</key>
			<string>PBXFileReference</string>
			<key>lastKnownFileType</key>
			<string>sourcecode.swift</string>
			<key>path</key>
			<string>LoginViewController.swift</string>
			<key>sourceTree</key>
			<string>&lt;group&gt;</string>
		</dict>
		<key>A8D58A5B19C1EB0F00EEFC98</key>
		<dict>
			<key>fileRef</key>
			<string>A8D58A5A19C1EB0F00EEFC98</string>
			<key>isa</key>
			<string>PBXBuildFile</string>
		</dict>
		<key>A8D58A5C19C1EB0F00EEFC98</key>
		<dict>
			<key>children</key>
			<array>
				<string>A8D58A5D19C1EB0F00EEFC98</string>
			</array>
			<key>isa</key>
			<string>PBXVariantGroup</string>
			<key>name</key>
			<string>Main.storyboard</string>
			<key>sourceTree</key>
			<string>&lt;group&gt;</string>
		</dict>
		<key>A8D58A5D19C1EB0F00EEFC98</key>
		<dict>
			<key>isa</key>
			<string>PBXFileReference</string>
			<key>lastKnownFileType</key>
			<string>file.storyboard</string>
			<key>name</key>
			<string>Base</string>
			<key>path</key>
			<string>Base.lproj/Main.storyboard</string>
			<key>sourceTree</key>
			<string>&lt;group&gt;</string>
		</dict>
		<key>A8D58A5E19C1EB0F00EEFC98</key>
		<dict>
			<key>fileRef</key>
			<string>A8D58A5C19C1EB0F00EEFC98</string>
			<key>isa</key>
			<string>PBXBuildFile</string>
		</dict>
		<key>A8D58A5F19C1EB0F00EEFC98</key>
		<dict>
			<key>isa</key>
			<string>PBXFileReference</string>
			<key>lastKnownFileType</key>
			<string>folder.assetcatalog</string>
			<key>path</key>
			<string>Images.xcassets</string>
			<key>sourceTree</key>
			<string>&lt;group&gt;</string>
		</dict>
		<key>A8D58A6019C1EB0F00EEFC98</key>
		<dict>
			<key>fileRef</key>
			<string>A8D58A5F19C1EB0F00EEFC98</string>
			<key>isa</key>
			<string>PBXBuildFile</string>
		</dict>
		<key>A8D58A6119C1EB0F00EEFC98</key>
		<dict>
			<key>children</key>
			<array>
				<string>A8D58A6219C1EB0F00EEFC98</string>
			</array>
			<key>isa</key>
			<string>PBXVariantGroup</string>
			<key>name</key>
			<string>LaunchScreen.xib</string>
			<key>sourceTree</key>
			<string>&lt;group&gt;</string>
		</dict>
		<key>A8D58A6219C1EB0F00EEFC98</key>
		<dict>
			<key>isa</key>
			<string>PBXFileReference</string>
			<key>lastKnownFileType</key>
			<string>file.xib</string>
			<key>name</key>
			<string>Base</string>
			<key>path</key>
			<string>Base.lproj/LaunchScreen.xib</string>
			<key>sourceTree</key>
			<string>&lt;group&gt;</string>
		</dict>
		<key>A8D58A6319C1EB0F00EEFC98</key>
		<dict>
			<key>fileRef</key>
			<string>A8D58A6119C1EB0F00EEFC98</string>
			<key>isa</key>
			<string>PBXBuildFile</string>
		</dict>
		<key>A8D58A6419C1EB0F00EEFC98</key>
		<dict>
			<key>buildActionMask</key>
			<string>2147483647</string>
			<key>files</key>
			<array>
				<string>A8D58A6F19C1EB0F00EEFC98</string>
			</array>
			<key>isa</key>
			<string>PBXSourcesBuildPhase</string>
			<key>runOnlyForDeploymentPostprocessing</key>
			<string>0</string>
		</dict>
		<key>A8D58A6519C1EB0F00EEFC98</key>
		<dict>
			<key>buildActionMask</key>
			<string>2147483647</string>
			<key>files</key>
			<array/>
			<key>isa</key>
			<string>PBXFrameworksBuildPhase</string>
			<key>runOnlyForDeploymentPostprocessing</key>
			<string>0</string>
		</dict>
		<key>A8D58A6619C1EB0F00EEFC98</key>
		<dict>
			<key>buildActionMask</key>
			<string>2147483647</string>
			<key>files</key>
			<array/>
			<key>isa</key>
			<string>PBXResourcesBuildPhase</string>
			<key>runOnlyForDeploymentPostprocessing</key>
			<string>0</string>
		</dict>
		<key>A8D58A6719C1EB0F00EEFC98</key>
		<dict>
			<key>buildConfigurationList</key>
			<string>A8D58A7519C1EB0F00EEFC98</string>
			<key>buildPhases</key>
			<array>
				<string>A8D58A6419C1EB0F00EEFC98</string>
				<string>A8D58A6519C1EB0F00EEFC98</string>
				<string>A8D58A6619C1EB0F00EEFC98</string>
			</array>
			<key>buildRules</key>
			<array/>
			<key>dependencies</key>
			<array>
				<string>A8D58A6A19C1EB0F00EEFC98</string>
			</array>
			<key>isa</key>
			<string>PBXNativeTarget</string>
			<key>name</key>
			<string>WhereRUTests</string>
			<key>productName</key>
			<string>WhereRUTests</string>
			<key>productReference</key>
			<string>A8D58A6819C1EB0F00EEFC98</string>
			<key>productType</key>
			<string>com.apple.product-type.bundle.unit-test</string>
		</dict>
		<key>A8D58A6819C1EB0F00EEFC98</key>
		<dict>
			<key>explicitFileType</key>
			<string>wrapper.cfbundle</string>
			<key>includeInIndex</key>
			<string>0</string>
			<key>isa</key>
			<string>PBXFileReference</string>
			<key>path</key>
			<string>WhereRUTests.xctest</string>
			<key>sourceTree</key>
			<string>BUILT_PRODUCTS_DIR</string>
		</dict>
		<key>A8D58A6919C1EB0F00EEFC98</key>
		<dict>
			<key>containerPortal</key>
			<string>A8D58A4819C1EB0F00EEFC98</string>
			<key>isa</key>
			<string>PBXContainerItemProxy</string>
			<key>proxyType</key>
			<string>1</string>
			<key>remoteGlobalIDString</key>
			<string>A8D58A4F19C1EB0F00EEFC98</string>
			<key>remoteInfo</key>
			<string>WhereRU</string>
		</dict>
		<key>A8D58A6A19C1EB0F00EEFC98</key>
		<dict>
			<key>isa</key>
			<string>PBXTargetDependency</string>
			<key>target</key>
			<string>A8D58A4F19C1EB0F00EEFC98</string>
			<key>targetProxy</key>
			<string>A8D58A6919C1EB0F00EEFC98</string>
		</dict>
		<key>A8D58A6B19C1EB0F00EEFC98</key>
		<dict>
			<key>children</key>
			<array>
				<string>A8D58A6E19C1EB0F00EEFC98</string>
				<string>A8D58A6C19C1EB0F00EEFC98</string>
			</array>
			<key>isa</key>
			<string>PBXGroup</string>
			<key>path</key>
			<string>WhereRUTests</string>
			<key>sourceTree</key>
			<string>&lt;group&gt;</string>
		</dict>
		<key>A8D58A6C19C1EB0F00EEFC98</key>
		<dict>
			<key>children</key>
			<array>
				<string>A8D58A6D19C1EB0F00EEFC98</string>
			</array>
			<key>isa</key>
			<string>PBXGroup</string>
			<key>name</key>
			<string>Supporting Files</string>
			<key>sourceTree</key>
			<string>&lt;group&gt;</string>
		</dict>
		<key>A8D58A6D19C1EB0F00EEFC98</key>
		<dict>
			<key>isa</key>
			<string>PBXFileReference</string>
			<key>lastKnownFileType</key>
			<string>text.plist.xml</string>
			<key>path</key>
			<string>Info.plist</string>
			<key>sourceTree</key>
			<string>&lt;group&gt;</string>
		</dict>
		<key>A8D58A6E19C1EB0F00EEFC98</key>
		<dict>
			<key>isa</key>
			<string>PBXFileReference</string>
			<key>lastKnownFileType</key>
			<string>sourcecode.swift</string>
			<key>path</key>
			<string>WhereRUTests.swift</string>
			<key>sourceTree</key>
			<string>&lt;group&gt;</string>
		</dict>
		<key>A8D58A6F19C1EB0F00EEFC98</key>
		<dict>
			<key>fileRef</key>
			<string>A8D58A6E19C1EB0F00EEFC98</string>
			<key>isa</key>
			<string>PBXBuildFile</string>
		</dict>
		<key>A8D58A7019C1EB0F00EEFC98</key>
		<dict>
			<key>buildSettings</key>
			<dict>
				<key>ALWAYS_SEARCH_USER_PATHS</key>
				<string>NO</string>
				<key>CLANG_CXX_LANGUAGE_STANDARD</key>
				<string>gnu++0x</string>
				<key>CLANG_CXX_LIBRARY</key>
				<string>libc++</string>
				<key>CLANG_ENABLE_MODULES</key>
				<string>YES</string>
				<key>CLANG_ENABLE_OBJC_ARC</key>
				<string>YES</string>
				<key>CLANG_WARN_BOOL_CONVERSION</key>
				<string>YES</string>
				<key>CLANG_WARN_CONSTANT_CONVERSION</key>
				<string>YES</string>
				<key>CLANG_WARN_DIRECT_OBJC_ISA_USAGE</key>
				<string>YES_ERROR</string>
				<key>CLANG_WARN_EMPTY_BODY</key>
				<string>YES</string>
				<key>CLANG_WARN_ENUM_CONVERSION</key>
				<string>YES</string>
				<key>CLANG_WARN_INT_CONVERSION</key>
				<string>YES</string>
				<key>CLANG_WARN_OBJC_ROOT_CLASS</key>
				<string>YES_ERROR</string>
				<key>CLANG_WARN_UNREACHABLE_CODE</key>
				<string>YES</string>
				<key>CLANG_WARN__DUPLICATE_METHOD_MATCH</key>
				<string>YES</string>
				<key>CODE_SIGN_IDENTITY[sdk=iphoneos*]</key>
				<string>iPhone Developer</string>
				<key>COPY_PHASE_STRIP</key>
				<string>NO</string>
				<key>ENABLE_STRICT_OBJC_MSGSEND</key>
				<string>YES</string>
				<key>GCC_C_LANGUAGE_STANDARD</key>
				<string>gnu99</string>
				<key>GCC_DYNAMIC_NO_PIC</key>
				<string>NO</string>
				<key>GCC_OPTIMIZATION_LEVEL</key>
				<string>0</string>
				<key>GCC_PREPROCESSOR_DEFINITIONS</key>
				<array>
					<string>DEBUG=1</string>
					<string>$(inherited)</string>
				</array>
				<key>GCC_SYMBOLS_PRIVATE_EXTERN</key>
				<string>NO</string>
				<key>GCC_WARN_64_TO_32_BIT_CONVERSION</key>
				<string>YES</string>
				<key>GCC_WARN_ABOUT_RETURN_TYPE</key>
				<string>YES_ERROR</string>
				<key>GCC_WARN_UNDECLARED_SELECTOR</key>
				<string>YES</string>
				<key>GCC_WARN_UNINITIALIZED_AUTOS</key>
				<string>YES_AGGRESSIVE</string>
				<key>GCC_WARN_UNUSED_FUNCTION</key>
				<string>YES</string>
				<key>GCC_WARN_UNUSED_VARIABLE</key>
				<string>YES</string>
				<key>IPHONEOS_DEPLOYMENT_TARGET</key>
				<string>7.1</string>
				<key>MTL_ENABLE_DEBUG_INFO</key>
				<string>YES</string>
				<key>ONLY_ACTIVE_ARCH</key>
				<string>YES</string>
				<key>SDKROOT</key>
				<string>iphoneos</string>
				<key>SWIFT_OPTIMIZATION_LEVEL</key>
				<string>-Onone</string>
				<key>TARGETED_DEVICE_FAMILY</key>
				<string>1,2</string>
			</dict>
			<key>isa</key>
			<string>XCBuildConfiguration</string>
			<key>name</key>
			<string>Debug</string>
		</dict>
		<key>A8D58A7119C1EB0F00EEFC98</key>
		<dict>
			<key>buildSettings</key>
			<dict>
				<key>ALWAYS_SEARCH_USER_PATHS</key>
				<string>NO</string>
				<key>CLANG_CXX_LANGUAGE_STANDARD</key>
				<string>gnu++0x</string>
				<key>CLANG_CXX_LIBRARY</key>
				<string>libc++</string>
				<key>CLANG_ENABLE_MODULES</key>
				<string>YES</string>
				<key>CLANG_ENABLE_OBJC_ARC</key>
				<string>YES</string>
				<key>CLANG_WARN_BOOL_CONVERSION</key>
				<string>YES</string>
				<key>CLANG_WARN_CONSTANT_CONVERSION</key>
				<string>YES</string>
				<key>CLANG_WARN_DIRECT_OBJC_ISA_USAGE</key>
				<string>YES_ERROR</string>
				<key>CLANG_WARN_EMPTY_BODY</key>
				<string>YES</string>
				<key>CLANG_WARN_ENUM_CONVERSION</key>
				<string>YES</string>
				<key>CLANG_WARN_INT_CONVERSION</key>
				<string>YES</string>
				<key>CLANG_WARN_OBJC_ROOT_CLASS</key>
				<string>YES_ERROR</string>
				<key>CLANG_WARN_UNREACHABLE_CODE</key>
				<string>YES</string>
				<key>CLANG_WARN__DUPLICATE_METHOD_MATCH</key>
				<string>YES</string>
				<key>CODE_SIGN_IDENTITY[sdk=iphoneos*]</key>
				<string>iPhone Developer</string>
				<key>COPY_PHASE_STRIP</key>
				<string>YES</string>
				<key>ENABLE_NS_ASSERTIONS</key>
				<string>NO</string>
				<key>ENABLE_STRICT_OBJC_MSGSEND</key>
				<string>YES</string>
				<key>GCC_C_LANGUAGE_STANDARD</key>
				<string>gnu99</string>
				<key>GCC_WARN_64_TO_32_BIT_CONVERSION</key>
				<string>YES</string>
				<key>GCC_WARN_ABOUT_RETURN_TYPE</key>
				<string>YES_ERROR</string>
				<key>GCC_WARN_UNDECLARED_SELECTOR</key>
				<string>YES</string>
				<key>GCC_WARN_UNINITIALIZED_AUTOS</key>
				<string>YES_AGGRESSIVE</string>
				<key>GCC_WARN_UNUSED_FUNCTION</key>
				<string>YES</string>
				<key>GCC_WARN_UNUSED_VARIABLE</key>
				<string>YES</string>
				<key>IPHONEOS_DEPLOYMENT_TARGET</key>
				<string>7.1</string>
				<key>MTL_ENABLE_DEBUG_INFO</key>
				<string>NO</string>
				<key>SDKROOT</key>
				<string>iphoneos</string>
				<key>TARGETED_DEVICE_FAMILY</key>
				<string>1,2</string>
				<key>VALIDATE_PRODUCT</key>
				<string>YES</string>
			</dict>
			<key>isa</key>
			<string>XCBuildConfiguration</string>
			<key>name</key>
			<string>Release</string>
		</dict>
		<key>A8D58A7219C1EB0F00EEFC98</key>
		<dict>
			<key>buildConfigurations</key>
			<array>
				<string>A8D58A7319C1EB0F00EEFC98</string>
				<string>A8D58A7419C1EB0F00EEFC98</string>
			</array>
			<key>defaultConfigurationIsVisible</key>
			<string>0</string>
			<key>defaultConfigurationName</key>
			<string>Release</string>
			<key>isa</key>
			<string>XCConfigurationList</string>
		</dict>
		<key>A8D58A7319C1EB0F00EEFC98</key>
		<dict>
			<key>baseConfigurationReference</key>
			<string>A33BB9B7AA719B13BE841C77</string>
			<key>buildSettings</key>
			<dict>
				<key>ASSETCATALOG_COMPILER_APPICON_NAME</key>
				<string>AppIcon</string>
				<key>CLANG_ENABLE_MODULES</key>
				<string>YES</string>
				<key>CODE_SIGN_IDENTITY</key>
				<string>iPhone Developer</string>
				<key>CODE_SIGN_IDENTITY[sdk=iphoneos*]</key>
				<string>iPhone Developer</string>
				<key>FRAMEWORK_SEARCH_PATHS</key>
				<array>
					<string>$(inherited)</string>
					<string>$(PROJECT_DIR)</string>
					<string>$(PROJECT_DIR)/Extern</string>
					<string>/Users/RInz/Downloads</string>
					<string>$(PROJECT_DIR)/ShareSDK/Connection</string>
					<string>$(PROJECT_DIR)/ShareSDK/Core</string>
					<string>$(PROJECT_DIR)/ShareSDK/Extend/QQConnectSDK</string>
					<string>$(PROJECT_DIR)/ShareSDK</string>
					<string>$(PROJECT_DIR)/ShareSDK/UI</string>
				</array>
				<key>INFOPLIST_FILE</key>
				<string>WhereRU/Info.plist</string>
				<key>LD_RUNPATH_SEARCH_PATHS</key>
				<string>$(inherited) @executable_path/Frameworks</string>
				<key>LIBRARY_SEARCH_PATHS</key>
				<array>
					<string>$(inherited)</string>
					<string>$(PROJECT_DIR)/ShareSDK/Extend/SinaWeiboSDK</string>
					<string>$(PROJECT_DIR)/ShareSDK/Extend/WeChatSDK</string>
				</array>
				<key>PRODUCT_NAME</key>
				<string>$(TARGET_NAME)</string>
				<key>PROVISIONING_PROFILE</key>
				<string></string>
				<key>SWIFT_OBJC_BRIDGING_HEADER</key>
				<string>WhereRU/WhereRU-Bridging-Header.h</string>
				<key>SWIFT_OPTIMIZATION_LEVEL</key>
				<string>-Onone</string>
			</dict>
			<key>isa</key>
			<string>XCBuildConfiguration</string>
			<key>name</key>
			<string>Debug</string>
		</dict>
		<key>A8D58A7419C1EB0F00EEFC98</key>
		<dict>
			<key>baseConfigurationReference</key>
			<string>AD89DB976DA14163BD3289AD</string>
			<key>buildSettings</key>
			<dict>
				<key>ASSETCATALOG_COMPILER_APPICON_NAME</key>
				<string>AppIcon</string>
				<key>CLANG_ENABLE_MODULES</key>
				<string>YES</string>
				<key>CODE_SIGN_IDENTITY</key>
				<string>iPhone Developer</string>
				<key>CODE_SIGN_IDENTITY[sdk=iphoneos*]</key>
				<string>iPhone Developer</string>
				<key>FRAMEWORK_SEARCH_PATHS</key>
				<array>
					<string>$(inherited)</string>
					<string>$(PROJECT_DIR)</string>
					<string>$(PROJECT_DIR)/Extern</string>
					<string>/Users/RInz/Downloads</string>
					<string>$(PROJECT_DIR)/ShareSDK/Connection</string>
					<string>$(PROJECT_DIR)/ShareSDK/Core</string>
					<string>$(PROJECT_DIR)/ShareSDK/Extend/QQConnectSDK</string>
					<string>$(PROJECT_DIR)/ShareSDK</string>
					<string>$(PROJECT_DIR)/ShareSDK/UI</string>
				</array>
				<key>INFOPLIST_FILE</key>
				<string>WhereRU/Info.plist</string>
				<key>LD_RUNPATH_SEARCH_PATHS</key>
				<string>$(inherited) @executable_path/Frameworks</string>
				<key>LIBRARY_SEARCH_PATHS</key>
				<array>
					<string>$(inherited)</string>
					<string>$(PROJECT_DIR)/ShareSDK/Extend/SinaWeiboSDK</string>
					<string>$(PROJECT_DIR)/ShareSDK/Extend/WeChatSDK</string>
				</array>
				<key>PRODUCT_NAME</key>
				<string>$(TARGET_NAME)</string>
				<key>PROVISIONING_PROFILE</key>
				<string></string>
				<key>SWIFT_OBJC_BRIDGING_HEADER</key>
				<string>WhereRU/WhereRU-Bridging-Header.h</string>
			</dict>
			<key>isa</key>
			<string>XCBuildConfiguration</string>
			<key>name</key>
			<string>Release</string>
		</dict>
		<key>A8D58A7519C1EB0F00EEFC98</key>
		<dict>
			<key>buildConfigurations</key>
			<array>
				<string>A8D58A7619C1EB0F00EEFC98</string>
				<string>A8D58A7719C1EB0F00EEFC98</string>
			</array>
			<key>defaultConfigurationIsVisible</key>
			<string>0</string>
			<key>defaultConfigurationName</key>
			<string>Release</string>
			<key>isa</key>
			<string>XCConfigurationList</string>
		</dict>
		<key>A8D58A7619C1EB0F00EEFC98</key>
		<dict>
			<key>buildSettings</key>
			<dict>
				<key>BUNDLE_LOADER</key>
				<string>$(TEST_HOST)</string>
				<key>FRAMEWORK_SEARCH_PATHS</key>
				<array>
					<string>$(SDKROOT)/Developer/Library/Frameworks</string>
					<string>$(inherited)</string>
				</array>
				<key>GCC_PREPROCESSOR_DEFINITIONS</key>
				<array>
					<string>DEBUG=1</string>
					<string>$(inherited)</string>
				</array>
				<key>INFOPLIST_FILE</key>
				<string>WhereRUTests/Info.plist</string>
				<key>LD_RUNPATH_SEARCH_PATHS</key>
				<string>$(inherited) @executable_path/Frameworks @loader_path/Frameworks</string>
				<key>PRODUCT_NAME</key>
				<string>$(TARGET_NAME)</string>
				<key>TEST_HOST</key>
				<string>$(BUILT_PRODUCTS_DIR)/WhereRU.app/WhereRU</string>
			</dict>
			<key>isa</key>
			<string>XCBuildConfiguration</string>
			<key>name</key>
			<string>Debug</string>
		</dict>
		<key>A8D58A7719C1EB0F00EEFC98</key>
		<dict>
			<key>buildSettings</key>
			<dict>
				<key>BUNDLE_LOADER</key>
				<string>$(TEST_HOST)</string>
				<key>FRAMEWORK_SEARCH_PATHS</key>
				<array>
					<string>$(SDKROOT)/Developer/Library/Frameworks</string>
					<string>$(inherited)</string>
				</array>
				<key>INFOPLIST_FILE</key>
				<string>WhereRUTests/Info.plist</string>
				<key>LD_RUNPATH_SEARCH_PATHS</key>
				<string>$(inherited) @executable_path/Frameworks @loader_path/Frameworks</string>
				<key>PRODUCT_NAME</key>
				<string>$(TARGET_NAME)</string>
				<key>TEST_HOST</key>
				<string>$(BUILT_PRODUCTS_DIR)/WhereRU.app/WhereRU</string>
			</dict>
			<key>isa</key>
			<string>XCBuildConfiguration</string>
			<key>name</key>
			<string>Release</string>
		</dict>
		<key>A8E7A4ED1A1ECBA700C4DCA9</key>
		<dict>
			<key>fileEncoding</key>
			<string>4</string>
			<key>isa</key>
			<string>PBXFileReference</string>
			<key>lastKnownFileType</key>
			<string>sourcecode.swift</string>
			<key>path</key>
			<string>AddContactViewController.swift</string>
			<key>sourceTree</key>
			<string>&lt;group&gt;</string>
		</dict>
		<key>A8E7A4EE1A1ECBA700C4DCA9</key>
		<dict>
			<key>fileRef</key>
			<string>A8E7A4ED1A1ECBA700C4DCA9</string>
			<key>isa</key>
			<string>PBXBuildFile</string>
		</dict>
		<key>AD89DB976DA14163BD3289AD</key>
		<dict>
			<key>includeInIndex</key>
			<string>1</string>
			<key>isa</key>
			<string>PBXFileReference</string>
			<key>lastKnownFileType</key>
			<string>text.xcconfig</string>
			<key>name</key>
			<string>Pods.release.xcconfig</string>
			<key>path</key>
			<string>Pods/Target Support Files/Pods/Pods.release.xcconfig</string>
			<key>sourceTree</key>
			<string>&lt;group&gt;</string>
		</dict>
		<key>FEE12FCDBF1E43C69B3E5840</key>
		<dict>
			<key>children</key>
			<array>
				<string>A8B8A18C1A10AD9B0000FB6F</string>
				<string>A8B8A18A1A10796E0000FB6F</string>
				<string>A8B8A1591A1073EB0000FB6F</string>
				<string>0B7DD70D1EB048628041DBA1</string>
			</array>
			<key>isa</key>
			<string>PBXGroup</string>
			<key>name</key>
			<string>Frameworks</string>
			<key>sourceTree</key>
			<string>&lt;group&gt;</string>
		</dict>
	</dict>
	<key>rootObject</key>
	<string>A8D58A4819C1EB0F00EEFC98</string>
</dict>
</plist>
