PODS:
  - AMap3DMap (2.5.0)
  - AMapSearch (2.5.0)
  - AVOSCloud (3.0.3)
  - FoldingTabBar (1.0.0)
  - HexColors (2.2.1)
  - HSDatePickerViewController (1.0.1)
  - IQKeyboardManager (3.2.3)
  - MJRefresh (1.4.5)
  - Reachability (3.1.1)
  - RSKImageCropper (1.1.3)
  - SDWebImage (3.7.2):
    - SDWebImage/Core (= 3.7.2)
  - SDWebImage/Core (3.7.2)
  - SVProgressHUD (1.1.3)
  - SWTableViewCell (0.3.7)
  - TSMessages (0.9.12):
    - HexColors
  - UIActivityIndicator-for-SDWebImage (1.2):
    - SDWebImage (~> 3.7)

DEPENDENCIES:
  - AMap3DMap
  - AMapSearch
  - AVOSCloud
  - FoldingTabBar (~> 1.0.0)
  - HSDatePickerViewController (~> 1.0.1)
  - IQKeyboardManager
  - MJRefresh (~> 1.4.5)
  - Reachability (~> 3.1.1)
  - RSKImageCropper (~> 1.1.3)
  - SDWebImage (~> 3.7.1)
  - SVProgressHUD (~> 1.0)
  - SWTableViewCell (~> 0.3.6)
  - TSMessages (~> 0.9.4)
  - UIActivityIndicator-for-SDWebImage (~> 1.2)

SPEC CHECKSUMS:
  AMap3DMap: 9f6274e39cd8937b5651f868c35deef9a37edce3
  AMapSearch: eafa5a749b1078a46f15e6108e88307f78f75e9b
  AVOSCloud: 48b94343601a582928e560d734caa0c8dc75a612
  FoldingTabBar: 463d247453a2ba826ae79f5be1e6b8b93b6aa0ce
  HexColors: abfd172e329dab59888614ccba6f216cec59289d
  HSDatePickerViewController: b292f2a53b2644a68aa5e1343053d2f3554de64c
  IQKeyboardManager: 6ca5c54e3776eb54af4c7caf515833f3cd761d59
  MJRefresh: 4b24394e577ea399fbc926e5b6072317aae2c152
  Reachability: dd9aa4fb6667b9f787690a74f53cb7634ce99893
  RSKImageCropper: 283bb4f39ced96cc9023ad3b7bc7bc68755845bb
  SDWebImage: 71b7cdc1d1721d6a82ed62889030225f2c249e29
  SVProgressHUD: 748080e4f36e603f6c02aec292664239df5279c1
  SWTableViewCell: 2a94aadc9d47b2b611fa064566bf57948b95b579
  TSMessages: 2a52642128d7ab15b46930c810b9c9403a2b58f3
  UIActivityIndicator-for-SDWebImage: 7bf7ebbf0ed1747dedc0d6e949c4603a6d0f9e0c

COCOAPODS: 0.36.3
