PODS:
  - AMap3DMap (3.1.0.1)
  - AMapSearch (3.0.0)
  - AVOSCloud (3.1.4)
  - HexColors (2.2.1)
  - HSDatePickerViewController (1.0.1)
  - IQKeyboardManager (3.3.2)
  - MJRefresh (1.4.7)
  - Reachability (3.1.1)
  - RESideMenu (4.0.7)
  - RSKImageCropper (1.1.5)
  - SDWebImage (3.7.2):
    - SDWebImage/Core (= 3.7.2)
  - SDWebImage/Core (3.7.2)
  - SVProgressHUD (1.1.3)
  - SWTableViewCell (0.3.7)
  - TSMessages (0.9.12):
    - HexColors (~> 2.2.0)
  - UIActivityIndicator-for-SDWebImage (1.2):
    - SDWebImage (~> 3.7)

DEPENDENCIES:
  - AMap3DMap (~> 3.1.0.1)
  - AMapSearch (~> 3.0.0)
  - AVOSCloud (~> 3.1.4)
  - HSDatePickerViewController (~> 1.0.1)
  - IQKeyboardManager (~> 3.3.2)
  - MJRefresh (~> 1.4.5)
  - Reachability (~> 3.1.1)
  - RESideMenu (~> 4.0.7)
  - RSKImageCropper (~> 1.1.3)
  - SDWebImage (~> 3.7.1)
  - SVProgressHUD (~> 1.0)
  - SWTableViewCell (~> 0.3.6)
  - TSMessages (~> 0.9.4)
  - UIActivityIndicator-for-SDWebImage (~> 1.2)

SPEC CHECKSUMS:
  AMap3DMap: 58f27323368dd0e351cc3c823a77ba389da294fc
  AMapSearch: fd1ed96353f8a0f5c2e2463dac6a145bb3e6970f
  AVOSCloud: 2be1640178facaac8343d67ed4d5348f4dffecd7
  HexColors: abfd172e329dab59888614ccba6f216cec59289d
  HSDatePickerViewController: b292f2a53b2644a68aa5e1343053d2f3554de64c
  IQKeyboardManager: d863eb0bca424d1f6dad6bdd1f856af52664add8
  MJRefresh: 6b140993028fa30f1fcb88e82925a7c7911415cf
  Reachability: dd9aa4fb6667b9f787690a74f53cb7634ce99893
  RESideMenu: f24c508404b49c667344c54aba7e590883533958
  RSKImageCropper: 603833e59d3bd9836fd66b466f7f457b7cd671a1
  SDWebImage: 71b7cdc1d1721d6a82ed62889030225f2c249e29
  SVProgressHUD: 748080e4f36e603f6c02aec292664239df5279c1
  SWTableViewCell: 2a94aadc9d47b2b611fa064566bf57948b95b579
  TSMessages: c8cc7b80f2a833af533872cd02010cac061532cc
  UIActivityIndicator-for-SDWebImage: 7bf7ebbf0ed1747dedc0d6e949c4603a6d0f9e0c

COCOAPODS: 0.38.2
