PODS:
  - AVOSCloud (3.1.6.4)
  - HexColors (2.2.1)
  - HSDatePickerViewController (1.0.2)
  - IQKeyboardManager (3.3.4)
  - MJRefresh (3.0.4)
  - RESideMenu (4.0.7)
  - RSKImageCropper (1.4.1)
  - SDWebImage (3.7.3):
    - SDWebImage/Core (= 3.7.3)
  - SDWebImage/Core (3.7.3)
  - SVProgressHUD (2.0-beta)
  - SWTableViewCell (0.3.7)
  - TSMessages (0.9.12):
    - HexColors (~> 2.2.0)
  - UIActivityIndicator-for-SDWebImage (1.2):
    - SDWebImage (~> 3.7)

DEPENDENCIES:
  - AVOSCloud (~> 3.1.6.4)
  - HSDatePickerViewController (~> 1.0.2)
  - IQKeyboardManager (~> 3.3.4)
  - MJRefresh (~> 3.0.4)
  - RESideMenu (~> 4.0.7)
  - RSKImageCropper (~> 1.4.1)
  - SDWebImage (~> 3.7.3)
  - SVProgressHUD (~> 2.0-beta)
  - SWTableViewCell (~> 0.3.7)
  - TSMessages (~> 0.9.12)
  - UIActivityIndicator-for-SDWebImage (~> 1.2)

SPEC CHECKSUMS:
  AVOSCloud: cb800543837fd747cc4621dc64e1384f3e5135a4
  HexColors: abfd172e329dab59888614ccba6f216cec59289d
  HSDatePickerViewController: 61ef88a61e3a553c28ffbecbdcf2d8743789a85f
  IQKeyboardManager: ac803e61e5b50efae6b3aeedd95a02c7c7d3b2b3
  MJRefresh: c95f0d541606ef584dab3fbeda28f4f32b4aca6e
  RESideMenu: f24c508404b49c667344c54aba7e590883533958
  RSKImageCropper: 98ae426eb4eb11b733ff87f8e2542a480f4fa8e6
  SDWebImage: 1d2b1a1efda1ade1b00b6f8498865f8ddedc8a84
  SVProgressHUD: c83337f10ed32d701c423d519059a249973c8662
  SWTableViewCell: 2a94aadc9d47b2b611fa064566bf57948b95b579
  TSMessages: c8cc7b80f2a833af533872cd02010cac061532cc
  UIActivityIndicator-for-SDWebImage: 7bf7ebbf0ed1747dedc0d6e949c4603a6d0f9e0c

COCOAPODS: 0.39.0
